{
  "version": 4,
  "terraform_version": "1.5.7",
  "serial": 101,
  "lineage": "e750cb38-3ba5-82d6-5cbc-b1eab4c37cc8",
  "outputs": {},
  "resources": [
    {
      "mode": "managed",
      "type": "google_project_service",
      "name": "apis",
      "provider": "provider[\"registry.terraform.io/hashicorp/google\"]",
      "instances": [
        {
          "index_key": "compute.googleapis.com",
          "schema_version": 0,
          "attributes": {
            "disable_dependent_services": null,
            "disable_on_destroy": false,
            "id": "leander-test-471809/compute.googleapis.com",
            "project": "leander-test-471809",
            "service": "compute.googleapis.com",
            "timeouts": null
          },
          "sensitive_attributes": [],
          "private": "eyJlMmJmYjczMC1lY2FhLTExZTYtOGY4OC0zNDM2M2JjN2M0YzAiOnsiY3JlYXRlIjoxMjAwMDAwMDAwMDAwLCJkZWxldGUiOjEyMDAwMDAwMDAwMDAsInJlYWQiOjYwMDAwMDAwMDAwMCwidXBkYXRlIjoxMjAwMDAwMDAwMDAwfX0="
        },
        {
          "index_key": "container.googleapis.com",
          "schema_version": 0,
          "attributes": {
            "disable_dependent_services": null,
            "disable_on_destroy": false,
            "id": "leander-test-471809/container.googleapis.com",
            "project": "leander-test-471809",
            "service": "container.googleapis.com",
            "timeouts": null
          },
          "sensitive_attributes": [],
          "private": "eyJlMmJmYjczMC1lY2FhLTExZTYtOGY4OC0zNDM2M2JjN2M0YzAiOnsiY3JlYXRlIjoxMjAwMDAwMDAwMDAwLCJkZWxldGUiOjEyMDAwMDAwMDAwMDAsInJlYWQiOjYwMDAwMDAwMDAwMCwidXBkYXRlIjoxMjAwMDAwMDAwMDAwfX0="
        },
        {
          "index_key": "firestore.googleapis.com",
          "schema_version": 0,
          "attributes": {
            "disable_dependent_services": null,
            "disable_on_destroy": false,
            "id": "leander-test-471809/firestore.googleapis.com",
            "project": "leander-test-471809",
            "service": "firestore.googleapis.com",
            "timeouts": null
          },
          "sensitive_attributes": [],
          "private": "eyJlMmJmYjczMC1lY2FhLTExZTYtOGY4OC0zNDM2M2JjN2M0YzAiOnsiY3JlYXRlIjoxMjAwMDAwMDAwMDAwLCJkZWxldGUiOjEyMDAwMDAwMDAwMDAsInJlYWQiOjYwMDAwMDAwMDAwMCwidXBkYXRlIjoxMjAwMDAwMDAwMDAwfX0="
        },
        {
          "index_key": "redis.googleapis.com",
          "schema_version": 0,
          "attributes": {
            "disable_dependent_services": null,
            "disable_on_destroy": false,
            "id": "leander-test-471809/redis.googleapis.com",
            "project": "leander-test-471809",
            "service": "redis.googleapis.com",
            "timeouts": null
          },
          "sensitive_attributes": [],
          "private": "eyJlMmJmYjczMC1lY2FhLTExZTYtOGY4OC0zNDM2M2JjN2M0YzAiOnsiY3JlYXRlIjoxMjAwMDAwMDAwMDAwLCJkZWxldGUiOjEyMDAwMDAwMDAwMDAsInJlYWQiOjYwMDAwMDAwMDAwMCwidXBkYXRlIjoxMjAwMDAwMDAwMDAwfX0="
        },
        {
          "index_key": "secretmanager.googleapis.com",
          "schema_version": 0,
          "attributes": {
            "disable_dependent_services": null,
            "disable_on_destroy": false,
            "id": "leander-test-471809/secretmanager.googleapis.com",
            "project": "leander-test-471809",
            "service": "secretmanager.googleapis.com",
            "timeouts": null
          },
          "sensitive_attributes": [],
          "private": "eyJlMmJmYjczMC1lY2FhLTExZTYtOGY4OC0zNDM2M2JjN2M0YzAiOnsiY3JlYXRlIjoxMjAwMDAwMDAwMDAwLCJkZWxldGUiOjEyMDAwMDAwMDAwMDAsInJlYWQiOjYwMDAwMDAwMDAwMCwidXBkYXRlIjoxMjAwMDAwMDAwMDAwfX0="
        },
        {
          "index_key": "servicenetworking.googleapis.com",
          "schema_version": 0,
          "attributes": {
            "disable_dependent_services": null,
            "disable_on_destroy": false,
            "id": "leander-test-471809/servicenetworking.googleapis.com",
            "project": "leander-test-471809",
            "service": "servicenetworking.googleapis.com",
            "timeouts": null
          },
          "sensitive_attributes": [],
          "private": "eyJlMmJmYjczMC1lY2FhLTExZTYtOGY4OC0zNDM2M2JjN2M0YzAiOnsiY3JlYXRlIjoxMjAwMDAwMDAwMDAwLCJkZWxldGUiOjEyMDAwMDAwMDAwMDAsInJlYWQiOjYwMDAwMDAwMDAwMCwidXBkYXRlIjoxMjAwMDAwMDAwMDAwfX0="
        },
        {
          "index_key": "sqladmin.googleapis.com",
          "schema_version": 0,
          "attributes": {
            "disable_dependent_services": null,
            "disable_on_destroy": false,
            "id": "leander-test-471809/sqladmin.googleapis.com",
            "project": "leander-test-471809",
            "service": "sqladmin.googleapis.com",
            "timeouts": null
          },
          "sensitive_attributes": [],
          "private": "eyJlMmJmYjczMC1lY2FhLTExZTYtOGY4OC0zNDM2M2JjN2M0YzAiOnsiY3JlYXRlIjoxMjAwMDAwMDAwMDAwLCJkZWxldGUiOjEyMDAwMDAwMDAwMDAsInJlYWQiOjYwMDAwMDAwMDAwMCwidXBkYXRlIjoxMjAwMDAwMDAwMDAwfX0="
        }
      ]
    },
    {
      "module": "module.bigtable.module.bigtable",
      "mode": "managed",
      "type": "google_bigtable_instance",
      "name": "instance",
      "provider": "provider[\"registry.terraform.io/hashicorp/google\"]",
      "instances": [
        {
          "schema_version": 1,
          "attributes": {
            "cluster": [
              {
                "autoscaling_config": [],
                "cluster_id": "cluster-a",
                "kms_key_name": "",
                "num_nodes": 1,
                "state": "READY",
                "storage_type": "SSD",
                "zone": "us-central1-a"
              }
            ],
            "deletion_protection": false,
            "display_name": "main-bigtable",
            "effective_labels": {},
            "force_destroy": false,
            "id": "projects/leander-test-471809/instances/main-bigtable",
            "instance_type": "PRODUCTION",
            "labels": {},
            "name": "main-bigtable",
            "project": "leander-test-471809",
            "terraform_labels": {},
            "timeouts": null
          },
          "sensitive_attributes": [],
          "private": "eyJlMmJmYjczMC1lY2FhLTExZTYtOGY4OC0zNDM2M2JjN2M0YzAiOnsiY3JlYXRlIjozNjAwMDAwMDAwMDAwLCJyZWFkIjozNjAwMDAwMDAwMDAwLCJ1cGRhdGUiOjM2MDAwMDAwMDAwMDB9LCJzY2hlbWFfdmVyc2lvbiI6IjEifQ=="
        }
      ]
    },
    {
      "module": "module.bigtable.module.bigtable",
      "mode": "managed",
      "type": "google_bigtable_table",
      "name": "table",
      "provider": "provider[\"registry.terraform.io/hashicorp/google\"]",
      "instances": [
        {
          "index_key": "table1",
          "schema_version": 0,
          "attributes": {
            "automated_backup_policy": [],
            "change_stream_retention": "0s",
            "column_family": [],
            "deletion_protection": "UNPROTECTED",
            "id": "projects/leander-test-471809/instances/main-bigtable/tables/app-table",
            "instance_name": "main-bigtable",
            "name": "app-table",
            "project": "leander-test-471809",
            "split_keys": [],
            "timeouts": null
          },
          "sensitive_attributes": [],
          "private": "eyJlMmJmYjczMC1lY2FhLTExZTYtOGY4OC0zNDM2M2JjN2M0YzAiOnsiY3JlYXRlIjoyNzAwMDAwMDAwMDAwLCJ1cGRhdGUiOjEyMDAwMDAwMDAwMDB9fQ==",
          "dependencies": [
            "module.bigtable.module.bigtable.google_bigtable_instance.instance"
          ]
        }
      ]
    },
    {
      "module": "module.cloud_storage.module.cloud_storage",
      "mode": "managed",
      "type": "google_storage_bucket",
      "name": "buckets",
      "provider": "provider[\"registry.terraform.io/hashicorp/google\"]",
      "instances": [
        {
          "index_key": "app-assets-leander-test-471809",
          "schema_version": 2,
          "attributes": {
            "autoclass": [],
            "cors": [],
            "custom_placement_config": [],
            "default_event_based_hold": false,
            "effective_labels": {
              "name": "app-assets-leander-test-471809"
            },
            "enable_object_retention": false,
            "encryption": [],
            "force_destroy": false,
            "id": "app-assets-leander-test-471809",
            "labels": {
              "name": "app-assets-leander-test-471809"
            },
            "lifecycle_rule": [],
            "location": "US",
            "logging": [],
            "name": "app-assets-leander-test-471809",
            "project": "leander-test-471809",
            "project_number": 448654422581,
            "public_access_prevention": "inherited",
            "requester_pays": false,
            "retention_policy": [],
            "rpo": "DEFAULT",
            "self_link": "https://www.googleapis.com/storage/v1/b/app-assets-leander-test-471809",
            "soft_delete_policy": [
              {
                "effective_time": "2026-01-06T05:14:14.459Z",
                "retention_duration_seconds": 604800
              }
            ],
            "storage_class": "STANDARD",
            "terraform_labels": {
              "name": "app-assets-leander-test-471809"
            },
            "timeouts": null,
            "uniform_bucket_level_access": true,
            "url": "gs://app-assets-leander-test-471809",
            "versioning": [
              {
                "enabled": true
              }
            ],
            "website": []
          },
          "sensitive_attributes": [],
          "private": "eyJlMmJmYjczMC1lY2FhLTExZTYtOGY4OC0zNDM2M2JjN2M0YzAiOnsiY3JlYXRlIjo2MDAwMDAwMDAwMDAsInJlYWQiOjI0MDAwMDAwMDAwMCwidXBkYXRlIjoyNDAwMDAwMDAwMDB9LCJzY2hlbWFfdmVyc2lvbiI6IjIifQ==",
          "dependencies": [
            "module.cloud_storage.module.cloud_storage.random_id.bucket_suffix"
          ]
        },
        {
          "index_key": "app-logs-leander-test-471809",
          "schema_version": 2,
          "attributes": {
            "autoclass": [],
            "cors": [],
            "custom_placement_config": [],
            "default_event_based_hold": false,
            "effective_labels": {
              "name": "app-logs-leander-test-471809"
            },
            "enable_object_retention": false,
            "encryption": [],
            "force_destroy": false,
            "id": "app-logs-leander-test-471809",
            "labels": {
              "name": "app-logs-leander-test-471809"
            },
            "lifecycle_rule": [],
            "location": "US",
            "logging": [],
            "name": "app-logs-leander-test-471809",
            "project": "leander-test-471809",
            "project_number": 448654422581,
            "public_access_prevention": "inherited",
            "requester_pays": false,
            "retention_policy": [],
            "rpo": "DEFAULT",
            "self_link": "https://www.googleapis.com/storage/v1/b/app-logs-leander-test-471809",
            "soft_delete_policy": [
              {
                "effective_time": "2026-01-06T05:14:15.984Z",
                "retention_duration_seconds": 604800
              }
            ],
            "storage_class": "STANDARD",
            "terraform_labels": {
              "name": "app-logs-leander-test-471809"
            },
            "timeouts": null,
            "uniform_bucket_level_access": true,
            "url": "gs://app-logs-leander-test-471809",
            "versioning": [
              {
                "enabled": false
              }
            ],
            "website": []
          },
          "sensitive_attributes": [],
          "private": "eyJlMmJmYjczMC1lY2FhLTExZTYtOGY4OC0zNDM2M2JjN2M0YzAiOnsiY3JlYXRlIjo2MDAwMDAwMDAwMDAsInJlYWQiOjI0MDAwMDAwMDAwMCwidXBkYXRlIjoyNDAwMDAwMDAwMDB9LCJzY2hlbWFfdmVyc2lvbiI6IjIifQ==",
          "dependencies": [
            "module.cloud_storage.module.cloud_storage.random_id.bucket_suffix"
          ]
        }
      ]
    },
    {
      "module": "module.firestore",
      "mode": "managed",
      "type": "google_firestore_database",
      "name": "database",
      "provider": "provider[\"registry.terraform.io/hashicorp/google\"]",
      "instances": [
        {
          "schema_version": 0,
          "attributes": {
            "app_engine_integration_mode": "DISABLED",
            "cmek_config": [],
            "concurrency_mode": "PESSIMISTIC",
            "create_time": "",
            "delete_protection_state": "DELETE_PROTECTION_DISABLED",
            "deletion_policy": "DELETE",
            "earliest_version_time": "2026-01-06T05:14:44.155384Z",
            "etag": "IJ66hYiU9pEDMPjvqYeU9pED",
            "id": "projects/leander-test-471809/databases/(default)",
            "key_prefix": "",
            "location_id": "us-central1",
            "name": "(default)",
            "point_in_time_recovery_enablement": "POINT_IN_TIME_RECOVERY_DISABLED",
            "project": "leander-test-471809",
            "timeouts": null,
            "type": "FIRESTORE_NATIVE",
            "uid": "18e78f17-1cb0-4709-b739-80c22c88704a",
            "update_time": "",
            "version_retention_period": "3600s"
          },
          "sensitive_attributes": [],
          "private": "eyJlMmJmYjczMC1lY2FhLTExZTYtOGY4OC0zNDM2M2JjN2M0YzAiOnsiY3JlYXRlIjoxMjAwMDAwMDAwMDAwLCJkZWxldGUiOjEyMDAwMDAwMDAwMDAsInVwZGF0ZSI6MTIwMDAwMDAwMDAwMH19",
          "dependencies": [
            "google_project_service.apis"
          ]
        }
      ]
    },
    {
      "module": "module.gke.module.gke",
      "mode": "data",
      "type": "google_container_engine_versions",
      "name": "region",
      "provider": "provider[\"registry.terraform.io/hashicorp/google\"]",
      "instances": [
        {
          "schema_version": 0,
          "attributes": {
            "default_cluster_version": "1.33.5-gke.1308000",
            "id": "2026-01-06 05:13:27.910007 +0000 UTC",
            "latest_master_version": "1.34.1-gke.3947000",
            "latest_node_version": "1.34.1-gke.3947000",
            "location": "us-central1",
            "project": "leander-test-471809",
            "release_channel_default_version": {
              "EXTENDED": "1.33.5-gke.1308000",
              "RAPID": "1.34.1-gke.3355002",
              "REGULAR": "1.33.5-gke.1308000",
              "STABLE": "1.33.5-gke.1162000"
            },
            "release_channel_latest_version": {
              "EXTENDED": "1.34.1-gke.3355002",
              "RAPID": "1.35.0-gke.1340000",
              "REGULAR": "1.34.1-gke.3355002",
              "STABLE": "1.33.5-gke.1308000"
            },
            "valid_master_versions": [
              "1.34.1-gke.3947000",
              "1.34.1-gke.3899000",
              "1.34.1-gke.3759000",
              "1.34.1-gke.3556000",
              "1.34.1-gke.3403002",
              "1.34.1-gke.3355002",
              "1.34.1-gke.3355001",
              "1.34.1-gke.3084002",
              "1.34.1-gke.2909002",
              "1.34.1-gke.2541000",
              "1.34.0-gke.2201000",
              "1.33.5-gke.2100000",
              "1.33.5-gke.2072000",
              "1.33.5-gke.2019000",
              "1.33.5-gke.1956000",
              "1.33.5-gke.1894000",
              "1.33.5-gke.1862000",
              "1.33.5-gke.1308000",
              "1.33.5-gke.1201000",
              "1.33.5-gke.1162000",
              "1.33.5-gke.1125000",
              "1.32.9-gke.1728000",
              "1.32.9-gke.1711000",
              "1.32.9-gke.1675000",
              "1.32.9-gke.1632000",
              "1.32.9-gke.1592000",
              "1.32.9-gke.1575000",
              "1.32.9-gke.1548000",
              "1.32.9-gke.1239000",
              "1.32.9-gke.1108000",
              "1.31.14-gke.1166000",
              "1.31.14-gke.1156000",
              "1.31.14-gke.1114000",
              "1.31.14-gke.1081000",
              "1.31.14-gke.1045000",
              "1.31.14-gke.1033000",
              "1.31.13-gke.1454000",
              "1.31.13-gke.1139000",
              "1.31.13-gke.1023000"
            ],
            "valid_node_versions": [
              "1.34.1-gke.3947000",
              "1.34.1-gke.3899000",
              "1.34.1-gke.3759000",
              "1.34.1-gke.3556000",
              "1.34.1-gke.3403002",
              "1.34.1-gke.3403001",
              "1.34.1-gke.3355002",
              "1.34.1-gke.3355001",
              "1.34.1-gke.3355000",
              "1.34.1-gke.3225000",
              "1.34.1-gke.3084002",
              "1.34.1-gke.3084001",
              "1.34.1-gke.2980000",
              "1.34.1-gke.2909002",
              "1.34.1-gke.2909000",
              "1.34.1-gke.2541000",
              "1.34.1-gke.2037002",
              "1.34.1-gke.2037001",
              "1.34.1-gke.1829001",
              "1.34.0-gke.2201000",
              "1.33.5-gke.2100000",
              "1.33.5-gke.2072000",
              "1.33.5-gke.2019000",
              "1.33.5-gke.1956000",
              "1.33.5-gke.1894000",
              "1.33.5-gke.1862000",
              "1.33.5-gke.1791000",
              "1.33.5-gke.1697000",
              "1.33.5-gke.1521000",
              "1.33.5-gke.1350000",
              "1.33.5-gke.1308000",
              "1.33.5-gke.1201000",
              "1.33.5-gke.1162000",
              "1.33.5-gke.1125000",
              "1.33.5-gke.1080000",
              "1.33.4-gke.1350000",
              "1.33.4-gke.1245000",
              "1.33.4-gke.1172000",
              "1.33.4-gke.1134000",
              "1.33.4-gke.1036000",
              "1.33.3-gke.1392000",
              "1.33.3-gke.1266000",
              "1.33.3-gke.1250000",
              "1.33.3-gke.1136000",
              "1.33.2-gke.4780000",
              "1.33.2-gke.4655000",
              "1.33.2-gke.1384000",
              "1.33.2-gke.1240000",
              "1.33.2-gke.1111000",
              "1.33.2-gke.1043000",
              "1.33.1-gke.1959000",
              "1.33.1-gke.1744000",
              "1.33.1-gke.1584000",
              "1.33.1-gke.1545000",
              "1.33.1-gke.1386000",
              "1.33.1-gke.1375000",
              "1.33.1-gke.1107000",
              "1.33.0-gke.2248000",
              "1.32.9-gke.1728000",
              "1.32.9-gke.1711000",
              "1.32.9-gke.1675000",
              "1.32.9-gke.1632000",
              "1.32.9-gke.1592000",
              "1.32.9-gke.1575000",
              "1.32.9-gke.1548000",
              "1.32.9-gke.1462000",
              "1.32.9-gke.1330000",
              "1.32.9-gke.1239000",
              "1.32.9-gke.1207000",
              "1.32.9-gke.1130000",
              "1.32.9-gke.1108000",
              "1.32.9-gke.1092000",
              "1.32.9-gke.1072000",
              "1.32.9-gke.1010000",
              "1.32.8-gke.1170000",
              "1.32.8-gke.1134000",
              "1.32.8-gke.1108000",
              "1.32.8-gke.1026000",
              "1.32.8-gke.1005000",
              "1.32.7-gke.1079000",
              "1.32.7-gke.1016000",
              "1.32.6-gke.1125000",
              "1.32.6-gke.1096000",
              "1.32.6-gke.1060000",
              "1.32.6-gke.1025000",
              "1.32.6-gke.1013000",
              "1.32.4-gke.1767000",
              "1.32.4-gke.1698000",
              "1.32.4-gke.1603000",
              "1.32.4-gke.1533000",
              "1.32.4-gke.1415001",
              "1.32.4-gke.1415000",
              "1.32.4-gke.1353003",
              "1.32.4-gke.1353001",
              "1.32.4-gke.1353000",
              "1.32.4-gke.1236007",
              "1.32.4-gke.1236006",
              "1.32.4-gke.1236000",
              "1.32.4-gke.1106006",
              "1.32.4-gke.1106000",
              "1.32.3-gke.1927009",
              "1.32.3-gke.1927002",
              "1.32.3-gke.1927000",
              "1.32.3-gke.1785003",
              "1.32.3-gke.1785000",
              "1.32.3-gke.1717000",
              "1.32.3-gke.1440000",
              "1.32.3-gke.1170000",
              "1.32.3-gke.1057001",
              "1.32.2-gke.1652003",
              "1.32.2-gke.1652000",
              "1.32.2-gke.1400003",
              "1.32.2-gke.1400001",
              "1.32.2-gke.1297002",
              "1.32.2-gke.1297001",
              "1.32.2-gke.1297000",
              "1.32.2-gke.1182003",
              "1.32.2-gke.1182002",
              "1.32.2-gke.1182001",
              "1.32.2-gke.1182000",
              "1.32.1-gke.1729000",
              "1.32.1-gke.1489001",
              "1.32.1-gke.1357001",
              "1.32.1-gke.1200003",
              "1.31.14-gke.1166000",
              "1.31.14-gke.1156000",
              "1.31.14-gke.1114000",
              "1.31.14-gke.1081000",
              "1.31.14-gke.1045000",
              "1.31.14-gke.1033000",
              "1.31.13-gke.1454000",
              "1.31.13-gke.1377000",
              "1.31.13-gke.1231000",
              "1.31.13-gke.1139000",
              "1.31.13-gke.1123000",
              "1.31.13-gke.1040000",
              "1.31.13-gke.1023000",
              "1.31.13-gke.1008000",
              "1.31.12-gke.1265000",
              "1.31.12-gke.1220000",
              "1.31.12-gke.1110000",
              "1.31.12-gke.1083000",
              "1.31.12-gke.1060000",
              "1.31.12-gke.1014000",
              "1.31.11-gke.1135000",
              "1.31.11-gke.1101000",
              "1.31.11-gke.1064000",
              "1.31.11-gke.1036000",
              "1.31.11-gke.1002000",
              "1.31.10-gke.1067000",
              "1.31.10-gke.1034000",
              "1.31.10-gke.1021000",
              "1.31.9-gke.1287000",
              "1.31.9-gke.1218000",
              "1.31.9-gke.1176000",
              "1.31.9-gke.1119000",
              "1.31.9-gke.1044001",
              "1.31.9-gke.1044000",
              "1.31.9-gke.1005000",
              "1.31.8-gke.1113000",
              "1.31.8-gke.1045000",
              "1.31.7-gke.1390000",
              "1.31.7-gke.1265000",
              "1.31.7-gke.1212000",
              "1.31.7-gke.1149000",
              "1.31.7-gke.1112000",
              "1.31.7-gke.1013002",
              "1.31.7-gke.1013001",
              "1.31.6-gke.1221001",
              "1.31.6-gke.1221000",
              "1.31.6-gke.1140000",
              "1.31.6-gke.1099001",
              "1.31.6-gke.1099000",
              "1.31.6-gke.1064001",
              "1.31.6-gke.1064000",
              "1.31.6-gke.1027000",
              "1.31.6-gke.1020001",
              "1.31.6-gke.1020000",
              "1.31.5-gke.1233001",
              "1.31.5-gke.1233000",
              "1.31.5-gke.1169001",
              "1.31.5-gke.1169000",
              "1.31.5-gke.1068000",
              "1.31.5-gke.1023000",
              "1.31.4-gke.1372000",
              "1.31.4-gke.1256000",
              "1.31.4-gke.1249000",
              "1.31.4-gke.1183000",
              "1.31.4-gke.1177000",
              "1.31.4-gke.1072000",
              "1.31.3-gke.1162000",
              "1.31.3-gke.1121001",
              "1.31.3-gke.1056000",
              "1.31.3-gke.1023000",
              "1.31.3-gke.1006000",
              "1.31.2-gke.1518000",
              "1.31.2-gke.1384000",
              "1.31.2-gke.1354000",
              "1.31.2-gke.1115000",
              "1.31.1-gke.2105000",
              "1.31.1-gke.2008000",
              "1.31.1-gke.1846000",
              "1.31.1-gke.1678000",
              "1.31.1-gke.1146000",
              "1.30.14-gke.1861000",
              "1.30.14-gke.1855000",
              "1.30.14-gke.1820000",
              "1.30.14-gke.1794000",
              "1.30.14-gke.1760000",
              "1.30.14-gke.1746000",
              "1.30.14-gke.1719000",
              "1.30.14-gke.1658000",
              "1.30.14-gke.1525000",
              "1.30.14-gke.1426000",
              "1.30.14-gke.1408000",
              "1.30.14-gke.1349000",
              "1.30.14-gke.1336000",
              "1.30.14-gke.1325000",
              "1.30.14-gke.1316000",
              "1.30.14-gke.1267000",
              "1.30.14-gke.1150000",
              "1.30.14-gke.1130000",
              "1.30.14-gke.1108000",
              "1.30.14-gke.1059000",
              "1.30.14-gke.1036000",
              "1.30.14-gke.1011000",
              "1.30.12-gke.1414000",
              "1.30.12-gke.1390000",
              "1.30.12-gke.1372000",
              "1.30.12-gke.1340000",
              "1.30.12-gke.1333000",
              "1.30.12-gke.1320000",
              "1.30.12-gke.1279000",
              "1.30.12-gke.1246000",
              "1.30.12-gke.1208000",
              "1.30.12-gke.1168000",
              "1.30.12-gke.1151000",
              "1.30.12-gke.1086000",
              "1.30.12-gke.1033000",
              "1.30.11-gke.1217000",
              "1.30.11-gke.1157000",
              "1.30.11-gke.1131000",
              "1.30.11-gke.1093000",
              "1.30.11-gke.1072000",
              "1.30.11-gke.1008001",
              "1.30.10-gke.1227001",
              "1.30.10-gke.1227000",
              "1.30.10-gke.1145000",
              "1.30.10-gke.1102000",
              "1.30.10-gke.1070000",
              "1.30.10-gke.1042000",
              "1.30.10-gke.1022000",
              "1.30.9-gke.1231000",
              "1.30.9-gke.1201000",
              "1.30.9-gke.1127000",
              "1.30.9-gke.1046000",
              "1.30.9-gke.1027000",
              "1.30.9-gke.1009000",
              "1.30.8-gke.1282000",
              "1.30.8-gke.1261000",
              "1.30.8-gke.1224000",
              "1.30.8-gke.1162001",
              "1.30.8-gke.1162000",
              "1.30.8-gke.1133000",
              "1.30.8-gke.1128001",
              "1.30.8-gke.1128000",
              "1.30.8-gke.1051001",
              "1.30.8-gke.1051000",
              "1.30.7-gke.1136000",
              "1.30.7-gke.1084000",
              "1.30.7-gke.1077000",
              "1.30.6-gke.1596000",
              "1.30.6-gke.1125000",
              "1.30.6-gke.1059000",
              "1.30.5-gke.1713000",
              "1.30.5-gke.1699000",
              "1.30.5-gke.1628000",
              "1.30.5-gke.1443001",
              "1.30.5-gke.1355000",
              "1.30.5-gke.1145000",
              "1.30.5-gke.1014003",
              "1.30.5-gke.1014001",
              "1.30.5-gke.1014000",
              "1.30.4-gke.1476000",
              "1.30.4-gke.1348001",
              "1.30.4-gke.1348000",
              "1.30.4-gke.1282000",
              "1.30.4-gke.1213000",
              "1.30.4-gke.1129000",
              "1.30.3-gke.1969002",
              "1.30.3-gke.1969001",
              "1.30.3-gke.1639000",
              "1.30.3-gke.1451000",
              "1.30.3-gke.1225000",
              "1.30.2-gke.1587003",
              "1.30.1-gke.1329003",
              "1.29.15-gke.2617000",
              "1.29.15-gke.2613000",
              "1.29.15-gke.2585000",
              "1.29.15-gke.2553000",
              "1.29.15-gke.2520000",
              "1.29.15-gke.2505000",
              "1.29.15-gke.2467000",
              "1.29.15-gke.2380000",
              "1.29.15-gke.2236000",
              "1.29.15-gke.2109000",
              "1.29.15-gke.2085000",
              "1.29.15-gke.2002000",
              "1.29.15-gke.1989000",
              "1.29.15-gke.1979000",
              "1.29.15-gke.1971000",
              "1.29.15-gke.1936000",
              "1.29.15-gke.1851000",
              "1.29.15-gke.1835000",
              "1.29.15-gke.1820000",
              "1.29.15-gke.1773000",
              "1.29.15-gke.1756000",
              "1.29.15-gke.1713000",
              "1.29.15-gke.1686000",
              "1.29.15-gke.1656000",
              "1.29.15-gke.1639000",
              "1.29.15-gke.1614000",
              "1.29.15-gke.1607000",
              "1.29.15-gke.1594000",
              "1.29.15-gke.1549000",
              "1.29.15-gke.1523000",
              "1.29.15-gke.1493000",
              "1.29.15-gke.1415000",
              "1.29.15-gke.1395000",
              "1.29.15-gke.1325000",
              "1.29.15-gke.1274000",
              "1.29.15-gke.1240000",
              "1.29.15-gke.1193000",
              "1.29.15-gke.1170000",
              "1.29.15-gke.1134000",
              "1.29.15-gke.1108000",
              "1.29.15-gke.1058000",
              "1.29.15-gke.1017000",
              "1.29.14-gke.1132000",
              "1.29.14-gke.1086000",
              "1.29.14-gke.1067000",
              "1.29.14-gke.1020000",
              "1.29.14-gke.1018000",
              "1.29.13-gke.1169000",
              "1.29.13-gke.1109000",
              "1.29.13-gke.1038000",
              "1.29.13-gke.1006000",
              "1.29.12-gke.1270000",
              "1.29.12-gke.1143001",
              "1.29.12-gke.1143000",
              "1.29.12-gke.1126000",
              "1.29.12-gke.1120001",
              "1.29.12-gke.1120000",
              "1.29.12-gke.1055001",
              "1.29.12-gke.1055000",
              "1.29.11-gke.1045000",
              "1.29.11-gke.1012000",
              "1.29.10-gke.1280000",
              "1.29.10-gke.1227000",
              "1.29.10-gke.1155000",
              "1.29.10-gke.1071000",
              "1.29.10-gke.1054000",
              "1.29.10-gke.1043000",
              "1.29.9-gke.1541000",
              "1.29.9-gke.1496000",
              "1.29.9-gke.1341000",
              "1.29.9-gke.1177000",
              "1.29.8-gke.1278000",
              "1.29.8-gke.1211000",
              "1.29.8-gke.1157000",
              "1.29.8-gke.1096000",
              "1.29.8-gke.1057000",
              "1.29.8-gke.1031000",
              "1.29.7-gke.1274000",
              "1.29.7-gke.1174000",
              "1.29.7-gke.1104000",
              "1.29.7-gke.1008000",
              "1.29.6-gke.1326000",
              "1.29.6-gke.1254000",
              "1.29.6-gke.1137000",
              "1.29.6-gke.1038001",
              "1.29.6-gke.1038000",
              "1.29.5-gke.1192000",
              "1.29.5-gke.1121000",
              "1.29.5-gke.1091002",
              "1.29.5-gke.1091001",
              "1.29.5-gke.1091000",
              "1.29.5-gke.1060001",
              "1.29.5-gke.1060000",
              "1.29.5-gke.1010000",
              "1.29.4-gke.1670000",
              "1.29.4-gke.1542000",
              "1.29.4-gke.1447001",
              "1.29.4-gke.1447000",
              "1.29.4-gke.1165000",
              "1.29.4-gke.1043004",
              "1.29.4-gke.1043002",
              "1.29.4-gke.1043001",
              "1.29.4-gke.1043000",
              "1.29.3-gke.1282005",
              "1.29.3-gke.1282001",
              "1.29.3-gke.1282000",
              "1.29.3-gke.1093006",
              "1.29.3-gke.1093000",
              "1.29.2-gke.1521000",
              "1.29.2-gke.1217000",
              "1.29.2-gke.1060000",
              "1.29.1-gke.1589020",
              "1.29.1-gke.1589018",
              "1.29.1-gke.1589017",
              "1.29.1-gke.1589000",
              "1.29.1-gke.1575000",
              "1.29.1-gke.1425000",
              "1.29.1-gke.1016000",
              "1.29.0-gke.1381000",
              "1.28.15-gke.3285000",
              "1.28.15-gke.3280000",
              "1.28.15-gke.3251000",
              "1.28.15-gke.3225000",
              "1.28.15-gke.3202000",
              "1.28.15-gke.3188000",
              "1.28.15-gke.3163000",
              "1.28.15-gke.3096000",
              "1.28.15-gke.2966000",
              "1.28.15-gke.2857000",
              "1.28.15-gke.2793000",
              "1.28.15-gke.2767000",
              "1.28.15-gke.2751000",
              "1.28.15-gke.2740000",
              "1.28.15-gke.2730000",
              "1.28.15-gke.2697000",
              "1.28.15-gke.2630000",
              "1.28.15-gke.2610000",
              "1.28.15-gke.2599000",
              "1.28.15-gke.2564000",
              "1.28.15-gke.2547000",
              "1.28.15-gke.2527000",
              "1.28.15-gke.2507000",
              "1.28.15-gke.2488000",
              "1.28.15-gke.2475000",
              "1.28.15-gke.2461000",
              "1.28.15-gke.2456000",
              "1.28.15-gke.2445000",
              "1.28.15-gke.2428000",
              "1.28.15-gke.2403000",
              "1.28.15-gke.2380000",
              "1.28.15-gke.2303000",
              "1.28.15-gke.2287000",
              "1.28.15-gke.2239000",
              "1.28.15-gke.2192000",
              "1.28.15-gke.2169000",
              "1.28.15-gke.2142000",
              "1.28.15-gke.2121000",
              "1.28.15-gke.2097000",
              "1.28.15-gke.2072000",
              "1.28.15-gke.2027000",
              "1.28.15-gke.2003000",
              "1.28.15-gke.1940000",
              "1.28.15-gke.1897000",
              "1.28.15-gke.1881000",
              "1.28.15-gke.1844000",
              "1.28.15-gke.1781000",
              "1.28.15-gke.1720000",
              "1.28.15-gke.1673000",
              "1.28.15-gke.1641000",
              "1.28.15-gke.1612000",
              "1.28.15-gke.1503000",
              "1.28.15-gke.1488000",
              "1.28.15-gke.1480000",
              "1.28.15-gke.1435000",
              "1.28.15-gke.1388000",
              "1.28.15-gke.1362000",
              "1.28.15-gke.1344000",
              "1.28.15-gke.1342000",
              "1.28.15-gke.1159000",
              "1.28.15-gke.1080000",
              "1.28.15-gke.1041000",
              "1.28.15-gke.1020000",
              "1.28.15-gke.1015000",
              "1.28.14-gke.1376000",
              "1.28.14-gke.1340000",
              "1.28.14-gke.1217000",
              "1.28.14-gke.1175000",
              "1.28.14-gke.1099000",
              "1.28.14-gke.1004000",
              "1.28.13-gke.1119000",
              "1.28.13-gke.1078000",
              "1.28.13-gke.1049000",
              "1.28.13-gke.1042000",
              "1.28.13-gke.1024000",
              "1.28.13-gke.1006000",
              "1.28.12-gke.1179000",
              "1.28.12-gke.1090000",
              "1.28.12-gke.1052000",
              "1.28.11-gke.1315000",
              "1.28.11-gke.1289000",
              "1.28.11-gke.1260000",
              "1.28.11-gke.1172000",
              "1.28.11-gke.1170000",
              "1.28.11-gke.1019001",
              "1.28.11-gke.1019000",
              "1.28.10-gke.1148001",
              "1.28.10-gke.1148000",
              "1.28.10-gke.1141000",
              "1.28.10-gke.1089002",
              "1.28.10-gke.1089000",
              "1.28.10-gke.1075001",
              "1.28.10-gke.1075000",
              "1.28.10-gke.1058001",
              "1.28.10-gke.1058000",
              "1.28.10-gke.1012000",
              "1.28.9-gke.1289002",
              "1.28.9-gke.1289000",
              "1.28.9-gke.1250000",
              "1.28.9-gke.1209001",
              "1.28.9-gke.1209000",
              "1.28.9-gke.1069002",
              "1.28.9-gke.1069000",
              "1.28.9-gke.1000000",
              "1.28.8-gke.1175000",
              "1.28.8-gke.1095000",
              "1.28.7-gke.1226000",
              "1.28.7-gke.1026001",
              "1.28.7-gke.1026000",
              "1.28.6-gke.1456000",
              "1.28.6-gke.1369000",
              "1.28.6-gke.1289000",
              "1.28.6-gke.1095000",
              "1.28.5-gke.1217000",
              "1.28.4-gke.1083000",
              "1.28.3-gke.1286000",
              "1.28.3-gke.1203001",
              "1.28.3-gke.1203000",
              "1.28.3-gke.1118000",
              "1.28.3-gke.1098000",
              "1.28.3-gke.1090000",
              "1.28.2-gke.1157000",
              "1.27.16-gke.2894000",
              "1.27.16-gke.2874000",
              "1.27.16-gke.2853000",
              "1.27.16-gke.2820000",
              "1.27.16-gke.2810000",
              "1.27.16-gke.2771000",
              "1.27.16-gke.2732000",
              "1.27.16-gke.2703000",
              "1.27.16-gke.2682000",
              "1.27.16-gke.2664000",
              "1.27.16-gke.2650000",
              "1.27.16-gke.2633000",
              "1.27.16-gke.2595000",
              "1.27.16-gke.2573000",
              "1.27.16-gke.2528000",
              "1.27.16-gke.2489000",
              "1.27.16-gke.2477000",
              "1.27.16-gke.2451000",
              "1.27.16-gke.2440000",
              "1.27.16-gke.2387000",
              "1.27.16-gke.2342000",
              "1.27.16-gke.2296000",
              "1.27.16-gke.2270000",
              "1.27.16-gke.2246000",
              "1.27.16-gke.2142000",
              "1.27.16-gke.2122000",
              "1.27.16-gke.2081000",
              "1.27.16-gke.2051000",
              "1.27.16-gke.2027000",
              "1.27.16-gke.2019000",
              "1.27.16-gke.1836000",
              "1.27.16-gke.1784000",
              "1.27.16-gke.1742000",
              "1.27.16-gke.1712000",
              "1.27.16-gke.1681000",
              "1.27.16-gke.1576000",
              "1.27.16-gke.1478000",
              "1.27.16-gke.1373000",
              "1.27.16-gke.1342000",
              "1.27.16-gke.1296000",
              "1.27.16-gke.1287000",
              "1.27.16-gke.1258000",
              "1.27.16-gke.1234001",
              "1.27.16-gke.1234000",
              "1.27.16-gke.1148001",
              "1.27.16-gke.1148000",
              "1.27.16-gke.1082000",
              "1.27.16-gke.1051001",
              "1.27.16-gke.1051000",
              "1.27.16-gke.1008000",
              "1.27.15-gke.1252000",
              "1.27.15-gke.1154000",
              "1.27.15-gke.1125000",
              "1.27.15-gke.1012003",
              "1.27.15-gke.1012000",
              "1.27.14-gke.1100002",
              "1.27.14-gke.1100000",
              "1.27.14-gke.1093000",
              "1.27.14-gke.1059002",
              "1.27.14-gke.1059001",
              "1.27.14-gke.1059000",
              "1.27.14-gke.1042001",
              "1.27.14-gke.1042000",
              "1.27.14-gke.1022001",
              "1.27.14-gke.1022000",
              "1.27.14-gke.1011000",
              "1.27.13-gke.1201002",
              "1.27.13-gke.1201000",
              "1.27.13-gke.1166001",
              "1.27.13-gke.1166000",
              "1.27.13-gke.1070002",
              "1.27.13-gke.1070000",
              "1.27.13-gke.1000000",
              "1.27.12-gke.1190000",
              "1.27.12-gke.1115000",
              "1.27.11-gke.1202000",
              "1.27.11-gke.1118000",
              "1.27.11-gke.1062004",
              "1.27.11-gke.1062003",
              "1.27.11-gke.1062001",
              "1.27.11-gke.1062000",
              "1.27.11-gke.1018000",
              "1.27.10-gke.1207000",
              "1.27.10-gke.1152000",
              "1.27.10-gke.1055000",
              "1.27.9-gke.1092000",
              "1.27.8-gke.1067004",
              "1.27.8-gke.1067000",
              "1.27.7-gke.1293000",
              "1.27.7-gke.1121002",
              "1.27.7-gke.1121000",
              "1.27.7-gke.1088000",
              "1.27.7-gke.1056000",
              "1.27.7-gke.1038000",
              "1.27.6-gke.1506000",
              "1.27.6-gke.1445000",
              "1.27.6-gke.1248000",
              "1.27.5-gke.200",
              "1.27.4-gke.900",
              "1.27.3-gke.1700",
              "1.27.3-gke.100",
              "1.27.2-gke.2100",
              "1.27.2-gke.1200",
              "1.26.15-gke.1469001",
              "1.26.15-gke.1469000",
              "1.26.15-gke.1436000",
              "1.26.15-gke.1404002",
              "1.26.15-gke.1404000",
              "1.26.15-gke.1390001",
              "1.26.15-gke.1390000",
              "1.26.15-gke.1381001",
              "1.26.15-gke.1381000",
              "1.26.15-gke.1372001",
              "1.26.15-gke.1360000",
              "1.26.15-gke.1320002",
              "1.26.15-gke.1320000",
              "1.26.15-gke.1300001",
              "1.26.15-gke.1300000",
              "1.26.15-gke.1243000",
              "1.26.15-gke.1191001",
              "1.26.15-gke.1191000",
              "1.26.15-gke.1158000",
              "1.26.15-gke.1090004",
              "1.26.15-gke.1090000",
              "1.26.14-gke.1133000",
              "1.26.14-gke.1076000",
              "1.26.14-gke.1044001",
              "1.26.14-gke.1044000",
              "1.26.14-gke.1006000",
              "1.26.13-gke.1189000",
              "1.26.13-gke.1144000",
              "1.26.13-gke.1052000",
              "1.26.12-gke.1111000",
              "1.26.11-gke.1055000",
              "1.26.10-gke.1235000",
              "1.26.10-gke.1101000",
              "1.26.10-gke.1073000",
              "1.26.10-gke.1038000",
              "1.26.10-gke.1024000",
              "1.26.9-gke.1507000",
              "1.26.9-gke.1437000",
              "1.26.8-gke.200",
              "1.26.7-gke.500",
              "1.26.6-gke.1700",
              "1.26.5-gke.2700",
              "1.26.5-gke.2100",
              "1.26.5-gke.1400",
              "1.26.5-gke.1200",
              "1.26.4-gke.1400",
              "1.26.4-gke.500",
              "1.26.3-gke.1000",
              "1.26.3-gke.400",
              "1.26.2-gke.1000",
              "1.26.1-gke.1500",
              "1.25.16-gke.1759000",
              "1.25.16-gke.1711000",
              "1.25.16-gke.1648000",
              "1.25.16-gke.1596000",
              "1.25.16-gke.1570000",
              "1.25.16-gke.1537000",
              "1.25.16-gke.1497000",
              "1.25.16-gke.1460000",
              "1.25.16-gke.1360000",
              "1.25.16-gke.1268000",
              "1.25.16-gke.1041000",
              "1.25.16-gke.1020000",
              "1.25.15-gke.1115000",
              "1.25.15-gke.1083000",
              "1.25.15-gke.1049000",
              "1.25.15-gke.1033000",
              "1.25.14-gke.1474000",
              "1.25.14-gke.1421000",
              "1.25.13-gke.200",
              "1.25.12-gke.500",
              "1.25.11-gke.1700",
              "1.25.10-gke.2700",
              "1.25.10-gke.2100",
              "1.25.10-gke.1400",
              "1.25.10-gke.1200",
              "1.25.9-gke.2300",
              "1.25.9-gke.400",
              "1.25.8-gke.1000",
              "1.25.8-gke.500",
              "1.25.7-gke.1000",
              "1.25.6-gke.1000",
              "1.25.6-gke.200",
              "1.25.5-gke.2000",
              "1.25.5-gke.1500",
              "1.25.4-gke.2100",
              "1.25.3-gke.800",
              "1.24.17-gke.2472000",
              "1.24.17-gke.2364000",
              "1.24.17-gke.2347000",
              "1.24.17-gke.2266000",
              "1.24.17-gke.2230000",
              "1.24.17-gke.2211000",
              "1.24.17-gke.2198000",
              "1.24.17-gke.2155000",
              "1.24.17-gke.2113000",
              "1.24.17-gke.200",
              "1.24.16-gke.500",
              "1.24.15-gke.1700",
              "1.24.14-gke.2700",
              "1.24.14-gke.2100",
              "1.24.14-gke.1400",
              "1.24.14-gke.1200",
              "1.24.13-gke.2500",
              "1.24.13-gke.500",
              "1.24.12-gke.1000",
              "1.24.12-gke.500",
              "1.24.11-gke.1000",
              "1.24.10-gke.2300",
              "1.24.10-gke.1200",
              "1.24.9-gke.3200",
              "1.24.9-gke.2000",
              "1.24.9-gke.1500",
              "1.24.8-gke.2000",
              "1.24.8-gke.401",
              "1.24.7-gke.900",
              "1.24.6-gke.1500",
              "1.24.5-gke.600",
              "1.24.4-gke.800",
              "1.24.3-gke.2100",
              "1.24.3-gke.900",
              "1.24.3-gke.200",
              "1.24.2-gke.1900",
              "1.24.2-gke.300",
              "1.24.1-gke.1800",
              "1.24.1-gke.1400",
              "1.23.17-gke.10700",
              "1.23.17-gke.10000",
              "1.23.17-gke.8400",
              "1.23.17-gke.7700",
              "1.23.17-gke.7000",
              "1.23.17-gke.6800",
              "1.23.17-gke.5600",
              "1.23.17-gke.3600",
              "1.23.17-gke.2000",
              "1.23.17-gke.1700",
              "1.23.17-gke.300",
              "1.23.16-gke.2500",
              "1.23.16-gke.1400",
              "1.23.16-gke.1100",
              "1.23.16-gke.200",
              "1.23.15-gke.1900",
              "1.23.15-gke.1400",
              "1.23.14-gke.1800",
              "1.23.14-gke.401",
              "1.23.13-gke.900",
              "1.23.12-gke.1600",
              "1.23.12-gke.100",
              "1.23.11-gke.300",
              "1.23.10-gke.1000",
              "1.23.9-gke.2100",
              "1.23.9-gke.900",
              "1.23.8-gke.1900",
              "1.23.8-gke.400",
              "1.23.7-gke.1400",
              "1.23.6-gke.2200",
              "1.23.6-gke.1700",
              "1.23.6-gke.1501",
              "1.23.6-gke.1500",
              "1.23.5-gke.2400",
              "1.23.5-gke.1503",
              "1.23.5-gke.1501",
              "1.22.17-gke.14100",
              "1.22.17-gke.13400",
              "1.22.17-gke.12700",
              "1.22.17-gke.11400",
              "1.22.17-gke.9400",
              "1.22.17-gke.8000",
              "1.22.17-gke.7500",
              "1.22.17-gke.6100",
              "1.22.17-gke.5400",
              "1.22.17-gke.4300",
              "1.22.17-gke.4000",
              "1.22.17-gke.3100",
              "1.22.17-gke.1900",
              "1.22.17-gke.1400",
              "1.22.16-gke.2000",
              "1.22.16-gke.1300",
              "1.22.15-gke.2500",
              "1.22.15-gke.1000",
              "1.22.15-gke.100",
              "1.22.14-gke.300",
              "1.22.13-gke.1000",
              "1.22.12-gke.2300",
              "1.22.12-gke.1200",
              "1.22.12-gke.500",
              "1.22.12-gke.300",
              "1.22.11-gke.400",
              "1.22.10-gke.600",
              "1.22.9-gke.2000",
              "1.22.9-gke.1500",
              "1.22.9-gke.1300",
              "1.22.8-gke.2200",
              "1.22.8-gke.202",
              "1.22.8-gke.201",
              "1.22.8-gke.200",
              "1.22.7-gke.1500",
              "1.22.7-gke.1300",
              "1.22.7-gke.900",
              "1.22.7-gke.300",
              "1.22.6-gke.1000",
              "1.22.6-gke.300",
              "1.22.4-gke.1501",
              "1.22.3-gke.1500",
              "1.21.14-gke.18800",
              "1.21.14-gke.18100",
              "1.21.14-gke.15800",
              "1.21.14-gke.14600",
              "1.21.14-gke.14100",
              "1.21.14-gke.8500",
              "1.21.14-gke.7100",
              "1.21.14-gke.5300",
              "1.21.14-gke.4300",
              "1.21.14-gke.3000",
              "1.21.14-gke.2700",
              "1.21.14-gke.2100",
              "1.21.14-gke.700",
              "1.21.13-gke.900",
              "1.21.12-gke.2200",
              "1.21.12-gke.1700",
              "1.21.12-gke.1500",
              "1.21.11-gke.1900",
              "1.21.11-gke.1100",
              "1.21.11-gke.900",
              "1.21.10-gke.2000",
              "1.21.10-gke.1500",
              "1.21.10-gke.1300",
              "1.21.10-gke.400",
              "1.21.9-gke.1002",
              "1.21.9-gke.1001",
              "1.21.9-gke.1000",
              "1.21.9-gke.300",
              "1.21.6-gke.1503",
              "1.21.6-gke.1501",
              "1.21.6-gke.1500",
              "1.21.5-gke.1805",
              "1.21.5-gke.1802",
              "1.21.5-gke.1302",
              "1.21.5-gke.1300",
              "1.21.4-gke.2302",
              "1.21.4-gke.2300",
              "1.21.3-gke.2003",
              "1.21.3-gke.2001",
              "1.20.15-gke.13700",
              "1.20.15-gke.13400",
              "1.20.15-gke.12800",
              "1.20.15-gke.11400",
              "1.20.15-gke.9900",
              "1.20.15-gke.8700",
              "1.20.15-gke.8200",
              "1.20.15-gke.8000",
              "1.20.15-gke.6000",
              "1.20.15-gke.5200",
              "1.20.15-gke.5000",
              "1.20.15-gke.4100",
              "1.20.15-gke.3600",
              "1.20.15-gke.3400",
              "1.20.15-gke.2500",
              "1.20.15-gke.1000",
              "1.20.15-gke.300",
              "1.20.12-gke.1500",
              "1.20.11-gke.1801",
              "1.20.11-gke.1300",
              "1.20.10-gke.2100",
              "1.20.10-gke.1600",
              "1.20.10-gke.301",
              "1.20.9-gke.2100",
              "1.20.9-gke.1001",
              "1.20.9-gke.1000",
              "1.20.9-gke.701",
              "1.20.9-gke.700",
              "1.20.8-gke.2101",
              "1.20.8-gke.2100",
              "1.20.8-gke.900",
              "1.20.8-gke.700",
              "1.20.7-gke.2200",
              "1.20.7-gke.1800",
              "1.20.6-gke.1400",
              "1.20.6-gke.1000",
              "1.19.16-gke.15700",
              "1.19.16-gke.14500",
              "1.19.16-gke.14000",
              "1.19.16-gke.13800",
              "1.19.16-gke.11800",
              "1.19.16-gke.11000",
              "1.19.16-gke.10800",
              "1.19.16-gke.9900",
              "1.19.16-gke.9400",
              "1.19.16-gke.9200",
              "1.19.16-gke.8300",
              "1.19.16-gke.6800",
              "1.19.16-gke.6100",
              "1.19.16-gke.3600",
              "1.19.15-gke.1801",
              "1.19.15-gke.1300",
              "1.19.15-gke.500",
              "1.19.14-gke.2300",
              "1.19.14-gke.1900",
              "1.19.14-gke.301",
              "1.19.14-gke.300",
              "1.19.13-gke.1900",
              "1.19.13-gke.1200",
              "1.19.13-gke.701",
              "1.19.13-gke.700",
              "1.19.12-gke.2101",
              "1.19.12-gke.2100",
              "1.19.12-gke.1100",
              "1.19.12-gke.900",
              "1.19.12-gke.700",
              "1.19.11-gke.2101",
              "1.19.11-gke.2100",
              "1.19.11-gke.1701",
              "1.19.11-gke.1700",
              "1.19.10-gke.1701",
              "1.19.10-gke.1700",
              "1.19.10-gke.1601",
              "1.19.10-gke.1600",
              "1.19.10-gke.1001",
              "1.19.10-gke.1000",
              "1.19.9-gke.1900",
              "1.19.9-gke.1400",
              "1.19.9-gke.700",
              "1.19.9-gke.100",
              "1.19.8-gke.2000",
              "1.19.8-gke.1600",
              "1.19.8-gke.1000",
              "1.19.7-gke.2503",
              "1.19.7-gke.1500",
              "1.19.7-gke.1302",
              "1.19.7-gke.800",
              "1.19.6-gke.1700",
              "1.19.6-gke.1100",
              "1.19.6-gke.600",
              "1.18.20-gke.6101",
              "1.18.20-gke.6000",
              "1.18.20-gke.4501",
              "1.18.20-gke.4500",
              "1.18.20-gke.4100",
              "1.18.20-gke.3300",
              "1.18.20-gke.3001",
              "1.18.20-gke.3000",
              "1.18.20-gke.2300",
              "1.18.20-gke.901",
              "1.18.20-gke.900",
              "1.18.20-gke.501",
              "1.18.19-gke.2101",
              "1.18.19-gke.2100",
              "1.18.19-gke.1701",
              "1.18.19-gke.1700",
              "1.18.18-gke.1701",
              "1.18.18-gke.1700",
              "1.18.18-gke.1101",
              "1.18.18-gke.1100",
              "1.18.17-gke.1901",
              "1.18.17-gke.1900",
              "1.18.17-gke.1201",
              "1.18.17-gke.1200",
              "1.18.17-gke.700",
              "1.18.17-gke.100",
              "1.18.16-gke.2100",
              "1.18.16-gke.1201",
              "1.18.16-gke.1200",
              "1.18.16-gke.502",
              "1.18.16-gke.500",
              "1.18.16-gke.302",
              "1.18.16-gke.300",
              "1.18.15-gke.2500",
              "1.18.15-gke.1502",
              "1.18.15-gke.1501",
              "1.18.15-gke.1500",
              "1.18.15-gke.1102",
              "1.18.15-gke.1100",
              "1.18.15-gke.800",
              "1.18.14-gke.1600",
              "1.18.14-gke.1200",
              "1.18.12-gke.1210",
              "1.18.12-gke.1206",
              "1.18.12-gke.1205",
              "1.18.12-gke.1201",
              "1.18.12-gke.1200",
              "1.18.12-gke.300",
              "1.18.10-gke.2701",
              "1.18.10-gke.2101",
              "1.18.10-gke.1500",
              "1.18.10-gke.601",
              "1.18.9-gke.2501",
              "1.18.9-gke.1501",
              "1.18.9-gke.801",
              "1.18.6-gke.4801",
              "1.18.6-gke.3504",
              "1.18.6-gke.3503",
              "1.17.17-gke.9100",
              "1.17.17-gke.8500",
              "1.17.17-gke.8200",
              "1.17.17-gke.7800",
              "1.17.17-gke.7200",
              "1.17.17-gke.6700",
              "1.17.17-gke.6000",
              "1.17.17-gke.5400",
              "1.17.17-gke.4900",
              "1.17.17-gke.4400",
              "1.17.17-gke.3700",
              "1.17.17-gke.3000",
              "1.17.17-gke.2800",
              "1.17.17-gke.2500",
              "1.17.17-gke.1500",
              "1.17.17-gke.1101",
              "1.17.17-gke.1100",
              "1.17.17-gke.600",
              "1.17.16-gke.1600",
              "1.17.16-gke.1300",
              "1.17.15-gke.800",
              "1.17.15-gke.300",
              "1.17.14-gke.1600",
              "1.17.14-gke.1200",
              "1.17.14-gke.400",
              "1.17.13-gke.2600",
              "1.17.13-gke.2001",
              "1.17.13-gke.1401",
              "1.17.13-gke.1400",
              "1.17.13-gke.600",
              "1.17.12-gke.2502",
              "1.17.12-gke.1504",
              "1.17.12-gke.1501",
              "1.17.12-gke.500",
              "1.17.9-gke.6300",
              "1.17.9-gke.1504",
              "1.16.15-gke.14800",
              "1.16.15-gke.12500",
              "1.16.15-gke.11800",
              "1.16.15-gke.10600",
              "1.16.15-gke.7801",
              "1.16.15-gke.7800",
              "1.16.15-gke.7300",
              "1.16.15-gke.6900",
              "1.16.15-gke.6000",
              "1.16.15-gke.5500",
              "1.16.15-gke.4901",
              "1.16.15-gke.4301",
              "1.16.15-gke.4300",
              "1.16.15-gke.3500",
              "1.16.15-gke.2601",
              "1.16.15-gke.1600",
              "1.16.15-gke.500",
              "1.16.13-gke.404",
              "1.16.13-gke.403",
              "1.16.13-gke.401",
              "1.16.13-gke.400",
              "1.16.13-gke.1",
              "1.16.11-gke.5",
              "1.16.10-gke.8",
              "1.16.9-gke.6",
              "1.16.9-gke.2",
              "1.16.8-gke.15",
              "1.16.8-gke.12",
              "1.16.8-gke.9",
              "1.15.12-gke.6002",
              "1.15.12-gke.6001",
              "1.15.12-gke.5000",
              "1.15.12-gke.4002",
              "1.15.12-gke.4000",
              "1.15.12-gke.20",
              "1.15.12-gke.17",
              "1.15.12-gke.16",
              "1.15.12-gke.13",
              "1.15.12-gke.9",
              "1.15.12-gke.6",
              "1.15.12-gke.3",
              "1.15.12-gke.2",
              "1.15.11-gke.17",
              "1.15.11-gke.15",
              "1.15.11-gke.13",
              "1.15.11-gke.12",
              "1.15.11-gke.11",
              "1.15.11-gke.9",
              "1.15.11-gke.5",
              "1.15.11-gke.3",
              "1.15.11-gke.1",
              "1.15.9-gke.26",
              "1.15.9-gke.24",
              "1.15.9-gke.22",
              "1.15.9-gke.12",
              "1.15.9-gke.9",
              "1.15.9-gke.8",
              "1.15.8-gke.3",
              "1.15.8-gke.2",
              "1.15.7-gke.23",
              "1.15.7-gke.2",
              "1.15.4-gke.22",
              "1.14.10-gke.1504",
              "1.14.10-gke.902",
              "1.14.10-gke.50",
              "1.14.10-gke.46",
              "1.14.10-gke.45",
              "1.14.10-gke.42",
              "1.14.10-gke.41",
              "1.14.10-gke.40",
              "1.14.10-gke.37",
              "1.14.10-gke.36",
              "1.14.10-gke.34",
              "1.14.10-gke.32",
              "1.14.10-gke.31",
              "1.14.10-gke.27",
              "1.14.10-gke.24",
              "1.14.10-gke.22",
              "1.14.10-gke.21",
              "1.14.10-gke.17",
              "1.14.10-gke.0",
              "1.14.9-gke.23",
              "1.14.9-gke.2",
              "1.14.9-gke.0",
              "1.14.8-gke.33",
              "1.14.8-gke.21",
              "1.14.8-gke.18",
              "1.14.8-gke.17",
              "1.14.8-gke.14",
              "1.14.8-gke.12",
              "1.14.8-gke.7",
              "1.14.8-gke.2",
              "1.14.7-gke.40",
              "1.14.7-gke.25",
              "1.14.7-gke.23",
              "1.14.7-gke.17",
              "1.14.7-gke.14",
              "1.14.7-gke.10",
              "1.14.6-gke.13",
              "1.14.6-gke.2",
              "1.14.6-gke.1",
              "1.14.3-gke.11",
              "1.14.3-gke.10",
              "1.14.3-gke.9",
              "1.14.2-gke.9",
              "1.14.1-gke.5",
              "1.13.12-gke.30",
              "1.13.12-gke.25",
              "1.13.12-gke.17",
              "1.13.12-gke.16",
              "1.13.12-gke.14",
              "1.13.12-gke.13",
              "1.13.12-gke.10",
              "1.13.12-gke.8",
              "1.13.12-gke.4",
              "1.13.12-gke.2",
              "1.13.11-gke.23",
              "1.13.11-gke.15",
              "1.13.11-gke.14",
              "1.13.11-gke.12",
              "1.13.11-gke.11",
              "1.13.11-gke.9",
              "1.13.11-gke.5",
              "1.13.10-gke.7",
              "1.13.10-gke.0",
              "1.13.9-gke.11",
              "1.13.9-gke.3",
              "1.13.7-gke.24",
              "1.13.7-gke.19",
              "1.13.7-gke.15",
              "1.13.7-gke.8",
              "1.13.7-gke.0",
              "1.13.6-gke.13",
              "1.13.6-gke.6",
              "1.13.6-gke.5",
              "1.13.6-gke.0",
              "1.13.5-gke.10",
              "1.12.10-gke.22",
              "1.12.10-gke.20",
              "1.12.10-gke.19",
              "1.12.10-gke.18",
              "1.12.10-gke.17",
              "1.12.10-gke.15",
              "1.12.10-gke.13",
              "1.12.10-gke.11",
              "1.12.10-gke.5",
              "1.12.9-gke.16",
              "1.12.9-gke.15",
              "1.12.9-gke.13",
              "1.12.9-gke.10",
              "1.12.9-gke.7",
              "1.12.9-gke.3",
              "1.12.8-gke.12",
              "1.12.8-gke.10",
              "1.12.8-gke.7",
              "1.12.8-gke.6",
              "1.12.7-gke.26",
              "1.12.7-gke.25",
              "1.12.7-gke.24",
              "1.12.7-gke.22",
              "1.12.7-gke.21",
              "1.12.7-gke.17",
              "1.12.7-gke.10",
              "1.12.7-gke.7",
              "1.12.6-gke.11",
              "1.12.6-gke.10",
              "1.12.6-gke.7",
              "1.12.5-gke.10",
              "1.12.5-gke.5",
              "1.11.10-gke.6",
              "1.11.10-gke.5"
            ],
            "version_prefix": null
          },
          "sensitive_attributes": []
        }
      ]
    },
    {
      "module": "module.gke.module.gke",
      "mode": "data",
      "type": "google_container_engine_versions",
      "name": "zone",
      "provider": "provider[\"registry.terraform.io/hashicorp/google\"]",
      "instances": [
        {
          "schema_version": 0,
          "attributes": {
            "default_cluster_version": "1.33.5-gke.1308000",
            "id": "2026-01-06 05:13:27.963978 +0000 UTC",
            "latest_master_version": "1.34.1-gke.3947000",
            "latest_node_version": "1.34.1-gke.3947000",
            "location": "us-central1-a",
            "project": "leander-test-471809",
            "release_channel_default_version": {
              "EXTENDED": "1.33.5-gke.1308000",
              "RAPID": "1.34.1-gke.3355002",
              "REGULAR": "1.33.5-gke.1308000",
              "STABLE": "1.33.5-gke.1162000"
            },
            "release_channel_latest_version": {
              "EXTENDED": "1.34.1-gke.3355002",
              "RAPID": "1.35.0-gke.1340000",
              "REGULAR": "1.34.1-gke.3355002",
              "STABLE": "1.33.5-gke.1308000"
            },
            "valid_master_versions": [
              "1.34.1-gke.3947000",
              "1.34.1-gke.3899000",
              "1.34.1-gke.3759000",
              "1.34.1-gke.3556000",
              "1.34.1-gke.3403002",
              "1.34.1-gke.3355002",
              "1.34.1-gke.3355001",
              "1.34.1-gke.3084002",
              "1.34.1-gke.2909002",
              "1.34.1-gke.2541000",
              "1.34.0-gke.2201000",
              "1.33.5-gke.2100000",
              "1.33.5-gke.2072000",
              "1.33.5-gke.2019000",
              "1.33.5-gke.1956000",
              "1.33.5-gke.1894000",
              "1.33.5-gke.1862000",
              "1.33.5-gke.1308000",
              "1.33.5-gke.1201000",
              "1.33.5-gke.1162000",
              "1.33.5-gke.1125000",
              "1.32.9-gke.1728000",
              "1.32.9-gke.1711000",
              "1.32.9-gke.1675000",
              "1.32.9-gke.1632000",
              "1.32.9-gke.1592000",
              "1.32.9-gke.1575000",
              "1.32.9-gke.1548000",
              "1.32.9-gke.1239000",
              "1.32.9-gke.1108000",
              "1.31.14-gke.1166000",
              "1.31.14-gke.1156000",
              "1.31.14-gke.1114000",
              "1.31.14-gke.1081000",
              "1.31.14-gke.1045000",
              "1.31.14-gke.1033000",
              "1.31.13-gke.1454000",
              "1.31.13-gke.1139000",
              "1.31.13-gke.1023000"
            ],
            "valid_node_versions": [
              "1.34.1-gke.3947000",
              "1.34.1-gke.3899000",
              "1.34.1-gke.3759000",
              "1.34.1-gke.3556000",
              "1.34.1-gke.3403002",
              "1.34.1-gke.3403001",
              "1.34.1-gke.3355002",
              "1.34.1-gke.3355001",
              "1.34.1-gke.3355000",
              "1.34.1-gke.3225000",
              "1.34.1-gke.3084002",
              "1.34.1-gke.3084001",
              "1.34.1-gke.2980000",
              "1.34.1-gke.2909002",
              "1.34.1-gke.2909000",
              "1.34.1-gke.2541000",
              "1.34.1-gke.2037002",
              "1.34.1-gke.2037001",
              "1.34.1-gke.1829001",
              "1.34.0-gke.2201000",
              "1.33.5-gke.2100000",
              "1.33.5-gke.2072000",
              "1.33.5-gke.2019000",
              "1.33.5-gke.1956000",
              "1.33.5-gke.1894000",
              "1.33.5-gke.1862000",
              "1.33.5-gke.1791000",
              "1.33.5-gke.1697000",
              "1.33.5-gke.1521000",
              "1.33.5-gke.1350000",
              "1.33.5-gke.1308000",
              "1.33.5-gke.1201000",
              "1.33.5-gke.1162000",
              "1.33.5-gke.1125000",
              "1.33.5-gke.1080000",
              "1.33.4-gke.1350000",
              "1.33.4-gke.1245000",
              "1.33.4-gke.1172000",
              "1.33.4-gke.1134000",
              "1.33.4-gke.1036000",
              "1.33.3-gke.1392000",
              "1.33.3-gke.1266000",
              "1.33.3-gke.1250000",
              "1.33.3-gke.1136000",
              "1.33.2-gke.4780000",
              "1.33.2-gke.4655000",
              "1.33.2-gke.1384000",
              "1.33.2-gke.1240000",
              "1.33.2-gke.1111000",
              "1.33.2-gke.1043000",
              "1.33.1-gke.1959000",
              "1.33.1-gke.1744000",
              "1.33.1-gke.1584000",
              "1.33.1-gke.1545000",
              "1.33.1-gke.1386000",
              "1.33.1-gke.1375000",
              "1.33.1-gke.1107000",
              "1.33.0-gke.2248000",
              "1.32.9-gke.1728000",
              "1.32.9-gke.1711000",
              "1.32.9-gke.1675000",
              "1.32.9-gke.1632000",
              "1.32.9-gke.1592000",
              "1.32.9-gke.1575000",
              "1.32.9-gke.1548000",
              "1.32.9-gke.1462000",
              "1.32.9-gke.1330000",
              "1.32.9-gke.1239000",
              "1.32.9-gke.1207000",
              "1.32.9-gke.1130000",
              "1.32.9-gke.1108000",
              "1.32.9-gke.1092000",
              "1.32.9-gke.1072000",
              "1.32.9-gke.1010000",
              "1.32.8-gke.1170000",
              "1.32.8-gke.1134000",
              "1.32.8-gke.1108000",
              "1.32.8-gke.1026000",
              "1.32.8-gke.1005000",
              "1.32.7-gke.1079000",
              "1.32.7-gke.1016000",
              "1.32.6-gke.1125000",
              "1.32.6-gke.1096000",
              "1.32.6-gke.1060000",
              "1.32.6-gke.1025000",
              "1.32.6-gke.1013000",
              "1.32.4-gke.1767000",
              "1.32.4-gke.1698000",
              "1.32.4-gke.1603000",
              "1.32.4-gke.1533000",
              "1.32.4-gke.1415001",
              "1.32.4-gke.1415000",
              "1.32.4-gke.1353003",
              "1.32.4-gke.1353001",
              "1.32.4-gke.1353000",
              "1.32.4-gke.1236007",
              "1.32.4-gke.1236006",
              "1.32.4-gke.1236000",
              "1.32.4-gke.1106006",
              "1.32.4-gke.1106000",
              "1.32.3-gke.1927009",
              "1.32.3-gke.1927002",
              "1.32.3-gke.1927000",
              "1.32.3-gke.1785003",
              "1.32.3-gke.1785000",
              "1.32.3-gke.1717000",
              "1.32.3-gke.1440000",
              "1.32.3-gke.1170000",
              "1.32.3-gke.1057001",
              "1.32.2-gke.1652003",
              "1.32.2-gke.1652000",
              "1.32.2-gke.1400003",
              "1.32.2-gke.1400001",
              "1.32.2-gke.1297002",
              "1.32.2-gke.1297001",
              "1.32.2-gke.1297000",
              "1.32.2-gke.1182003",
              "1.32.2-gke.1182002",
              "1.32.2-gke.1182001",
              "1.32.2-gke.1182000",
              "1.32.1-gke.1729000",
              "1.32.1-gke.1489001",
              "1.32.1-gke.1357001",
              "1.32.1-gke.1200003",
              "1.31.14-gke.1166000",
              "1.31.14-gke.1156000",
              "1.31.14-gke.1114000",
              "1.31.14-gke.1081000",
              "1.31.14-gke.1045000",
              "1.31.14-gke.1033000",
              "1.31.13-gke.1454000",
              "1.31.13-gke.1377000",
              "1.31.13-gke.1231000",
              "1.31.13-gke.1139000",
              "1.31.13-gke.1123000",
              "1.31.13-gke.1040000",
              "1.31.13-gke.1023000",
              "1.31.13-gke.1008000",
              "1.31.12-gke.1265000",
              "1.31.12-gke.1220000",
              "1.31.12-gke.1110000",
              "1.31.12-gke.1083000",
              "1.31.12-gke.1060000",
              "1.31.12-gke.1014000",
              "1.31.11-gke.1135000",
              "1.31.11-gke.1101000",
              "1.31.11-gke.1064000",
              "1.31.11-gke.1036000",
              "1.31.11-gke.1002000",
              "1.31.10-gke.1067000",
              "1.31.10-gke.1034000",
              "1.31.10-gke.1021000",
              "1.31.9-gke.1287000",
              "1.31.9-gke.1218000",
              "1.31.9-gke.1176000",
              "1.31.9-gke.1119000",
              "1.31.9-gke.1044001",
              "1.31.9-gke.1044000",
              "1.31.9-gke.1005000",
              "1.31.8-gke.1113000",
              "1.31.8-gke.1045000",
              "1.31.7-gke.1390000",
              "1.31.7-gke.1265000",
              "1.31.7-gke.1212000",
              "1.31.7-gke.1149000",
              "1.31.7-gke.1112000",
              "1.31.7-gke.1013002",
              "1.31.7-gke.1013001",
              "1.31.6-gke.1221001",
              "1.31.6-gke.1221000",
              "1.31.6-gke.1140000",
              "1.31.6-gke.1099001",
              "1.31.6-gke.1099000",
              "1.31.6-gke.1064001",
              "1.31.6-gke.1064000",
              "1.31.6-gke.1027000",
              "1.31.6-gke.1020001",
              "1.31.6-gke.1020000",
              "1.31.5-gke.1233001",
              "1.31.5-gke.1233000",
              "1.31.5-gke.1169001",
              "1.31.5-gke.1169000",
              "1.31.5-gke.1068000",
              "1.31.5-gke.1023000",
              "1.31.4-gke.1372000",
              "1.31.4-gke.1256000",
              "1.31.4-gke.1249000",
              "1.31.4-gke.1183000",
              "1.31.4-gke.1177000",
              "1.31.4-gke.1072000",
              "1.31.3-gke.1162000",
              "1.31.3-gke.1121001",
              "1.31.3-gke.1056000",
              "1.31.3-gke.1023000",
              "1.31.3-gke.1006000",
              "1.31.2-gke.1518000",
              "1.31.2-gke.1384000",
              "1.31.2-gke.1354000",
              "1.31.2-gke.1115000",
              "1.31.1-gke.2105000",
              "1.31.1-gke.2008000",
              "1.31.1-gke.1846000",
              "1.31.1-gke.1678000",
              "1.31.1-gke.1146000",
              "1.30.14-gke.1861000",
              "1.30.14-gke.1855000",
              "1.30.14-gke.1820000",
              "1.30.14-gke.1794000",
              "1.30.14-gke.1760000",
              "1.30.14-gke.1746000",
              "1.30.14-gke.1719000",
              "1.30.14-gke.1658000",
              "1.30.14-gke.1525000",
              "1.30.14-gke.1426000",
              "1.30.14-gke.1408000",
              "1.30.14-gke.1349000",
              "1.30.14-gke.1336000",
              "1.30.14-gke.1325000",
              "1.30.14-gke.1316000",
              "1.30.14-gke.1267000",
              "1.30.14-gke.1150000",
              "1.30.14-gke.1130000",
              "1.30.14-gke.1108000",
              "1.30.14-gke.1059000",
              "1.30.14-gke.1036000",
              "1.30.14-gke.1011000",
              "1.30.12-gke.1414000",
              "1.30.12-gke.1390000",
              "1.30.12-gke.1372000",
              "1.30.12-gke.1340000",
              "1.30.12-gke.1333000",
              "1.30.12-gke.1320000",
              "1.30.12-gke.1279000",
              "1.30.12-gke.1246000",
              "1.30.12-gke.1208000",
              "1.30.12-gke.1168000",
              "1.30.12-gke.1151000",
              "1.30.12-gke.1086000",
              "1.30.12-gke.1033000",
              "1.30.11-gke.1217000",
              "1.30.11-gke.1157000",
              "1.30.11-gke.1131000",
              "1.30.11-gke.1093000",
              "1.30.11-gke.1072000",
              "1.30.11-gke.1008001",
              "1.30.10-gke.1227001",
              "1.30.10-gke.1227000",
              "1.30.10-gke.1145000",
              "1.30.10-gke.1102000",
              "1.30.10-gke.1070000",
              "1.30.10-gke.1042000",
              "1.30.10-gke.1022000",
              "1.30.9-gke.1231000",
              "1.30.9-gke.1201000",
              "1.30.9-gke.1127000",
              "1.30.9-gke.1046000",
              "1.30.9-gke.1027000",
              "1.30.9-gke.1009000",
              "1.30.8-gke.1282000",
              "1.30.8-gke.1261000",
              "1.30.8-gke.1224000",
              "1.30.8-gke.1162001",
              "1.30.8-gke.1162000",
              "1.30.8-gke.1133000",
              "1.30.8-gke.1128001",
              "1.30.8-gke.1128000",
              "1.30.8-gke.1051001",
              "1.30.8-gke.1051000",
              "1.30.7-gke.1136000",
              "1.30.7-gke.1084000",
              "1.30.7-gke.1077000",
              "1.30.6-gke.1596000",
              "1.30.6-gke.1125000",
              "1.30.6-gke.1059000",
              "1.30.5-gke.1713000",
              "1.30.5-gke.1699000",
              "1.30.5-gke.1628000",
              "1.30.5-gke.1443001",
              "1.30.5-gke.1355000",
              "1.30.5-gke.1145000",
              "1.30.5-gke.1014003",
              "1.30.5-gke.1014001",
              "1.30.5-gke.1014000",
              "1.30.4-gke.1476000",
              "1.30.4-gke.1348001",
              "1.30.4-gke.1348000",
              "1.30.4-gke.1282000",
              "1.30.4-gke.1213000",
              "1.30.4-gke.1129000",
              "1.30.3-gke.1969002",
              "1.30.3-gke.1969001",
              "1.30.3-gke.1639000",
              "1.30.3-gke.1451000",
              "1.30.3-gke.1225000",
              "1.30.2-gke.1587003",
              "1.30.1-gke.1329003",
              "1.29.15-gke.2617000",
              "1.29.15-gke.2613000",
              "1.29.15-gke.2585000",
              "1.29.15-gke.2553000",
              "1.29.15-gke.2520000",
              "1.29.15-gke.2505000",
              "1.29.15-gke.2467000",
              "1.29.15-gke.2380000",
              "1.29.15-gke.2236000",
              "1.29.15-gke.2109000",
              "1.29.15-gke.2085000",
              "1.29.15-gke.2002000",
              "1.29.15-gke.1989000",
              "1.29.15-gke.1979000",
              "1.29.15-gke.1971000",
              "1.29.15-gke.1936000",
              "1.29.15-gke.1851000",
              "1.29.15-gke.1835000",
              "1.29.15-gke.1820000",
              "1.29.15-gke.1773000",
              "1.29.15-gke.1756000",
              "1.29.15-gke.1713000",
              "1.29.15-gke.1686000",
              "1.29.15-gke.1656000",
              "1.29.15-gke.1639000",
              "1.29.15-gke.1614000",
              "1.29.15-gke.1607000",
              "1.29.15-gke.1594000",
              "1.29.15-gke.1549000",
              "1.29.15-gke.1523000",
              "1.29.15-gke.1493000",
              "1.29.15-gke.1415000",
              "1.29.15-gke.1395000",
              "1.29.15-gke.1325000",
              "1.29.15-gke.1274000",
              "1.29.15-gke.1240000",
              "1.29.15-gke.1193000",
              "1.29.15-gke.1170000",
              "1.29.15-gke.1134000",
              "1.29.15-gke.1108000",
              "1.29.15-gke.1058000",
              "1.29.15-gke.1017000",
              "1.29.14-gke.1132000",
              "1.29.14-gke.1086000",
              "1.29.14-gke.1067000",
              "1.29.14-gke.1020000",
              "1.29.14-gke.1018000",
              "1.29.13-gke.1169000",
              "1.29.13-gke.1109000",
              "1.29.13-gke.1038000",
              "1.29.13-gke.1006000",
              "1.29.12-gke.1270000",
              "1.29.12-gke.1143001",
              "1.29.12-gke.1143000",
              "1.29.12-gke.1126000",
              "1.29.12-gke.1120001",
              "1.29.12-gke.1120000",
              "1.29.12-gke.1055001",
              "1.29.12-gke.1055000",
              "1.29.11-gke.1045000",
              "1.29.11-gke.1012000",
              "1.29.10-gke.1280000",
              "1.29.10-gke.1227000",
              "1.29.10-gke.1155000",
              "1.29.10-gke.1071000",
              "1.29.10-gke.1054000",
              "1.29.10-gke.1043000",
              "1.29.9-gke.1541000",
              "1.29.9-gke.1496000",
              "1.29.9-gke.1341000",
              "1.29.9-gke.1177000",
              "1.29.8-gke.1278000",
              "1.29.8-gke.1211000",
              "1.29.8-gke.1157000",
              "1.29.8-gke.1096000",
              "1.29.8-gke.1057000",
              "1.29.8-gke.1031000",
              "1.29.7-gke.1274000",
              "1.29.7-gke.1174000",
              "1.29.7-gke.1104000",
              "1.29.7-gke.1008000",
              "1.29.6-gke.1326000",
              "1.29.6-gke.1254000",
              "1.29.6-gke.1137000",
              "1.29.6-gke.1038001",
              "1.29.6-gke.1038000",
              "1.29.5-gke.1192000",
              "1.29.5-gke.1121000",
              "1.29.5-gke.1091002",
              "1.29.5-gke.1091001",
              "1.29.5-gke.1091000",
              "1.29.5-gke.1060001",
              "1.29.5-gke.1060000",
              "1.29.5-gke.1010000",
              "1.29.4-gke.1670000",
              "1.29.4-gke.1542000",
              "1.29.4-gke.1447001",
              "1.29.4-gke.1447000",
              "1.29.4-gke.1165000",
              "1.29.4-gke.1043004",
              "1.29.4-gke.1043002",
              "1.29.4-gke.1043001",
              "1.29.4-gke.1043000",
              "1.29.3-gke.1282005",
              "1.29.3-gke.1282001",
              "1.29.3-gke.1282000",
              "1.29.3-gke.1093006",
              "1.29.3-gke.1093000",
              "1.29.2-gke.1521000",
              "1.29.2-gke.1217000",
              "1.29.2-gke.1060000",
              "1.29.1-gke.1589020",
              "1.29.1-gke.1589018",
              "1.29.1-gke.1589017",
              "1.29.1-gke.1589000",
              "1.29.1-gke.1575000",
              "1.29.1-gke.1425000",
              "1.29.1-gke.1016000",
              "1.29.0-gke.1381000",
              "1.28.15-gke.3285000",
              "1.28.15-gke.3280000",
              "1.28.15-gke.3251000",
              "1.28.15-gke.3225000",
              "1.28.15-gke.3202000",
              "1.28.15-gke.3188000",
              "1.28.15-gke.3163000",
              "1.28.15-gke.3096000",
              "1.28.15-gke.2966000",
              "1.28.15-gke.2857000",
              "1.28.15-gke.2793000",
              "1.28.15-gke.2767000",
              "1.28.15-gke.2751000",
              "1.28.15-gke.2740000",
              "1.28.15-gke.2730000",
              "1.28.15-gke.2697000",
              "1.28.15-gke.2630000",
              "1.28.15-gke.2610000",
              "1.28.15-gke.2599000",
              "1.28.15-gke.2564000",
              "1.28.15-gke.2547000",
              "1.28.15-gke.2527000",
              "1.28.15-gke.2507000",
              "1.28.15-gke.2488000",
              "1.28.15-gke.2475000",
              "1.28.15-gke.2461000",
              "1.28.15-gke.2456000",
              "1.28.15-gke.2445000",
              "1.28.15-gke.2428000",
              "1.28.15-gke.2403000",
              "1.28.15-gke.2380000",
              "1.28.15-gke.2303000",
              "1.28.15-gke.2287000",
              "1.28.15-gke.2239000",
              "1.28.15-gke.2192000",
              "1.28.15-gke.2169000",
              "1.28.15-gke.2142000",
              "1.28.15-gke.2121000",
              "1.28.15-gke.2097000",
              "1.28.15-gke.2072000",
              "1.28.15-gke.2027000",
              "1.28.15-gke.2003000",
              "1.28.15-gke.1940000",
              "1.28.15-gke.1897000",
              "1.28.15-gke.1881000",
              "1.28.15-gke.1844000",
              "1.28.15-gke.1781000",
              "1.28.15-gke.1720000",
              "1.28.15-gke.1673000",
              "1.28.15-gke.1641000",
              "1.28.15-gke.1612000",
              "1.28.15-gke.1503000",
              "1.28.15-gke.1488000",
              "1.28.15-gke.1480000",
              "1.28.15-gke.1435000",
              "1.28.15-gke.1388000",
              "1.28.15-gke.1362000",
              "1.28.15-gke.1344000",
              "1.28.15-gke.1342000",
              "1.28.15-gke.1159000",
              "1.28.15-gke.1080000",
              "1.28.15-gke.1041000",
              "1.28.15-gke.1020000",
              "1.28.15-gke.1015000",
              "1.28.14-gke.1376000",
              "1.28.14-gke.1340000",
              "1.28.14-gke.1217000",
              "1.28.14-gke.1175000",
              "1.28.14-gke.1099000",
              "1.28.14-gke.1004000",
              "1.28.13-gke.1119000",
              "1.28.13-gke.1078000",
              "1.28.13-gke.1049000",
              "1.28.13-gke.1042000",
              "1.28.13-gke.1024000",
              "1.28.13-gke.1006000",
              "1.28.12-gke.1179000",
              "1.28.12-gke.1090000",
              "1.28.12-gke.1052000",
              "1.28.11-gke.1315000",
              "1.28.11-gke.1289000",
              "1.28.11-gke.1260000",
              "1.28.11-gke.1172000",
              "1.28.11-gke.1170000",
              "1.28.11-gke.1019001",
              "1.28.11-gke.1019000",
              "1.28.10-gke.1148001",
              "1.28.10-gke.1148000",
              "1.28.10-gke.1141000",
              "1.28.10-gke.1089002",
              "1.28.10-gke.1089000",
              "1.28.10-gke.1075001",
              "1.28.10-gke.1075000",
              "1.28.10-gke.1058001",
              "1.28.10-gke.1058000",
              "1.28.10-gke.1012000",
              "1.28.9-gke.1289002",
              "1.28.9-gke.1289000",
              "1.28.9-gke.1250000",
              "1.28.9-gke.1209001",
              "1.28.9-gke.1209000",
              "1.28.9-gke.1069002",
              "1.28.9-gke.1069000",
              "1.28.9-gke.1000000",
              "1.28.8-gke.1175000",
              "1.28.8-gke.1095000",
              "1.28.7-gke.1226000",
              "1.28.7-gke.1026001",
              "1.28.7-gke.1026000",
              "1.28.6-gke.1456000",
              "1.28.6-gke.1369000",
              "1.28.6-gke.1289000",
              "1.28.6-gke.1095000",
              "1.28.5-gke.1217000",
              "1.28.4-gke.1083000",
              "1.28.3-gke.1286000",
              "1.28.3-gke.1203001",
              "1.28.3-gke.1203000",
              "1.28.3-gke.1118000",
              "1.28.3-gke.1098000",
              "1.28.3-gke.1090000",
              "1.28.2-gke.1157000",
              "1.27.16-gke.2894000",
              "1.27.16-gke.2874000",
              "1.27.16-gke.2853000",
              "1.27.16-gke.2820000",
              "1.27.16-gke.2810000",
              "1.27.16-gke.2771000",
              "1.27.16-gke.2732000",
              "1.27.16-gke.2703000",
              "1.27.16-gke.2682000",
              "1.27.16-gke.2664000",
              "1.27.16-gke.2650000",
              "1.27.16-gke.2633000",
              "1.27.16-gke.2595000",
              "1.27.16-gke.2573000",
              "1.27.16-gke.2528000",
              "1.27.16-gke.2489000",
              "1.27.16-gke.2477000",
              "1.27.16-gke.2451000",
              "1.27.16-gke.2440000",
              "1.27.16-gke.2387000",
              "1.27.16-gke.2342000",
              "1.27.16-gke.2296000",
              "1.27.16-gke.2270000",
              "1.27.16-gke.2246000",
              "1.27.16-gke.2142000",
              "1.27.16-gke.2122000",
              "1.27.16-gke.2081000",
              "1.27.16-gke.2051000",
              "1.27.16-gke.2027000",
              "1.27.16-gke.2019000",
              "1.27.16-gke.1836000",
              "1.27.16-gke.1784000",
              "1.27.16-gke.1742000",
              "1.27.16-gke.1712000",
              "1.27.16-gke.1681000",
              "1.27.16-gke.1576000",
              "1.27.16-gke.1478000",
              "1.27.16-gke.1373000",
              "1.27.16-gke.1342000",
              "1.27.16-gke.1296000",
              "1.27.16-gke.1287000",
              "1.27.16-gke.1258000",
              "1.27.16-gke.1234001",
              "1.27.16-gke.1234000",
              "1.27.16-gke.1148001",
              "1.27.16-gke.1148000",
              "1.27.16-gke.1082000",
              "1.27.16-gke.1051001",
              "1.27.16-gke.1051000",
              "1.27.16-gke.1008000",
              "1.27.15-gke.1252000",
              "1.27.15-gke.1154000",
              "1.27.15-gke.1125000",
              "1.27.15-gke.1012003",
              "1.27.15-gke.1012000",
              "1.27.14-gke.1100002",
              "1.27.14-gke.1100000",
              "1.27.14-gke.1093000",
              "1.27.14-gke.1059002",
              "1.27.14-gke.1059001",
              "1.27.14-gke.1059000",
              "1.27.14-gke.1042001",
              "1.27.14-gke.1042000",
              "1.27.14-gke.1022001",
              "1.27.14-gke.1022000",
              "1.27.14-gke.1011000",
              "1.27.13-gke.1201002",
              "1.27.13-gke.1201000",
              "1.27.13-gke.1166001",
              "1.27.13-gke.1166000",
              "1.27.13-gke.1070002",
              "1.27.13-gke.1070000",
              "1.27.13-gke.1000000",
              "1.27.12-gke.1190000",
              "1.27.12-gke.1115000",
              "1.27.11-gke.1202000",
              "1.27.11-gke.1118000",
              "1.27.11-gke.1062004",
              "1.27.11-gke.1062003",
              "1.27.11-gke.1062001",
              "1.27.11-gke.1062000",
              "1.27.11-gke.1018000",
              "1.27.10-gke.1207000",
              "1.27.10-gke.1152000",
              "1.27.10-gke.1055000",
              "1.27.9-gke.1092000",
              "1.27.8-gke.1067004",
              "1.27.8-gke.1067000",
              "1.27.7-gke.1293000",
              "1.27.7-gke.1121002",
              "1.27.7-gke.1121000",
              "1.27.7-gke.1088000",
              "1.27.7-gke.1056000",
              "1.27.7-gke.1038000",
              "1.27.6-gke.1506000",
              "1.27.6-gke.1445000",
              "1.27.6-gke.1248000",
              "1.27.5-gke.200",
              "1.27.4-gke.900",
              "1.27.3-gke.1700",
              "1.27.3-gke.100",
              "1.27.2-gke.2100",
              "1.27.2-gke.1200",
              "1.26.15-gke.1469001",
              "1.26.15-gke.1469000",
              "1.26.15-gke.1436000",
              "1.26.15-gke.1404002",
              "1.26.15-gke.1404000",
              "1.26.15-gke.1390001",
              "1.26.15-gke.1390000",
              "1.26.15-gke.1381001",
              "1.26.15-gke.1381000",
              "1.26.15-gke.1372001",
              "1.26.15-gke.1360000",
              "1.26.15-gke.1320002",
              "1.26.15-gke.1320000",
              "1.26.15-gke.1300001",
              "1.26.15-gke.1300000",
              "1.26.15-gke.1243000",
              "1.26.15-gke.1191001",
              "1.26.15-gke.1191000",
              "1.26.15-gke.1158000",
              "1.26.15-gke.1090004",
              "1.26.15-gke.1090000",
              "1.26.14-gke.1133000",
              "1.26.14-gke.1076000",
              "1.26.14-gke.1044001",
              "1.26.14-gke.1044000",
              "1.26.14-gke.1006000",
              "1.26.13-gke.1189000",
              "1.26.13-gke.1144000",
              "1.26.13-gke.1052000",
              "1.26.12-gke.1111000",
              "1.26.11-gke.1055000",
              "1.26.10-gke.1235000",
              "1.26.10-gke.1101000",
              "1.26.10-gke.1073000",
              "1.26.10-gke.1038000",
              "1.26.10-gke.1024000",
              "1.26.9-gke.1507000",
              "1.26.9-gke.1437000",
              "1.26.8-gke.200",
              "1.26.7-gke.500",
              "1.26.6-gke.1700",
              "1.26.5-gke.2700",
              "1.26.5-gke.2100",
              "1.26.5-gke.1400",
              "1.26.5-gke.1200",
              "1.26.4-gke.1400",
              "1.26.4-gke.500",
              "1.26.3-gke.1000",
              "1.26.3-gke.400",
              "1.26.2-gke.1000",
              "1.26.1-gke.1500",
              "1.25.16-gke.1759000",
              "1.25.16-gke.1711000",
              "1.25.16-gke.1648000",
              "1.25.16-gke.1596000",
              "1.25.16-gke.1570000",
              "1.25.16-gke.1537000",
              "1.25.16-gke.1497000",
              "1.25.16-gke.1460000",
              "1.25.16-gke.1360000",
              "1.25.16-gke.1268000",
              "1.25.16-gke.1041000",
              "1.25.16-gke.1020000",
              "1.25.15-gke.1115000",
              "1.25.15-gke.1083000",
              "1.25.15-gke.1049000",
              "1.25.15-gke.1033000",
              "1.25.14-gke.1474000",
              "1.25.14-gke.1421000",
              "1.25.13-gke.200",
              "1.25.12-gke.500",
              "1.25.11-gke.1700",
              "1.25.10-gke.2700",
              "1.25.10-gke.2100",
              "1.25.10-gke.1400",
              "1.25.10-gke.1200",
              "1.25.9-gke.2300",
              "1.25.9-gke.400",
              "1.25.8-gke.1000",
              "1.25.8-gke.500",
              "1.25.7-gke.1000",
              "1.25.6-gke.1000",
              "1.25.6-gke.200",
              "1.25.5-gke.2000",
              "1.25.5-gke.1500",
              "1.25.4-gke.2100",
              "1.25.3-gke.800",
              "1.24.17-gke.2472000",
              "1.24.17-gke.2364000",
              "1.24.17-gke.2347000",
              "1.24.17-gke.2266000",
              "1.24.17-gke.2230000",
              "1.24.17-gke.2211000",
              "1.24.17-gke.2198000",
              "1.24.17-gke.2155000",
              "1.24.17-gke.2113000",
              "1.24.17-gke.200",
              "1.24.16-gke.500",
              "1.24.15-gke.1700",
              "1.24.14-gke.2700",
              "1.24.14-gke.2100",
              "1.24.14-gke.1400",
              "1.24.14-gke.1200",
              "1.24.13-gke.2500",
              "1.24.13-gke.500",
              "1.24.12-gke.1000",
              "1.24.12-gke.500",
              "1.24.11-gke.1000",
              "1.24.10-gke.2300",
              "1.24.10-gke.1200",
              "1.24.9-gke.3200",
              "1.24.9-gke.2000",
              "1.24.9-gke.1500",
              "1.24.8-gke.2000",
              "1.24.8-gke.401",
              "1.24.7-gke.900",
              "1.24.6-gke.1500",
              "1.24.5-gke.600",
              "1.24.4-gke.800",
              "1.24.3-gke.2100",
              "1.24.3-gke.900",
              "1.24.3-gke.200",
              "1.24.2-gke.1900",
              "1.24.2-gke.300",
              "1.24.1-gke.1800",
              "1.24.1-gke.1400",
              "1.23.17-gke.10700",
              "1.23.17-gke.10000",
              "1.23.17-gke.8400",
              "1.23.17-gke.7700",
              "1.23.17-gke.7000",
              "1.23.17-gke.6800",
              "1.23.17-gke.5600",
              "1.23.17-gke.3600",
              "1.23.17-gke.2000",
              "1.23.17-gke.1700",
              "1.23.17-gke.300",
              "1.23.16-gke.2500",
              "1.23.16-gke.1400",
              "1.23.16-gke.1100",
              "1.23.16-gke.200",
              "1.23.15-gke.1900",
              "1.23.15-gke.1400",
              "1.23.14-gke.1800",
              "1.23.14-gke.401",
              "1.23.13-gke.900",
              "1.23.12-gke.1600",
              "1.23.12-gke.100",
              "1.23.11-gke.300",
              "1.23.10-gke.1000",
              "1.23.9-gke.2100",
              "1.23.9-gke.900",
              "1.23.8-gke.1900",
              "1.23.8-gke.400",
              "1.23.7-gke.1400",
              "1.23.6-gke.2200",
              "1.23.6-gke.1700",
              "1.23.6-gke.1501",
              "1.23.6-gke.1500",
              "1.23.5-gke.2400",
              "1.23.5-gke.1503",
              "1.23.5-gke.1501",
              "1.22.17-gke.14100",
              "1.22.17-gke.13400",
              "1.22.17-gke.12700",
              "1.22.17-gke.11400",
              "1.22.17-gke.9400",
              "1.22.17-gke.8000",
              "1.22.17-gke.7500",
              "1.22.17-gke.6100",
              "1.22.17-gke.5400",
              "1.22.17-gke.4300",
              "1.22.17-gke.4000",
              "1.22.17-gke.3100",
              "1.22.17-gke.1900",
              "1.22.17-gke.1400",
              "1.22.16-gke.2000",
              "1.22.16-gke.1300",
              "1.22.15-gke.2500",
              "1.22.15-gke.1000",
              "1.22.15-gke.100",
              "1.22.14-gke.300",
              "1.22.13-gke.1000",
              "1.22.12-gke.2300",
              "1.22.12-gke.1200",
              "1.22.12-gke.500",
              "1.22.12-gke.300",
              "1.22.11-gke.400",
              "1.22.10-gke.600",
              "1.22.9-gke.2000",
              "1.22.9-gke.1500",
              "1.22.9-gke.1300",
              "1.22.8-gke.2200",
              "1.22.8-gke.202",
              "1.22.8-gke.201",
              "1.22.8-gke.200",
              "1.22.7-gke.1500",
              "1.22.7-gke.1300",
              "1.22.7-gke.900",
              "1.22.7-gke.300",
              "1.22.6-gke.1000",
              "1.22.6-gke.300",
              "1.22.4-gke.1501",
              "1.22.3-gke.1500",
              "1.21.14-gke.18800",
              "1.21.14-gke.18100",
              "1.21.14-gke.15800",
              "1.21.14-gke.14600",
              "1.21.14-gke.14100",
              "1.21.14-gke.8500",
              "1.21.14-gke.7100",
              "1.21.14-gke.5300",
              "1.21.14-gke.4300",
              "1.21.14-gke.3000",
              "1.21.14-gke.2700",
              "1.21.14-gke.2100",
              "1.21.14-gke.700",
              "1.21.13-gke.900",
              "1.21.12-gke.2200",
              "1.21.12-gke.1700",
              "1.21.12-gke.1500",
              "1.21.11-gke.1900",
              "1.21.11-gke.1100",
              "1.21.11-gke.900",
              "1.21.10-gke.2000",
              "1.21.10-gke.1500",
              "1.21.10-gke.1300",
              "1.21.10-gke.400",
              "1.21.9-gke.1002",
              "1.21.9-gke.1001",
              "1.21.9-gke.1000",
              "1.21.9-gke.300",
              "1.21.6-gke.1503",
              "1.21.6-gke.1501",
              "1.21.6-gke.1500",
              "1.21.5-gke.1805",
              "1.21.5-gke.1802",
              "1.21.5-gke.1302",
              "1.21.5-gke.1300",
              "1.21.4-gke.2302",
              "1.21.4-gke.2300",
              "1.21.3-gke.2003",
              "1.21.3-gke.2001",
              "1.20.15-gke.13700",
              "1.20.15-gke.13400",
              "1.20.15-gke.12800",
              "1.20.15-gke.11400",
              "1.20.15-gke.9900",
              "1.20.15-gke.8700",
              "1.20.15-gke.8200",
              "1.20.15-gke.8000",
              "1.20.15-gke.6000",
              "1.20.15-gke.5200",
              "1.20.15-gke.5000",
              "1.20.15-gke.4100",
              "1.20.15-gke.3600",
              "1.20.15-gke.3400",
              "1.20.15-gke.2500",
              "1.20.15-gke.1000",
              "1.20.15-gke.300",
              "1.20.12-gke.1500",
              "1.20.11-gke.1801",
              "1.20.11-gke.1300",
              "1.20.10-gke.2100",
              "1.20.10-gke.1600",
              "1.20.10-gke.301",
              "1.20.9-gke.2100",
              "1.20.9-gke.1001",
              "1.20.9-gke.1000",
              "1.20.9-gke.701",
              "1.20.9-gke.700",
              "1.20.8-gke.2101",
              "1.20.8-gke.2100",
              "1.20.8-gke.900",
              "1.20.8-gke.700",
              "1.20.7-gke.2200",
              "1.20.7-gke.1800",
              "1.20.6-gke.1400",
              "1.20.6-gke.1000",
              "1.19.16-gke.15700",
              "1.19.16-gke.14500",
              "1.19.16-gke.14000",
              "1.19.16-gke.13800",
              "1.19.16-gke.11800",
              "1.19.16-gke.11000",
              "1.19.16-gke.10800",
              "1.19.16-gke.9900",
              "1.19.16-gke.9400",
              "1.19.16-gke.9200",
              "1.19.16-gke.8300",
              "1.19.16-gke.6800",
              "1.19.16-gke.6100",
              "1.19.16-gke.3600",
              "1.19.15-gke.1801",
              "1.19.15-gke.1300",
              "1.19.15-gke.500",
              "1.19.14-gke.2300",
              "1.19.14-gke.1900",
              "1.19.14-gke.301",
              "1.19.14-gke.300",
              "1.19.13-gke.1900",
              "1.19.13-gke.1200",
              "1.19.13-gke.701",
              "1.19.13-gke.700",
              "1.19.12-gke.2101",
              "1.19.12-gke.2100",
              "1.19.12-gke.1100",
              "1.19.12-gke.900",
              "1.19.12-gke.700",
              "1.19.11-gke.2101",
              "1.19.11-gke.2100",
              "1.19.11-gke.1701",
              "1.19.11-gke.1700",
              "1.19.10-gke.1701",
              "1.19.10-gke.1700",
              "1.19.10-gke.1601",
              "1.19.10-gke.1600",
              "1.19.10-gke.1001",
              "1.19.10-gke.1000",
              "1.19.9-gke.1900",
              "1.19.9-gke.1400",
              "1.19.9-gke.700",
              "1.19.9-gke.100",
              "1.19.8-gke.2000",
              "1.19.8-gke.1600",
              "1.19.8-gke.1000",
              "1.19.7-gke.2503",
              "1.19.7-gke.1500",
              "1.19.7-gke.1302",
              "1.19.7-gke.800",
              "1.19.6-gke.1700",
              "1.19.6-gke.1100",
              "1.19.6-gke.600",
              "1.18.20-gke.6101",
              "1.18.20-gke.6000",
              "1.18.20-gke.4501",
              "1.18.20-gke.4500",
              "1.18.20-gke.4100",
              "1.18.20-gke.3300",
              "1.18.20-gke.3001",
              "1.18.20-gke.3000",
              "1.18.20-gke.2300",
              "1.18.20-gke.901",
              "1.18.20-gke.900",
              "1.18.20-gke.501",
              "1.18.19-gke.2101",
              "1.18.19-gke.2100",
              "1.18.19-gke.1701",
              "1.18.19-gke.1700",
              "1.18.18-gke.1701",
              "1.18.18-gke.1700",
              "1.18.18-gke.1101",
              "1.18.18-gke.1100",
              "1.18.17-gke.1901",
              "1.18.17-gke.1900",
              "1.18.17-gke.1201",
              "1.18.17-gke.1200",
              "1.18.17-gke.700",
              "1.18.17-gke.100",
              "1.18.16-gke.2100",
              "1.18.16-gke.1201",
              "1.18.16-gke.1200",
              "1.18.16-gke.502",
              "1.18.16-gke.500",
              "1.18.16-gke.302",
              "1.18.16-gke.300",
              "1.18.15-gke.2500",
              "1.18.15-gke.1502",
              "1.18.15-gke.1501",
              "1.18.15-gke.1500",
              "1.18.15-gke.1102",
              "1.18.15-gke.1100",
              "1.18.15-gke.800",
              "1.18.14-gke.1600",
              "1.18.14-gke.1200",
              "1.18.12-gke.1210",
              "1.18.12-gke.1206",
              "1.18.12-gke.1205",
              "1.18.12-gke.1201",
              "1.18.12-gke.1200",
              "1.18.12-gke.300",
              "1.18.10-gke.2701",
              "1.18.10-gke.2101",
              "1.18.10-gke.1500",
              "1.18.10-gke.601",
              "1.18.9-gke.2501",
              "1.18.9-gke.1501",
              "1.18.9-gke.801",
              "1.18.6-gke.4801",
              "1.18.6-gke.3504",
              "1.18.6-gke.3503",
              "1.17.17-gke.9100",
              "1.17.17-gke.8500",
              "1.17.17-gke.8200",
              "1.17.17-gke.7800",
              "1.17.17-gke.7200",
              "1.17.17-gke.6700",
              "1.17.17-gke.6000",
              "1.17.17-gke.5400",
              "1.17.17-gke.4900",
              "1.17.17-gke.4400",
              "1.17.17-gke.3700",
              "1.17.17-gke.3000",
              "1.17.17-gke.2800",
              "1.17.17-gke.2500",
              "1.17.17-gke.1500",
              "1.17.17-gke.1101",
              "1.17.17-gke.1100",
              "1.17.17-gke.600",
              "1.17.16-gke.1600",
              "1.17.16-gke.1300",
              "1.17.15-gke.800",
              "1.17.15-gke.300",
              "1.17.14-gke.1600",
              "1.17.14-gke.1200",
              "1.17.14-gke.400",
              "1.17.13-gke.2600",
              "1.17.13-gke.2001",
              "1.17.13-gke.1401",
              "1.17.13-gke.1400",
              "1.17.13-gke.600",
              "1.17.12-gke.2502",
              "1.17.12-gke.1504",
              "1.17.12-gke.1501",
              "1.17.12-gke.500",
              "1.17.9-gke.6300",
              "1.17.9-gke.1504",
              "1.16.15-gke.14800",
              "1.16.15-gke.12500",
              "1.16.15-gke.11800",
              "1.16.15-gke.10600",
              "1.16.15-gke.7801",
              "1.16.15-gke.7800",
              "1.16.15-gke.7300",
              "1.16.15-gke.6900",
              "1.16.15-gke.6000",
              "1.16.15-gke.5500",
              "1.16.15-gke.4901",
              "1.16.15-gke.4301",
              "1.16.15-gke.4300",
              "1.16.15-gke.3500",
              "1.16.15-gke.2601",
              "1.16.15-gke.1600",
              "1.16.15-gke.500",
              "1.16.13-gke.404",
              "1.16.13-gke.403",
              "1.16.13-gke.401",
              "1.16.13-gke.400",
              "1.16.13-gke.1",
              "1.16.11-gke.5",
              "1.16.10-gke.8",
              "1.16.9-gke.6",
              "1.16.9-gke.2",
              "1.16.8-gke.15",
              "1.16.8-gke.12",
              "1.16.8-gke.9",
              "1.15.12-gke.6002",
              "1.15.12-gke.6001",
              "1.15.12-gke.5000",
              "1.15.12-gke.4002",
              "1.15.12-gke.4000",
              "1.15.12-gke.20",
              "1.15.12-gke.17",
              "1.15.12-gke.16",
              "1.15.12-gke.13",
              "1.15.12-gke.9",
              "1.15.12-gke.6",
              "1.15.12-gke.3",
              "1.15.12-gke.2",
              "1.15.11-gke.17",
              "1.15.11-gke.15",
              "1.15.11-gke.13",
              "1.15.11-gke.12",
              "1.15.11-gke.11",
              "1.15.11-gke.9",
              "1.15.11-gke.5",
              "1.15.11-gke.3",
              "1.15.11-gke.1",
              "1.15.9-gke.26",
              "1.15.9-gke.24",
              "1.15.9-gke.22",
              "1.15.9-gke.12",
              "1.15.9-gke.9",
              "1.15.9-gke.8",
              "1.15.8-gke.3",
              "1.15.8-gke.2",
              "1.15.7-gke.23",
              "1.15.7-gke.2",
              "1.15.4-gke.22",
              "1.14.10-gke.1504",
              "1.14.10-gke.902",
              "1.14.10-gke.50",
              "1.14.10-gke.46",
              "1.14.10-gke.45",
              "1.14.10-gke.42",
              "1.14.10-gke.41",
              "1.14.10-gke.40",
              "1.14.10-gke.37",
              "1.14.10-gke.36",
              "1.14.10-gke.34",
              "1.14.10-gke.32",
              "1.14.10-gke.31",
              "1.14.10-gke.27",
              "1.14.10-gke.24",
              "1.14.10-gke.22",
              "1.14.10-gke.21",
              "1.14.10-gke.17",
              "1.14.10-gke.0",
              "1.14.9-gke.23",
              "1.14.9-gke.2",
              "1.14.9-gke.0",
              "1.14.8-gke.33",
              "1.14.8-gke.21",
              "1.14.8-gke.18",
              "1.14.8-gke.17",
              "1.14.8-gke.14",
              "1.14.8-gke.12",
              "1.14.8-gke.7",
              "1.14.8-gke.2",
              "1.14.7-gke.40",
              "1.14.7-gke.25",
              "1.14.7-gke.23",
              "1.14.7-gke.17",
              "1.14.7-gke.14",
              "1.14.7-gke.10",
              "1.14.6-gke.13",
              "1.14.6-gke.2",
              "1.14.6-gke.1",
              "1.14.3-gke.11",
              "1.14.3-gke.10",
              "1.14.3-gke.9",
              "1.14.2-gke.9",
              "1.14.1-gke.5",
              "1.13.12-gke.30",
              "1.13.12-gke.25",
              "1.13.12-gke.17",
              "1.13.12-gke.16",
              "1.13.12-gke.14",
              "1.13.12-gke.13",
              "1.13.12-gke.10",
              "1.13.12-gke.8",
              "1.13.12-gke.4",
              "1.13.12-gke.2",
              "1.13.11-gke.23",
              "1.13.11-gke.15",
              "1.13.11-gke.14",
              "1.13.11-gke.12",
              "1.13.11-gke.11",
              "1.13.11-gke.9",
              "1.13.11-gke.5",
              "1.13.10-gke.7",
              "1.13.10-gke.0",
              "1.13.9-gke.11",
              "1.13.9-gke.3",
              "1.13.7-gke.24",
              "1.13.7-gke.19",
              "1.13.7-gke.15",
              "1.13.7-gke.8",
              "1.13.7-gke.0",
              "1.13.6-gke.13",
              "1.13.6-gke.6",
              "1.13.6-gke.5",
              "1.13.6-gke.0",
              "1.13.5-gke.10",
              "1.12.10-gke.22",
              "1.12.10-gke.20",
              "1.12.10-gke.19",
              "1.12.10-gke.18",
              "1.12.10-gke.17",
              "1.12.10-gke.15",
              "1.12.10-gke.13",
              "1.12.10-gke.11",
              "1.12.10-gke.5",
              "1.12.9-gke.16",
              "1.12.9-gke.15",
              "1.12.9-gke.13",
              "1.12.9-gke.10",
              "1.12.9-gke.7",
              "1.12.9-gke.3",
              "1.12.8-gke.12",
              "1.12.8-gke.10",
              "1.12.8-gke.7",
              "1.12.8-gke.6",
              "1.12.7-gke.26",
              "1.12.7-gke.25",
              "1.12.7-gke.24",
              "1.12.7-gke.22",
              "1.12.7-gke.21",
              "1.12.7-gke.17",
              "1.12.7-gke.10",
              "1.12.7-gke.7",
              "1.12.6-gke.11",
              "1.12.6-gke.10",
              "1.12.6-gke.7",
              "1.12.5-gke.10",
              "1.12.5-gke.5",
              "1.11.10-gke.6",
              "1.11.10-gke.5"
            ],
            "version_prefix": null
          },
          "sensitive_attributes": []
        }
      ]
    },
    {
      "module": "module.gke.module.gke",
      "mode": "managed",
      "type": "google_container_cluster",
      "name": "primary",
      "provider": "provider[\"registry.terraform.io/hashicorp/google\"]",
      "instances": [
        {
          "schema_version": 2,
          "attributes": {
            "addons_config": [
              {
                "cloudrun_config": [],
                "config_connector_config": [
                  {
                    "enabled": false
                  }
                ],
                "dns_cache_config": [
                  {
                    "enabled": false
                  }
                ],
                "gce_persistent_disk_csi_driver_config": [
                  {
                    "enabled": true
                  }
                ],
                "gcp_filestore_csi_driver_config": [
                  {
                    "enabled": false
                  }
                ],
                "gcs_fuse_csi_driver_config": [],
                "gke_backup_agent_config": [
                  {
                    "enabled": false
                  }
                ],
                "horizontal_pod_autoscaling": [
                  {
                    "disabled": false
                  }
                ],
                "http_load_balancing": [
                  {
                    "disabled": true
                  }
                ],
                "network_policy_config": [
                  {
                    "disabled": true
                  }
                ],
                "ray_operator_config": [],
                "stateful_ha_config": []
              }
            ],
            "allow_net_admin": null,
            "authenticator_groups_config": [],
            "binary_authorization": [
              {
                "enabled": false,
                "evaluation_mode": ""
              }
            ],
            "cluster_autoscaling": [
              {
                "auto_provisioning_defaults": [],
                "auto_provisioning_locations": [],
                "autoscaling_profile": "BALANCED",
                "enabled": false,
                "resource_limits": []
              }
            ],
            "cluster_ipv4_cidr": "192.168.0.0/18",
            "confidential_nodes": [],
            "cost_management_config": [],
            "database_encryption": [
              {
                "key_name": "",
                "state": "DECRYPTED"
              }
            ],
            "datapath_provider": "",
            "default_max_pods_per_node": 110,
            "default_snat_status": [
              {
                "disabled": false
              }
            ],
            "deletion_protection": false,
            "description": "",
            "dns_config": [],
            "enable_autopilot": false,
            "enable_cilium_clusterwide_network_policy": false,
            "enable_intranode_visibility": false,
            "enable_k8s_beta_apis": [],
            "enable_kubernetes_alpha": false,
            "enable_l4_ilb_subsetting": false,
            "enable_legacy_abac": false,
            "enable_multi_networking": false,
            "enable_shielded_nodes": true,
            "enable_tpu": false,
            "endpoint": "34.123.254.150",
            "fleet": [],
            "gateway_api_config": [],
            "id": "projects/leander-test-471809/locations/us-central1/clusters/main-cluster",
            "identity_service_config": [],
            "initial_node_count": 0,
            "ip_allocation_policy": [
              {
                "additional_pod_ranges_config": [],
                "cluster_ipv4_cidr_block": "192.168.0.0/18",
                "cluster_secondary_range_name": "ip-range-pods",
                "pod_cidr_overprovision_config": [
                  {
                    "disabled": false
                  }
                ],
                "services_ipv4_cidr_block": "192.168.64.0/18",
                "services_secondary_range_name": "ip-range-services",
                "stack_type": "IPV4"
              }
            ],
            "label_fingerprint": "a9dc16a7",
            "location": "us-central1",
            "logging_config": [
              {
                "enable_components": [
                  "SYSTEM_COMPONENTS",
                  "WORKLOADS"
                ]
              }
            ],
            "logging_service": "logging.googleapis.com/kubernetes",
            "maintenance_policy": [
              {
                "daily_maintenance_window": [
                  {
                    "duration": "PT4H0M0S",
                    "start_time": "05:00"
                  }
                ],
                "maintenance_exclusion": [],
                "recurring_window": []
              }
            ],
            "master_auth": [
              {
                "client_certificate": "",
                "client_certificate_config": [
                  {
                    "issue_client_certificate": false
                  }
                ],
                "client_key": "",
                "cluster_ca_certificate": "LS0tLS1CRUdJTiBDRVJUSUZJQ0FURS0tLS0tCk1JSUVMRENDQXBTZ0F3SUJBZ0lRSC9kUkxMYUw4TFJmc3dXeUxibUVYekFOQmdrcWhraUc5dzBCQVFzRkFEQXYKTVMwd0t3WURWUVFERXlSak1HRTVOVE5oTVMxaVl6UTBMVFJqWkdFdE9UQXpaQzFoTW1VNE16SXlOMkpsWmprdwpJQmNOTWpZd01UQTJNRFF4TlRBMFdoZ1BNakExTlRFeU16QXdOVEUxTURSYU1DOHhMVEFyQmdOVkJBTVRKR013CllUazFNMkV4TFdKak5EUXROR05rWVMwNU1ETmtMV0V5WlRnek1qSTNZbVZtT1RDQ0FhSXdEUVlKS29aSWh2Y04KQVFFQkJRQURnZ0dQQURDQ0FZb0NnZ0dCQU1DTnRPamdKVnB2QUFyMDVBOXBvRVhyZ1N0OVBXQXR4T09nRW9YYgpCdmdCR1JVRGxtRG5yVDRlQ01kR3JWb1R4Y2lyQU1rcUhLYlVxZzBrMm9laExQc2xGaGg1V3BBUWdLdW5LWGp6CkVNK0FzL3JjN2IvUlJkZmtYNzZHbzNPS2tDRllmNHZFWlVFb1RBMmE2RjlHZmg5NjVYUW5BZC8vTlZMS0JTNzgKZDQ4bmIyeFRieHk2c3htT1hqQWRpaldSVkhESkhGazJKajJ4MmhxbFphSmI3OEpLNCt1MUhXOHhDa01pK2tkNwpidzl6OW5nZmF5ODZjTW5sUEJBeXJ5V2NzU0ZiQTRRWFB5aUo4TU9HQWRVOThNalM2eWdoUzEyRWlWSi83RjBOCmdVN1NNY0t5a2t6N21JWWVFT09IZHpsQzMyb3ZQM2hlclQxbGpPZEZEVkF1TnVjaGNDSHN5UkIzSkM5L2UyQTYKYzRkakpRZUswcnFhdExkK1kxZUpaVWdMNzk4cUpXekZ6N2xQVy9mZmVpTi9qKzR1NHJud3dwTWcvbDd2Z09BOQpwN2N4MkwzaEdNM0txV0pOZUtaa3d1ZmlaN1AwM0p3dlFRdktWMlhPdTRLTzgwL0s3ZjZxOEE4ZENRalMvMnVrCklPV2o5RS94OFhmNWw2M1g2WmZmY0lCMmlRSURBUUFCbzBJd1FEQU9CZ05WSFE4QkFmOEVCQU1DQWdRd0R3WUQKVlIwVEFRSC9CQVV3QXdFQi96QWRCZ05WSFE0RUZnUVVtbXBQVWh6c1lsSXFGeC9TdUJIaGNKQUNabjB3RFFZSgpLb1pJaHZjTkFRRUxCUUFEZ2dHQkFEQ2ZiN3ltTTJRbWdqZTcvVU5SNENBVTgyT3dvcnBBOFJvTFdlditUNVBEClBmRnlxd2FHWFpiVE50amtrUnhOWU5KY1VqUm9lYkJDRmJzbjNMSXBiRlVyd0xaRlhicC84TlJ5SER5amlIUmwKc3YzaTNUT0h3Skt5QlpSdmdJVTcyV1hpbkYxcTA2UGJPOHVzZ0EvNHRmTkN3bzVWb0dPQUdwaTB6WkcvdTBiSApDdU1tYVU2TUFoOE9OVUc5ZWk0VzdPNXcrY0tkKy9GVUx0cEJiU1BXTWhBMmlDSmhFaVlLN05ndzlwLytuY3htCjNHMzQ0SnlvaCt6Y2ZBUU5FL1VEVmVIMDQxTmdCZDA0UTFTV1o2TzBQelA1d3lqOU5FVVAzNHVCTmpnY0dYa0wKWnlEbHg4aUlRRmU1QVdhQTJoQk5kYk5JUXBIYXpDb0phK09SdDJ1NkhOUGZPdnVzYnFVNEpIajJFdEgyOGp0Rwo1aDRTbk1nWUsxN2FveTlIZzVsOXZCUnFQbnFpRFYranpuZmRvd20wYTlHVk0zVkJacjhqVy80VmlJRFhoZWgxCk9OLy82bkhPeDlXazd6YWg0cytpNm9NL0prVjlRQmplVGl1RWdzUU5PenhGaEZtSU1heEd5aWxrMElmaDErR1AKWC8xc2p6Mm8rdk1TQjBwaTdwdjdTZz09Ci0tLS0tRU5EIENFUlRJRklDQVRFLS0tLS0K"
              }
            ],
            "master_authorized_networks_config": [],
            "master_version": "1.33.5-gke.1308000",
            "mesh_certificates": [
              {
                "enable_certificates": false
              }
            ],
            "min_master_version": null,
            "monitoring_config": [
              {
                "advanced_datapath_observability_config": [
                  {
                    "enable_metrics": false,
                    "enable_relay": false,
                    "relay_mode": "DISABLED"
                  }
                ],
                "enable_components": [
                  "SYSTEM_COMPONENTS",
                  "STORAGE",
                  "HPA",
                  "POD",
                  "DAEMONSET",
                  "DEPLOYMENT",
                  "STATEFULSET",
                  "JOBSET",
                  "CADVISOR",
                  "KUBELET",
                  "DCGM"
                ],
                "managed_prometheus": [
                  {
                    "enabled": true
                  }
                ]
              }
            ],
            "monitoring_service": "monitoring.googleapis.com/kubernetes",
            "name": "main-cluster",
            "network": "projects/leander-test-471809/global/networks/gke-network",
            "network_policy": [
              {
                "enabled": false,
                "provider": "PROVIDER_UNSPECIFIED"
              }
            ],
            "networking_mode": "VPC_NATIVE",
            "node_config": [
              {
                "advanced_machine_features": [],
                "boot_disk_kms_key": "",
                "confidential_nodes": [],
                "containerd_config": [],
                "disk_size_gb": 100,
                "disk_type": "pd-balanced",
                "effective_taints": [],
                "enable_confidential_storage": false,
                "ephemeral_storage_local_ssd_config": [],
                "fast_socket": [],
                "gcfs_config": [],
                "guest_accelerator": [],
                "gvnic": [],
                "host_maintenance_policy": [],
                "image_type": "COS_CONTAINERD",
                "kubelet_config": [
                  {
                    "cpu_cfs_quota": false,
                    "cpu_cfs_quota_period": "",
                    "cpu_manager_policy": "",
                    "insecure_kubelet_readonly_port_enabled": "FALSE",
                    "pod_pids_limit": 0
                  }
                ],
                "labels": {},
                "linux_node_config": [],
                "local_nvme_ssd_block_config": [],
                "local_ssd_count": 0,
                "logging_variant": "DEFAULT",
                "machine_type": "e2-medium",
                "metadata": {
                  "disable-legacy-endpoints": "true"
                },
                "min_cpu_platform": "",
                "node_group": "",
                "oauth_scopes": [
                  "https://www.googleapis.com/auth/cloud-platform",
                  "https://www.googleapis.com/auth/userinfo.email"
                ],
                "preemptible": false,
                "reservation_affinity": [],
                "resource_labels": {
                  "goog-gke-node-pool-provisioning-model": "on-demand"
                },
                "resource_manager_tags": {},
                "secondary_boot_disks": [],
                "service_account": "app-sa@leander-test-471809.iam.gserviceaccount.com",
                "shielded_instance_config": [
                  {
                    "enable_integrity_monitoring": true,
                    "enable_secure_boot": false
                  }
                ],
                "sole_tenant_config": [],
                "spot": false,
                "tags": [
                  "gke-main-cluster",
                  "gke-main-cluster-default-pool",
                  "default-node-pool"
                ],
                "taint": [],
                "workload_metadata_config": [
                  {
                    "mode": "GKE_METADATA"
                  }
                ]
              }
            ],
            "node_locations": [
              "us-central1-a",
              "us-central1-b"
            ],
            "node_pool": [
              {
                "autoscaling": [],
                "initial_node_count": 0,
                "instance_group_urls": [
                  "https://www.googleapis.com/compute/v1/projects/leander-test-471809/zones/us-central1-a/instanceGroupManagers/gke-main-cluster-default-pool-e9a99b58-grp",
                  "https://www.googleapis.com/compute/v1/projects/leander-test-471809/zones/us-central1-b/instanceGroupManagers/gke-main-cluster-default-pool-d812e56a-grp"
                ],
                "managed_instance_group_urls": [
                  "https://www.googleapis.com/compute/v1/projects/leander-test-471809/zones/us-central1-a/instanceGroups/gke-main-cluster-default-pool-e9a99b58-grp",
                  "https://www.googleapis.com/compute/v1/projects/leander-test-471809/zones/us-central1-b/instanceGroups/gke-main-cluster-default-pool-d812e56a-grp"
                ],
                "management": [
                  {
                    "auto_repair": true,
                    "auto_upgrade": true
                  }
                ],
                "max_pods_per_node": 110,
                "name": "default-pool",
                "name_prefix": "",
                "network_config": [
                  {
                    "additional_node_network_configs": [],
                    "additional_pod_network_configs": [],
                    "create_pod_range": false,
                    "enable_private_nodes": true,
                    "network_performance_config": [],
                    "pod_cidr_overprovision_config": [],
                    "pod_ipv4_cidr_block": "192.168.0.0/18",
                    "pod_range": "ip-range-pods"
                  }
                ],
                "node_config": [
                  {
                    "advanced_machine_features": [],
                    "boot_disk_kms_key": "",
                    "confidential_nodes": [],
                    "containerd_config": [],
                    "disk_size_gb": 100,
                    "disk_type": "pd-balanced",
                    "effective_taints": [],
                    "enable_confidential_storage": false,
                    "ephemeral_storage_local_ssd_config": [],
                    "fast_socket": [],
                    "gcfs_config": [],
                    "guest_accelerator": [],
                    "gvnic": [],
                    "host_maintenance_policy": [],
                    "image_type": "COS_CONTAINERD",
                    "kubelet_config": [
                      {
                        "cpu_cfs_quota": false,
                        "cpu_cfs_quota_period": "",
                        "cpu_manager_policy": "",
                        "insecure_kubelet_readonly_port_enabled": "FALSE",
                        "pod_pids_limit": 0
                      }
                    ],
                    "labels": {},
                    "linux_node_config": [],
                    "local_nvme_ssd_block_config": [],
                    "local_ssd_count": 0,
                    "logging_variant": "DEFAULT",
                    "machine_type": "e2-medium",
                    "metadata": {
                      "disable-legacy-endpoints": "true"
                    },
                    "min_cpu_platform": "",
                    "node_group": "",
                    "oauth_scopes": [
                      "https://www.googleapis.com/auth/cloud-platform",
                      "https://www.googleapis.com/auth/userinfo.email"
                    ],
                    "preemptible": false,
                    "reservation_affinity": [],
                    "resource_labels": {
                      "goog-gke-node-pool-provisioning-model": "on-demand"
                    },
                    "resource_manager_tags": null,
                    "secondary_boot_disks": [],
                    "service_account": "app-sa@leander-test-471809.iam.gserviceaccount.com",
                    "shielded_instance_config": [
                      {
                        "enable_integrity_monitoring": true,
                        "enable_secure_boot": false
                      }
                    ],
                    "sole_tenant_config": [],
                    "spot": false,
                    "tags": [
                      "gke-main-cluster",
                      "gke-main-cluster-default-pool",
                      "default-node-pool"
                    ],
                    "taint": [],
                    "workload_metadata_config": [
                      {
                        "mode": "GKE_METADATA"
                      }
                    ]
                  }
                ],
                "node_count": 0,
                "node_locations": [
                  "us-central1-a",
                  "us-central1-b"
                ],
                "placement_policy": [],
                "queued_provisioning": [],
                "upgrade_settings": [
                  {
                    "blue_green_settings": [],
                    "max_surge": 1,
                    "max_unavailable": 0,
                    "strategy": "SURGE"
                  }
                ],
                "version": "1.33.5-gke.1308000"
              }
            ],
            "node_pool_auto_config": [
              {
                "network_tags": [],
                "node_kubelet_config": [
                  {
                    "insecure_kubelet_readonly_port_enabled": "FALSE"
                  }
                ],
                "resource_manager_tags": {}
              }
            ],
            "node_pool_defaults": [
              {
                "node_config_defaults": [
                  {
                    "containerd_config": [],
                    "insecure_kubelet_readonly_port_enabled": "FALSE",
                    "logging_variant": "DEFAULT"
                  }
                ]
              }
            ],
            "node_version": "1.33.5-gke.1308000",
            "notification_config": [
              {
                "pubsub": [
                  {
                    "enabled": false,
                    "filter": [],
                    "topic": ""
                  }
                ]
              }
            ],
            "operation": null,
            "private_cluster_config": [
              {
                "enable_private_endpoint": false,
                "enable_private_nodes": true,
                "master_global_access_config": [
                  {
                    "enabled": true
                  }
                ],
                "master_ipv4_cidr_block": "172.16.0.0/28",
                "peering_name": "",
                "private_endpoint": "172.16.0.2",
                "private_endpoint_subnetwork": "",
                "public_endpoint": "34.123.254.150"
              }
            ],
            "private_ipv6_google_access": "",
            "project": "leander-test-471809",
            "release_channel": [
              {
                "channel": "REGULAR"
              }
            ],
            "remove_default_node_pool": false,
            "resource_labels": null,
            "resource_usage_export_config": [],
            "security_posture_config": [
              {
                "mode": "DISABLED",
                "vulnerability_mode": "VULNERABILITY_DISABLED"
              }
            ],
            "self_link": "https://container.googleapis.com/v1/projects/leander-test-471809/locations/us-central1/clusters/main-cluster",
            "service_external_ips_config": [
              {
                "enabled": false
              }
            ],
            "services_ipv4_cidr": "192.168.64.0/18",
            "subnetwork": "projects/leander-test-471809/regions/us-central1/subnetworks/gke-subnet",
            "timeouts": {
              "create": "45m",
              "delete": "45m",
              "read": null,
              "update": "45m"
            },
            "tpu_ipv4_cidr_block": "",
            "vertical_pod_autoscaling": [
              {
                "enabled": false
              }
            ],
            "workload_identity_config": [
              {
                "workload_pool": "leander-test-471809.svc.id.goog"
              }
            ]
          },
          "sensitive_attributes": [],
          "private": "eyJlMmJmYjczMC1lY2FhLTExZTYtOGY4OC0zNDM2M2JjN2M0YzAiOnsiY3JlYXRlIjoyNzAwMDAwMDAwMDAwLCJkZWxldGUiOjI3MDAwMDAwMDAwMDAsInJlYWQiOjI0MDAwMDAwMDAwMDAsInVwZGF0ZSI6MjcwMDAwMDAwMDAwMH0sInNjaGVtYV92ZXJzaW9uIjoiMiJ9",
          "dependencies": [
            "module.gke.module.gke.data.google_container_engine_versions.region",
            "module.gke.module.gke.data.google_container_engine_versions.zone",
            "module.gke.module.gke.google_service_account.cluster_service_account",
            "module.gke.module.gke.random_shuffle.available_zones",
            "module.gke.module.gke.random_string.cluster_service_account_suffix",
            "module.network.module.vpc.module.subnets.google_compute_subnetwork.subnetwork",
            "module.network.module.vpc.module.vpc.google_compute_network.network",
            "module.service_accounts.module.service_accounts.google_service_account.service_accounts"
          ]
        }
      ]
    },
    {
      "module": "module.gke.module.gke",
      "mode": "managed",
      "type": "google_container_node_pool",
      "name": "pools",
      "provider": "provider[\"registry.terraform.io/hashicorp/google\"]",
      "instances": [
        {
          "index_key": "default-node-pool",
          "schema_version": 1,
          "attributes": {
            "autoscaling": [
              {
                "location_policy": "BALANCED",
                "max_node_count": 3,
                "min_node_count": 1,
                "total_max_node_count": 0,
                "total_min_node_count": 0
              }
            ],
            "cluster": "main-cluster",
            "id": "projects/leander-test-471809/locations/us-central1/clusters/main-cluster/nodePools/default-node-pool",
            "initial_node_count": 1,
            "instance_group_urls": [
              "https://www.googleapis.com/compute/v1/projects/leander-test-471809/zones/us-central1-a/instanceGroupManagers/gke-main-cluster-default-node-pool-e714039a-grp",
              "https://www.googleapis.com/compute/v1/projects/leander-test-471809/zones/us-central1-b/instanceGroupManagers/gke-main-cluster-default-node-pool-e6f27d10-grp"
            ],
            "location": "us-central1",
            "managed_instance_group_urls": [
              "https://www.googleapis.com/compute/v1/projects/leander-test-471809/zones/us-central1-a/instanceGroups/gke-main-cluster-default-node-pool-e714039a-grp",
              "https://www.googleapis.com/compute/v1/projects/leander-test-471809/zones/us-central1-b/instanceGroups/gke-main-cluster-default-node-pool-e6f27d10-grp"
            ],
            "management": [
              {
                "auto_repair": true,
                "auto_upgrade": true
              }
            ],
            "max_pods_per_node": 110,
            "name": "default-node-pool",
            "name_prefix": "",
            "network_config": [
              {
                "additional_node_network_configs": [],
                "additional_pod_network_configs": [],
                "create_pod_range": false,
                "enable_private_nodes": true,
                "network_performance_config": [],
                "pod_cidr_overprovision_config": [],
                "pod_ipv4_cidr_block": "192.168.0.0/18",
                "pod_range": "ip-range-pods"
              }
            ],
            "node_config": [
              {
                "advanced_machine_features": [],
                "boot_disk_kms_key": "",
                "confidential_nodes": [],
                "containerd_config": [],
                "disk_size_gb": 100,
                "disk_type": "pd-standard",
                "effective_taints": [
                  {
                    "effect": "PREFER_NO_SCHEDULE",
                    "key": "default-node-pool",
                    "value": "true"
                  }
                ],
                "enable_confidential_storage": false,
                "ephemeral_storage_local_ssd_config": [],
                "fast_socket": [],
                "gcfs_config": [],
                "guest_accelerator": [],
                "gvnic": [],
                "host_maintenance_policy": [],
                "image_type": "COS_CONTAINERD",
                "kubelet_config": [
                  {
                    "cpu_cfs_quota": false,
                    "cpu_cfs_quota_period": "",
                    "cpu_manager_policy": "",
                    "insecure_kubelet_readonly_port_enabled": "FALSE",
                    "pod_pids_limit": 0
                  }
                ],
                "labels": {
                  "cluster_name": "main-cluster",
                  "default-node-pool": "true",
                  "node_pool": "default-node-pool"
                },
                "linux_node_config": [],
                "local_nvme_ssd_block_config": [],
                "local_ssd_count": 0,
                "logging_variant": "DEFAULT",
                "machine_type": "e2-medium",
                "metadata": {
                  "cluster_name": "main-cluster",
                  "disable-legacy-endpoints": "true",
                  "node-pool-metadata-custom-value": "my-node-pool",
                  "node_pool": "default-node-pool"
                },
                "min_cpu_platform": "",
                "node_group": "",
                "oauth_scopes": [
                  "https://www.googleapis.com/auth/logging.write",
                  "https://www.googleapis.com/auth/monitoring"
                ],
                "preemptible": false,
                "reservation_affinity": [],
                "resource_labels": {
                  "goog-gke-node-pool-provisioning-model": "on-demand"
                },
                "resource_manager_tags": null,
                "secondary_boot_disks": [],
                "service_account": "app-sa@leander-test-471809.iam.gserviceaccount.com",
                "shielded_instance_config": [
                  {
                    "enable_integrity_monitoring": true,
                    "enable_secure_boot": false
                  }
                ],
                "sole_tenant_config": [],
                "spot": false,
                "tags": [
                  "gke-main-cluster",
                  "gke-main-cluster-default-node-pool",
                  "default-node-pool"
                ],
                "taint": [
                  {
                    "effect": "PREFER_NO_SCHEDULE",
                    "key": "default-node-pool",
                    "value": "true"
                  }
                ],
                "workload_metadata_config": [
                  {
                    "mode": "GKE_METADATA"
                  }
                ]
              }
            ],
            "node_count": 1,
            "node_locations": [
              "us-central1-a",
              "us-central1-b"
            ],
            "operation": null,
            "placement_policy": [],
            "project": "leander-test-471809",
            "queued_provisioning": [],
            "timeouts": {
              "create": "45m",
              "delete": "45m",
              "update": "45m"
            },
            "upgrade_settings": [
              {
                "blue_green_settings": [],
                "max_surge": 1,
                "max_unavailable": 0,
                "strategy": "SURGE"
              }
            ],
            "version": "1.33.5-gke.1308000"
          },
          "sensitive_attributes": [],
          "private": "eyJlMmJmYjczMC1lY2FhLTExZTYtOGY4OC0zNDM2M2JjN2M0YzAiOnsiY3JlYXRlIjoyNzAwMDAwMDAwMDAwLCJkZWxldGUiOjI3MDAwMDAwMDAwMDAsInVwZGF0ZSI6MjcwMDAwMDAwMDAwMH0sInNjaGVtYV92ZXJzaW9uIjoiMSJ9",
          "dependencies": [
            "module.gke.module.gke.data.google_container_engine_versions.region",
            "module.gke.module.gke.data.google_container_engine_versions.zone",
            "module.gke.module.gke.google_container_cluster.primary",
            "module.gke.module.gke.google_service_account.cluster_service_account",
            "module.gke.module.gke.random_shuffle.available_zones",
            "module.gke.module.gke.random_string.cluster_service_account_suffix",
            "module.network.module.vpc.module.subnets.google_compute_subnetwork.subnetwork",
            "module.network.module.vpc.module.vpc.google_compute_network.network",
            "module.service_accounts.module.service_accounts.google_service_account.service_accounts"
          ]
        }
      ]
    },
    {
      "module": "module.gke.module.gke",
      "mode": "managed",
      "type": "google_project_iam_member",
      "name": "cluster_service_account-nodeService_account",
      "provider": "provider[\"registry.terraform.io/hashicorp/google\"]",
      "instances": [
        {
          "index_key": 0,
          "schema_version": 0,
          "attributes": {
            "condition": [],
            "etag": "BwZHsUC2Pp4=",
            "id": "leander-test-471809/roles/container.defaultNodeServiceAccount/serviceAccount:tf-gke-main-cluster-2fcp@leander-test-471809.iam.gserviceaccount.com",
            "member": "serviceAccount:tf-gke-main-cluster-2fcp@leander-test-471809.iam.gserviceaccount.com",
            "project": "leander-test-471809",
            "role": "roles/container.defaultNodeServiceAccount"
          },
          "sensitive_attributes": [],
          "private": "bnVsbA==",
          "dependencies": [
            "module.gke.module.gke.google_service_account.cluster_service_account",
            "module.gke.module.gke.random_string.cluster_service_account_suffix"
          ]
        }
      ]
    },
    {
      "module": "module.gke.module.gke",
      "mode": "managed",
      "type": "google_service_account",
      "name": "cluster_service_account",
      "provider": "provider[\"registry.terraform.io/hashicorp/google\"]",
      "instances": [
        {
          "index_key": 0,
          "schema_version": 0,
          "attributes": {
            "account_id": "tf-gke-main-cluster-2fcp",
            "create_ignore_already_exists": null,
            "description": "",
            "disabled": false,
            "display_name": "Terraform-managed service account for cluster main-cluster",
            "email": "tf-gke-main-cluster-2fcp@leander-test-471809.iam.gserviceaccount.com",
            "id": "projects/leander-test-471809/serviceAccounts/tf-gke-main-cluster-2fcp@leander-test-471809.iam.gserviceaccount.com",
            "member": "serviceAccount:tf-gke-main-cluster-2fcp@leander-test-471809.iam.gserviceaccount.com",
            "name": "projects/leander-test-471809/serviceAccounts/tf-gke-main-cluster-2fcp@leander-test-471809.iam.gserviceaccount.com",
            "project": "leander-test-471809",
            "timeouts": null,
            "unique_id": "110018332406065024901"
          },
          "sensitive_attributes": [],
          "private": "eyJlMmJmYjczMC1lY2FhLTExZTYtOGY4OC0zNDM2M2JjN2M0YzAiOnsiY3JlYXRlIjozMDAwMDAwMDAwMDB9fQ==",
          "dependencies": [
            "module.gke.module.gke.random_string.cluster_service_account_suffix"
          ]
        }
      ]
    },
    {
      "module": "module.gke.module.gke",
      "mode": "managed",
      "type": "random_string",
      "name": "cluster_service_account_suffix",
      "provider": "provider[\"registry.terraform.io/hashicorp/random\"]",
      "instances": [
        {
          "schema_version": 2,
          "attributes": {
            "id": "2fcp",
            "keepers": null,
            "length": 4,
            "lower": true,
            "min_lower": 0,
            "min_numeric": 0,
            "min_special": 0,
            "min_upper": 0,
            "number": true,
            "numeric": true,
            "override_special": null,
            "result": "REDACTED",
            "special": false,
            "upper": false
          },
          "sensitive_attributes": []
        }
      ]
    },
    {
      "module": "module.memorystore.module.memorystore",
      "mode": "managed",
      "type": "google_redis_instance",
      "name": "default",
      "provider": "provider[\"registry.terraform.io/hashicorp/google\"]",
      "instances": [
        {
          "schema_version": 0,
          "attributes": {
            "alternative_location_id": "",
            "auth_enabled": false,
            "auth_string": "",
            "authorized_network": "projects/leander-test-471809/global/networks/gke-network",
            "connect_mode": "DIRECT_PEERING",
            "create_time": "2026-01-06T05:14:35.388764129Z",
            "current_location_id": "us-central1-c",
            "customer_managed_key": "",
            "display_name": "",
            "effective_labels": {},
            "host": "10.195.213.211",
            "id": "projects/leander-test-471809/locations/us-central1/instances/main-redis",
            "labels": null,
            "location_id": "us-central1-c",
            "maintenance_policy": [],
            "maintenance_schedule": [],
            "maintenance_version": "20250806_01_00",
            "memory_size_gb": 1,
            "name": "main-redis",
            "nodes": [
              {
                "id": "node-0",
                "zone": "us-central1-c"
              }
            ],
            "persistence_config": [
              {
                "persistence_mode": "DISABLED",
                "rdb_next_snapshot_time": "",
                "rdb_snapshot_period": "",
                "rdb_snapshot_start_time": ""
              }
            ],
            "persistence_iam_identity": "serviceAccount:service-448654422581@cloud-redis.iam.gserviceaccount.com",
            "port": 6378,
            "project": "leander-test-471809",
            "read_endpoint": "",
            "read_endpoint_port": 0,
            "read_replicas_mode": "READ_REPLICAS_DISABLED",
            "redis_configs": null,
            "redis_version": "REDIS_6_X",
            "region": "us-central1",
            "replica_count": 0,
            "reserved_ip_range": null,
            "secondary_ip_range": "",
            "server_ca_certs": [
              {
                "cert": "-----BEGIN CERTIFICATE-----\nMIID7TCCAtWgAwIBAgIBADANBgkqhkiG9w0BAQsFADCBhTEtMCsGA1UELhMkODk5\nYjQxMDUtZDE3Yi00NGRkLTk0ZmQtZmJiMWU2NTZmMmIxMTEwLwYDVQQDEyhHb29n\nbGUgQ2xvdWQgTWVtb3J5c3RvcmUgUmVkaXMgU2VydmVyIENBMRQwEgYDVQQKEwtH\nb29nbGUsIEluYzELMAkGA1UEBhMCVVMwHhcNMjYwMTA2MDUxMzQzWhcNMzYwMTA0\nMDUxNDQzWjCBhTEtMCsGA1UELhMkODk5YjQxMDUtZDE3Yi00NGRkLTk0ZmQtZmJi\nMWU2NTZmMmIxMTEwLwYDVQQDEyhHb29nbGUgQ2xvdWQgTWVtb3J5c3RvcmUgUmVk\naXMgU2VydmVyIENBMRQwEgYDVQQKEwtHb29nbGUsIEluYzELMAkGA1UEBhMCVVMw\nggEiMA0GCSqGSIb3DQEBAQUAA4IBDwAwggEKAoIBAQDJBUSKV/R6d4tLuQkKn784\n14AnBuT5DWKTbDdMLEHbdtGqIF8SvJI9D3C/x+MBnnL6A9HCg1s4qk+705OBlItD\nfhtUHvAou9Y76Yuu4/Jl/Pykva/j/H7Nb+IO7HpBe8upXqldiAParrtVg/nN9Y++\n9J44aTfWfdHsmoHRy4PAaI8ZTG/MJDPkyIL6nwieVHfPOelubu0bvotz0yZULCur\nt9nduFEcdSPnjui/ctW2aik2DCwnknLKxXZeIXEyXCSvqFUBG5Athjip/rXFdv22\nu/i5C2lr7REZsyd8TwJn/ZdQwmlByj8ZD09AWx3levQLVjOVcG/tdzMQHcya4/v/\nAgMBAAGjZjBkMB8GA1UdIwQYMBaAFBgLI2lSfMzHspQ4ryOPXxcN44MXMBIGA1Ud\nEwEB/wQIMAYBAf8CAQAwDgYDVR0PAQH/BAQDAgEGMB0GA1UdDgQWBBQYCyNpUnzM\nx7KUOK8jj18XDeODFzANBgkqhkiG9w0BAQsFAAOCAQEANtL/IWazy5ke+0zdEG3/\nWO4/ChN/Mnow/zyJyPVOEr2mXFm/BJFcHr7slmxVWZNWUzhJH6kJqmrxwBLdQvM1\nVCZavcI14hw4bK5D0zmMZGt476j7FgsYrTXDHU0Awliw4NjCIsOPjybZmZUGehVj\nVflelfKro7jJw9UvbBY0lXy7bjLXbhSQs8E1exe3g1KKQdp7ifmI99TonOIgbl+g\nPe7Z2kyTtPgzdbnSwgGHcxpzJVKValkz4PogyPrM1P67yXc4BJhiIvryNgsJipo5\nYcJ3V1wA7SrUN7+u3Wx96BPYrTSYXEcURIiv2z1RH+DD4nZMJSbxepyr+uBo6AjZ\nHA==\n-----END CERTIFICATE-----",
                "create_time": "2026-01-06T05:14:43.489818Z",
                "expire_time": "2036-01-04T05:14:43.318Z",
                "serial_number": "0",
                "sha1_fingerprint": "2e05cb0868d3bdaa1cf5e2a341496f36e4bced2d"
              }
            ],
            "terraform_labels": {},
            "tier": "BASIC",
            "timeouts": null,
            "transit_encryption_mode": "SERVER_AUTHENTICATION"
          },
          "sensitive_attributes": [],
          "private": "eyJlMmJmYjczMC1lY2FhLTExZTYtOGY4OC0zNDM2M2JjN2M0YzAiOnsiY3JlYXRlIjoxMjAwMDAwMDAwMDAwLCJkZWxldGUiOjEyMDAwMDAwMDAwMDAsInVwZGF0ZSI6MTIwMDAwMDAwMDAwMH19",
          "dependencies": [
            "module.memorystore.module.memorystore.module.enable_apis.data.google_compute_default_service_account.default",
            "module.memorystore.module.memorystore.module.enable_apis.google_project_iam_member.project_service_identity_roles",
            "module.memorystore.module.memorystore.module.enable_apis.google_project_service.project_services",
            "module.memorystore.module.memorystore.module.enable_apis.google_project_service_identity.project_service_identities",
            "module.network.module.vpc.module.vpc.google_compute_network.network"
          ]
        }
      ]
    },
    {
      "module": "module.memorystore.module.memorystore.module.enable_apis",
      "mode": "managed",
      "type": "google_project_service",
      "name": "project_services",
      "provider": "provider[\"registry.terraform.io/hashicorp/google\"]",
      "instances": [
        {
          "index_key": "redis.googleapis.com",
          "schema_version": 0,
          "attributes": {
            "disable_dependent_services": true,
            "disable_on_destroy": false,
            "id": "leander-test-471809/redis.googleapis.com",
            "project": "leander-test-471809",
            "service": "redis.googleapis.com",
            "timeouts": null
          },
          "sensitive_attributes": [],
          "private": "eyJlMmJmYjczMC1lY2FhLTExZTYtOGY4OC0zNDM2M2JjN2M0YzAiOnsiY3JlYXRlIjoxMjAwMDAwMDAwMDAwLCJkZWxldGUiOjEyMDAwMDAwMDAwMDAsInJlYWQiOjYwMDAwMDAwMDAwMCwidXBkYXRlIjoxMjAwMDAwMDAwMDAwfX0="
        }
      ]
    },
    {
      "module": "module.network",
      "mode": "managed",
      "type": "google_compute_global_address",
      "name": "private_ip_address",
      "provider": "provider[\"registry.terraform.io/hashicorp/google\"]",
      "instances": [
        {
          "schema_version": 0,
          "attributes": {
            "address": "10.232.0.0",
            "address_type": "INTERNAL",
            "creation_timestamp": "2026-01-05T21:14:32.845-08:00",
            "description": "",
            "effective_labels": {},
            "id": "projects/leander-test-471809/global/addresses/gke-network-private-ip",
            "ip_version": "",
            "label_fingerprint": "42WmSpB8rSM=",
            "labels": null,
            "name": "gke-network-private-ip",
            "network": "https://www.googleapis.com/compute/v1/projects/leander-test-471809/global/networks/gke-network",
            "prefix_length": 16,
            "project": "leander-test-471809",
            "purpose": "VPC_PEERING",
            "self_link": "https://www.googleapis.com/compute/v1/projects/leander-test-471809/global/addresses/gke-network-private-ip",
            "terraform_labels": {},
            "timeouts": null
          },
          "sensitive_attributes": [],
          "private": "eyJlMmJmYjczMC1lY2FhLTExZTYtOGY4OC0zNDM2M2JjN2M0YzAiOnsiY3JlYXRlIjoxMjAwMDAwMDAwMDAwLCJkZWxldGUiOjEyMDAwMDAwMDAwMDAsInVwZGF0ZSI6MTIwMDAwMDAwMDAwMH19",
          "dependencies": [
            "module.network.module.vpc.module.vpc.google_compute_network.network"
          ]
        }
      ]
    },
    {
      "module": "module.network",
      "mode": "managed",
      "type": "google_service_networking_connection",
      "name": "private_vpc_connection",
      "provider": "provider[\"registry.terraform.io/hashicorp/google\"]",
      "instances": [
        {
          "schema_version": 0,
          "attributes": {
            "deletion_policy": null,
            "id": "https%3A%2F%2Fwww.googleapis.com%2Fcompute%2Fv1%2Fprojects%2Fleander-test-471809%2Fglobal%2Fnetworks%2Fgke-network:servicenetworking.googleapis.com",
            "network": "https://www.googleapis.com/compute/v1/projects/leander-test-471809/global/networks/gke-network",
            "peering": "servicenetworking-googleapis-com",
            "reserved_peering_ranges": [
              "gke-network-private-ip"
            ],
            "service": "servicenetworking.googleapis.com",
            "timeouts": null,
            "update_on_creation_fail": null
          },
          "sensitive_attributes": [],
          "private": "eyJlMmJmYjczMC1lY2FhLTExZTYtOGY4OC0zNDM2M2JjN2M0YzAiOnsiY3JlYXRlIjo2MDAwMDAwMDAwMDAsImRlbGV0ZSI6NjAwMDAwMDAwMDAwLCJ1cGRhdGUiOjYwMDAwMDAwMDAwMH19",
          "dependencies": [
            "module.network.google_compute_global_address.private_ip_address",
            "module.network.module.vpc.module.vpc.google_compute_network.network"
          ]
        }
      ]
    },
    {
      "module": "module.network.module.vpc.module.routes",
      "mode": "managed",
      "type": "google_compute_route",
      "name": "route",
      "provider": "provider[\"registry.terraform.io/hashicorp/google\"]",
      "instances": [
        {
          "index_key": "egress-internet",
          "schema_version": 0,
          "attributes": {
            "description": "route through IGW to access internet",
            "dest_range": "0.0.0.0/0",
            "id": "projects/leander-test-471809/global/routes/egress-internet",
            "name": "egress-internet",
            "network": "https://www.googleapis.com/compute/v1/projects/leander-test-471809/global/networks/gke-network",
            "next_hop_gateway": "https://www.googleapis.com/compute/v1/projects/leander-test-471809/global/gateways/default-internet-gateway",
            "next_hop_ilb": "",
            "next_hop_instance": "",
            "next_hop_instance_zone": null,
            "next_hop_ip": "",
            "next_hop_network": "",
            "next_hop_vpn_tunnel": "",
            "priority": 1000,
            "project": "leander-test-471809",
            "self_link": "https://www.googleapis.com/compute/v1/projects/leander-test-471809/global/routes/egress-internet",
            "tags": [
              "egress-inet"
            ],
            "timeouts": null
          },
          "sensitive_attributes": [],
          "private": "eyJlMmJmYjczMC1lY2FhLTExZTYtOGY4OC0zNDM2M2JjN2M0YzAiOnsiY3JlYXRlIjoxMjAwMDAwMDAwMDAwLCJkZWxldGUiOjEyMDAwMDAwMDAwMDB9fQ==",
          "dependencies": [
            "module.network.module.vpc.module.subnets.google_compute_subnetwork.subnetwork",
            "module.network.module.vpc.module.vpc.google_compute_network.network"
          ]
        }
      ]
    },
    {
      "module": "module.network.module.vpc.module.subnets",
      "mode": "managed",
      "type": "google_compute_subnetwork",
      "name": "subnetwork",
      "provider": "provider[\"registry.terraform.io/hashicorp/google\"]",
      "instances": [
        {
          "index_key": "us-central1/gke-subnet",
          "schema_version": 0,
          "attributes": {
            "creation_timestamp": "2026-01-05T21:14:34.145-08:00",
            "description": "",
            "external_ipv6_prefix": "",
            "fingerprint": null,
            "gateway_address": "10.0.0.1",
            "id": "projects/leander-test-471809/regions/us-central1/subnetworks/gke-subnet",
            "internal_ipv6_prefix": "",
            "ip_cidr_range": "10.0.0.0/17",
            "ipv6_access_type": "",
            "ipv6_cidr_range": "",
            "log_config": [],
            "name": "gke-subnet",
            "network": "https://www.googleapis.com/compute/v1/projects/leander-test-471809/global/networks/gke-network",
            "private_ip_google_access": false,
            "private_ipv6_google_access": "DISABLE_GOOGLE_ACCESS",
            "project": "leander-test-471809",
            "purpose": "PRIVATE",
            "region": "us-central1",
            "role": "",
            "secondary_ip_range": [
              {
                "ip_cidr_range": "192.168.0.0/18",
                "range_name": "ip-range-pods"
              },
              {
                "ip_cidr_range": "192.168.64.0/18",
                "range_name": "ip-range-services"
              }
            ],
            "self_link": "https://www.googleapis.com/compute/v1/projects/leander-test-471809/regions/us-central1/subnetworks/gke-subnet",
            "send_secondary_ip_range_if_empty": null,
            "stack_type": "IPV4_ONLY",
            "timeouts": null
          },
          "sensitive_attributes": [],
          "private": "eyJlMmJmYjczMC1lY2FhLTExZTYtOGY4OC0zNDM2M2JjN2M0YzAiOnsiY3JlYXRlIjoxMjAwMDAwMDAwMDAwLCJkZWxldGUiOjEyMDAwMDAwMDAwMDAsInVwZGF0ZSI6MTIwMDAwMDAwMDAwMH19",
          "dependencies": [
            "module.network.module.vpc.module.vpc.google_compute_network.network"
          ]
        }
      ]
    },
    {
      "module": "module.network.module.vpc.module.vpc",
      "mode": "managed",
      "type": "google_compute_network",
      "name": "network",
      "provider": "provider[\"registry.terraform.io/hashicorp/google\"]",
      "instances": [
        {
          "schema_version": 0,
          "attributes": {
            "auto_create_subnetworks": false,
            "delete_default_routes_on_create": false,
            "description": "",
            "enable_ula_internal_ipv6": false,
            "gateway_ipv4": "",
            "id": "projects/leander-test-471809/global/networks/gke-network",
            "internal_ipv6_range": "",
            "mtu": 0,
            "name": "gke-network",
            "network_firewall_policy_enforcement_order": "AFTER_CLASSIC_FIREWALL",
            "numeric_id": "5920915275945944271",
            "project": "leander-test-471809",
            "routing_mode": "GLOBAL",
            "self_link": "https://www.googleapis.com/compute/v1/projects/leander-test-471809/global/networks/gke-network",
            "timeouts": null
          },
          "sensitive_attributes": [],
          "private": "eyJlMmJmYjczMC1lY2FhLTExZTYtOGY4OC0zNDM2M2JjN2M0YzAiOnsiY3JlYXRlIjoxMjAwMDAwMDAwMDAwLCJkZWxldGUiOjEyMDAwMDAwMDAwMDAsInVwZGF0ZSI6MTIwMDAwMDAwMDAwMH19"
        }
      ]
    },
    {
      "module": "module.pubsub.module.pubsub",
      "mode": "data",
      "type": "google_project",
      "name": "project",
      "provider": "provider[\"registry.terraform.io/hashicorp/google\"]",
      "instances": [
        {
          "schema_version": 0,
          "attributes": {
            "auto_create_network": null,
            "billing_account": "01382E-B0538A-7CD1CB",
            "deletion_policy": "DELETE",
            "effective_labels": {},
            "folder_id": "",
            "id": "projects/leander-test-471809",
            "labels": {},
            "name": "leander-test",
            "number": "448654422581",
            "org_id": "1096200139455",
            "project_id": "leander-test-471809",
            "skip_delete": null,
            "terraform_labels": {}
          },
          "sensitive_attributes": []
        }
      ]
    },
    {
      "module": "module.pubsub.module.pubsub",
      "mode": "managed",
      "type": "google_project_iam_member",
      "name": "token_creator_binding",
      "provider": "provider[\"registry.terraform.io/hashicorp/google\"]",
      "instances": [
        {
          "index_key": 0,
          "schema_version": 0,
          "attributes": {
            "condition": [],
            "etag": "BwZHsT8LXSI=",
            "id": "leander-test-471809/roles/iam.serviceAccountTokenCreator/serviceAccount:service-448654422581@gcp-sa-pubsub.iam.gserviceaccount.com",
            "member": "serviceAccount:service-448654422581@gcp-sa-pubsub.iam.gserviceaccount.com",
            "project": "leander-test-471809",
            "role": "roles/iam.serviceAccountTokenCreator"
          },
          "sensitive_attributes": [],
          "private": "bnVsbA==",
          "dependencies": [
            "module.pubsub.module.pubsub.data.google_project.project",
            "module.pubsub.module.pubsub.google_pubsub_subscription.push_subscriptions"
          ]
        }
      ]
    },
    {
      "module": "module.pubsub.module.pubsub",
      "mode": "managed",
      "type": "google_pubsub_subscription",
      "name": "pull_subscriptions",
      "provider": "provider[\"registry.terraform.io/hashicorp/google\"]",
      "instances": [
        {
          "index_key": "app-worker-sub",
          "schema_version": 0,
          "attributes": {
            "ack_deadline_seconds": 10,
            "bigquery_config": [],
            "cloud_storage_config": [],
            "dead_letter_policy": [],
            "effective_labels": {},
            "enable_exactly_once_delivery": false,
            "enable_message_ordering": false,
            "expiration_policy": [
              {
                "ttl": "2678400s"
              }
            ],
            "filter": "",
            "id": "projects/leander-test-471809/subscriptions/app-worker-sub",
            "labels": null,
            "message_retention_duration": "604800s",
            "name": "app-worker-sub",
            "project": "leander-test-471809",
            "push_config": [],
            "retain_acked_messages": false,
            "retry_policy": [],
            "terraform_labels": {},
            "timeouts": null,
            "topic": "projects/leander-test-471809/topics/app-events"
          },
          "sensitive_attributes": [],
          "private": "eyJlMmJmYjczMC1lY2FhLTExZTYtOGY4OC0zNDM2M2JjN2M0YzAiOnsiY3JlYXRlIjoxMjAwMDAwMDAwMDAwLCJkZWxldGUiOjEyMDAwMDAwMDAwMDAsInVwZGF0ZSI6MTIwMDAwMDAwMDAwMH19",
          "dependencies": [
            "module.pubsub.module.pubsub.google_pubsub_schema.schema",
            "module.pubsub.module.pubsub.google_pubsub_topic.topic"
          ]
        }
      ]
    },
    {
      "module": "module.pubsub.module.pubsub",
      "mode": "managed",
      "type": "google_pubsub_topic",
      "name": "topic",
      "provider": "provider[\"registry.terraform.io/hashicorp/google\"]",
      "instances": [
        {
          "index_key": 0,
          "schema_version": 0,
          "attributes": {
            "effective_labels": {},
            "id": "projects/leander-test-471809/topics/app-events",
            "ingestion_data_source_settings": [],
            "kms_key_name": "",
            "labels": null,
            "message_retention_duration": "",
            "message_storage_policy": [],
            "name": "app-events",
            "project": "leander-test-471809",
            "schema_settings": [],
            "terraform_labels": {},
            "timeouts": null
          },
          "sensitive_attributes": [],
          "private": "eyJlMmJmYjczMC1lY2FhLTExZTYtOGY4OC0zNDM2M2JjN2M0YzAiOnsiY3JlYXRlIjoxMjAwMDAwMDAwMDAwLCJkZWxldGUiOjEyMDAwMDAwMDAwMDAsInVwZGF0ZSI6MTIwMDAwMDAwMDAwMH19",
          "dependencies": [
            "module.pubsub.module.pubsub.google_pubsub_schema.schema"
          ]
        }
      ]
    },
    {
      "module": "module.secret_manager.module.secret_manager",
      "mode": "managed",
      "type": "google_secret_manager_secret",
      "name": "secrets",
      "provider": "provider[\"registry.terraform.io/hashicorp/google\"]",
      "instances": [
        {
          "index_key": "db-password",
          "schema_version": 0,
          "attributes": {
            "annotations": null,
            "create_time": "2026-01-06T05:14:39.154050Z",
            "effective_annotations": {},
            "effective_labels": {},
            "expire_time": "",
            "id": "projects/leander-test-471809/secrets/db-password",
            "labels": null,
            "name": "projects/448654422581/secrets/db-password",
            "project": "leander-test-471809",
            "replication": [
              {
                "auto": [
                  {
                    "customer_managed_encryption": []
                  }
                ],
                "user_managed": []
              }
            ],
            "rotation": [],
            "secret_id": "db-password",
            "terraform_labels": {},
            "timeouts": null,
            "topics": [],
            "ttl": null,
            "version_aliases": null,
            "version_destroy_ttl": ""
          },
          "sensitive_attributes": [],
          "private": "eyJlMmJmYjczMC1lY2FhLTExZTYtOGY4OC0zNDM2M2JjN2M0YzAiOnsiY3JlYXRlIjoxMjAwMDAwMDAwMDAwLCJkZWxldGUiOjEyMDAwMDAwMDAwMDAsInVwZGF0ZSI6MTIwMDAwMDAwMDAwMH19",
          "dependencies": [
            "google_project_service.apis",
            "module.secret_manager.module.secret_manager.google_kms_crypto_key_iam_member.sm_sa_encrypter_decrypter",
            "module.secret_manager.module.secret_manager.google_pubsub_topic_iam_member.sm_sa_publisher"
          ]
        }
      ]
    },
    {
      "module": "module.secret_manager.module.secret_manager",
      "mode": "managed",
      "type": "google_secret_manager_secret_version",
      "name": "secret-version",
      "provider": "provider[\"registry.terraform.io/hashicorp/google\"]",
      "instances": [
        {
          "index_key": "db-password",
          "schema_version": 0,
          "attributes": {
            "create_time": "2026-01-06T05:14:44.297264Z",
            "deletion_policy": "DELETE",
            "destroy_time": "",
            "enabled": true,
            "id": "projects/448654422581/secrets/db-password/versions/1",
            "is_secret_data_base64": false,
            "name": "projects/448654422581/secrets/db-password/versions/1",
            "secret": "projects/leander-test-471809/secrets/db-password",
            "secret_data": "REDACTED",
            "timeouts": null,
            "version": "1"
          },
          "sensitive_attributes": [],
          "private": "eyJlMmJmYjczMC1lY2FhLTExZTYtOGY4OC0zNDM2M2JjN2M0YzAiOnsiY3JlYXRlIjoxMjAwMDAwMDAwMDAwLCJkZWxldGUiOjEyMDAwMDAwMDAwMDAsInVwZGF0ZSI6MTIwMDAwMDAwMDAwMH19",
          "dependencies": [
            "google_project_service.apis",
            "module.secret_manager.module.secret_manager.google_kms_crypto_key_iam_member.sm_sa_encrypter_decrypter",
            "module.secret_manager.module.secret_manager.google_pubsub_topic_iam_member.sm_sa_publisher",
            "module.secret_manager.module.secret_manager.google_secret_manager_secret.secrets"
          ]
        }
      ]
    },
    {
      "module": "module.service_accounts.module.service_accounts",
      "mode": "managed",
      "type": "google_project_iam_member",
      "name": "project-roles",
      "provider": "provider[\"registry.terraform.io/hashicorp/google\"]",
      "instances": [
        {
          "index_key": "app-sa-leander-test-471809=>roles/logging.logWriter",
          "schema_version": 0,
          "attributes": {
            "condition": [],
            "etag": "BwZHsT/ildU=",
            "id": "leander-test-471809/roles/logging.logWriter/serviceAccount:app-sa@leander-test-471809.iam.gserviceaccount.com",
            "member": "serviceAccount:app-sa@leander-test-471809.iam.gserviceaccount.com",
            "project": "leander-test-471809",
            "role": "roles/logging.logWriter"
          },
          "sensitive_attributes": [],
          "private": "bnVsbA==",
          "dependencies": [
            "module.service_accounts.module.service_accounts.google_service_account.service_accounts"
          ]
        },
        {
          "index_key": "app-sa-leander-test-471809=>roles/monitoring.metricWriter",
          "schema_version": 0,
          "attributes": {
            "condition": [],
            "etag": "BwZHsUC2Pp4=",
            "id": "leander-test-471809/roles/monitoring.metricWriter/serviceAccount:app-sa@leander-test-471809.iam.gserviceaccount.com",
            "member": "serviceAccount:app-sa@leander-test-471809.iam.gserviceaccount.com",
            "project": "leander-test-471809",
            "role": "roles/monitoring.metricWriter"
          },
          "sensitive_attributes": [],
          "private": "bnVsbA==",
          "dependencies": [
            "module.service_accounts.module.service_accounts.google_service_account.service_accounts"
          ]
        },
        {
          "index_key": "app-sa-leander-test-471809=>roles/monitoring.viewer",
          "schema_version": 0,
          "attributes": {
            "condition": [],
            "etag": "BwZHsT/ildU=",
            "id": "leander-test-471809/roles/monitoring.viewer/serviceAccount:app-sa@leander-test-471809.iam.gserviceaccount.com",
            "member": "serviceAccount:app-sa@leander-test-471809.iam.gserviceaccount.com",
            "project": "leander-test-471809",
            "role": "roles/monitoring.viewer"
          },
          "sensitive_attributes": [],
          "private": "bnVsbA==",
          "dependencies": [
            "module.service_accounts.module.service_accounts.google_service_account.service_accounts"
          ]
        },
        {
          "index_key": "gke-node-sa-leander-test-471809=>roles/logging.logWriter",
          "schema_version": 0,
          "attributes": {
            "condition": [],
            "etag": "BwZHsT/ildU=",
            "id": "leander-test-471809/roles/logging.logWriter/serviceAccount:gke-node-sa@leander-test-471809.iam.gserviceaccount.com",
            "member": "serviceAccount:gke-node-sa@leander-test-471809.iam.gserviceaccount.com",
            "project": "leander-test-471809",
            "role": "roles/logging.logWriter"
          },
          "sensitive_attributes": [],
          "private": "bnVsbA==",
          "dependencies": [
            "module.service_accounts.module.service_accounts.google_service_account.service_accounts"
          ]
        },
        {
          "index_key": "gke-node-sa-leander-test-471809=>roles/monitoring.metricWriter",
          "schema_version": 0,
          "attributes": {
            "condition": [],
            "etag": "BwZHsT/ildU=",
            "id": "leander-test-471809/roles/monitoring.metricWriter/serviceAccount:gke-node-sa@leander-test-471809.iam.gserviceaccount.com",
            "member": "serviceAccount:gke-node-sa@leander-test-471809.iam.gserviceaccount.com",
            "project": "leander-test-471809",
            "role": "roles/monitoring.metricWriter"
          },
          "sensitive_attributes": [],
          "private": "bnVsbA==",
          "dependencies": [
            "module.service_accounts.module.service_accounts.google_service_account.service_accounts"
          ]
        },
        {
          "index_key": "gke-node-sa-leander-test-471809=>roles/monitoring.viewer",
          "schema_version": 0,
          "attributes": {
            "condition": [],
            "etag": "BwZHsT/ildU=",
            "id": "leander-test-471809/roles/monitoring.viewer/serviceAccount:gke-node-sa@leander-test-471809.iam.gserviceaccount.com",
            "member": "serviceAccount:gke-node-sa@leander-test-471809.iam.gserviceaccount.com",
            "project": "leander-test-471809",
            "role": "roles/monitoring.viewer"
          },
          "sensitive_attributes": [],
          "private": "bnVsbA==",
          "dependencies": [
            "module.service_accounts.module.service_accounts.google_service_account.service_accounts"
          ]
        }
      ]
    },
    {
      "module": "module.service_accounts.module.service_accounts",
      "mode": "managed",
      "type": "google_service_account",
      "name": "service_accounts",
      "provider": "provider[\"registry.terraform.io/hashicorp/google\"]",
      "instances": [
        {
          "index_key": "app-sa",
          "schema_version": 0,
          "attributes": {
            "account_id": "app-sa",
            "create_ignore_already_exists": null,
            "description": "",
            "disabled": false,
            "display_name": "Terraform-managed service account",
            "email": "app-sa@leander-test-471809.iam.gserviceaccount.com",
            "id": "projects/leander-test-471809/serviceAccounts/app-sa@leander-test-471809.iam.gserviceaccount.com",
            "member": "serviceAccount:app-sa@leander-test-471809.iam.gserviceaccount.com",
            "name": "projects/leander-test-471809/serviceAccounts/app-sa@leander-test-471809.iam.gserviceaccount.com",
            "project": "leander-test-471809",
            "timeouts": null,
            "unique_id": "108631752139531447694"
          },
          "sensitive_attributes": [],
          "private": "eyJlMmJmYjczMC1lY2FhLTExZTYtOGY4OC0zNDM2M2JjN2M0YzAiOnsiY3JlYXRlIjozMDAwMDAwMDAwMDB9fQ=="
        },
        {
          "index_key": "gke-node-sa",
          "schema_version": 0,
          "attributes": {
            "account_id": "gke-node-sa",
            "create_ignore_already_exists": null,
            "description": "",
            "disabled": false,
            "display_name": "Terraform-managed service account",
            "email": "gke-node-sa@leander-test-471809.iam.gserviceaccount.com",
            "id": "projects/leander-test-471809/serviceAccounts/gke-node-sa@leander-test-471809.iam.gserviceaccount.com",
            "member": "serviceAccount:gke-node-sa@leander-test-471809.iam.gserviceaccount.com",
            "name": "projects/leander-test-471809/serviceAccounts/gke-node-sa@leander-test-471809.iam.gserviceaccount.com",
            "project": "leander-test-471809",
            "timeouts": null,
            "unique_id": "117615787250851545279"
          },
          "sensitive_attributes": [],
          "private": "eyJlMmJmYjczMC1lY2FhLTExZTYtOGY4OC0zNDM2M2JjN2M0YzAiOnsiY3JlYXRlIjozMDAwMDAwMDAwMDB9fQ=="
        }
      ]
    },
    {
      "module": "module.sql.module.sql",
      "mode": "managed",
      "type": "google_sql_database",
      "name": "default",
      "provider": "provider[\"registry.terraform.io/hashicorp/google\"]",
      "instances": [
        {
          "index_key": 0,
          "schema_version": 0,
          "attributes": {
            "charset": "UTF8",
            "collation": "en_US.UTF8",
            "deletion_policy": "DELETE",
            "id": "projects/leander-test-471809/instances/main-db/databases/default",
            "instance": "main-db",
            "name": "default",
            "project": "leander-test-471809",
            "self_link": "https://sqladmin.googleapis.com/sql/v1beta4/projects/leander-test-471809/instances/main-db/databases/default",
            "timeouts": null
          },
          "sensitive_attributes": [],
          "private": "eyJlMmJmYjczMC1lY2FhLTExZTYtOGY4OC0zNDM2M2JjN2M0YzAiOnsiY3JlYXRlIjoxMjAwMDAwMDAwMDAwLCJkZWxldGUiOjEyMDAwMDAwMDAwMDAsInVwZGF0ZSI6MTIwMDAwMDAwMDAwMH19",
          "dependencies": [
            "module.network.google_compute_global_address.private_ip_address",
            "module.network.google_service_networking_connection.private_vpc_connection",
            "module.network.module.vpc.module.firewall_rules.google_compute_firewall.rules",
            "module.network.module.vpc.module.firewall_rules.google_compute_firewall.rules_ingress_egress",
            "module.network.module.vpc.module.routes.google_compute_route.route",
            "module.network.module.vpc.module.subnets.google_compute_subnetwork.subnetwork",
            "module.network.module.vpc.module.vpc.google_compute_network.network",
            "module.network.module.vpc.module.vpc.google_compute_shared_vpc_host_project.shared_vpc_host",
            "module.sql.module.sql.google_sql_database_instance.default",
            "module.sql.module.sql.null_resource.module_depends_on",
            "module.sql.module.sql.random_id.suffix"
          ]
        }
      ]
    },
    {
      "module": "module.sql.module.sql",
      "mode": "managed",
      "type": "google_sql_database_instance",
      "name": "default",
      "provider": "provider[\"registry.terraform.io/hashicorp/google-beta\"]",
      "instances": [
        {
          "schema_version": 0,
          "attributes": {
            "available_maintenance_versions": [],
            "clone": [],
            "connection_name": "leander-test-471809:us-central1:main-db",
            "database_version": "POSTGRES_15",
            "deletion_protection": false,
            "dns_name": "",
            "encryption_key_name": null,
            "first_ip_address": "10.232.0.3",
            "id": "main-db",
            "instance_type": "CLOUD_SQL_INSTANCE",
            "ip_address": [
              {
                "ip_address": "10.232.0.3",
                "time_to_retire": "",
                "type": "PRIVATE"
              }
            ],
            "maintenance_version": "POSTGRES_15_15.R20251004.01_26",
            "master_instance_name": "",
            "name": "main-db",
            "private_ip_address": "10.232.0.3",
            "project": "leander-test-471809",
            "psc_service_attachment_link": "",
            "public_ip_address": "",
            "region": "us-central1",
            "replica_configuration": [],
            "restore_backup_context": [],
            "root_password": null,
            "self_link": "https://sqladmin.googleapis.com/sql/v1beta4/projects/leander-test-471809/instances/main-db",
            "server_ca_cert": [
              {
                "cert": "-----BEGIN CERTIFICATE-----\nMIIDfzCCAmegAwIBAgIBADANBgkqhkiG9w0BAQsFADB3MS0wKwYDVQQuEyRlNGM2\nZWZiZS04ZmQzLTRmZjgtOWFjYi1kMGZlZDFhYmJjNTExIzAhBgNVBAMTGkdvb2ds\nZSBDbG91ZCBTUUwgU2VydmVyIENBMRQwEgYDVQQKEwtHb29nbGUsIEluYzELMAkG\nA1UEBhMCVVMwHhcNMjYwMTA2MDUxODIzWhcNMzYwMTA0MDUxOTIzWjB3MS0wKwYD\nVQQuEyRlNGM2ZWZiZS04ZmQzLTRmZjgtOWFjYi1kMGZlZDFhYmJjNTExIzAhBgNV\nBAMTGkdvb2dsZSBDbG91ZCBTUUwgU2VydmVyIENBMRQwEgYDVQQKEwtHb29nbGUs\nIEluYzELMAkGA1UEBhMCVVMwggEiMA0GCSqGSIb3DQEBAQUAA4IBDwAwggEKAoIB\nAQDFEpDQLehxeD2k9ZJHoWVxc69ssd1BwsCBr9lksfc6UmPfRS6yNScVR/hAESp4\niLljtTS+gUKUQnH9jHtuySX7xQw7pRLFSuphYLXO3tQp5hWDqIGRz3QRNOfqnUWu\nBp/xzw4ZBJS618WIFkocvDtlzT8uPlb3m46yOinfinGaCc5cDwVlsspmCxbQVJq2\nNu5RTbMCjLRLRwvFQzlMjVAQzjeIrl8qvnmeM4kc9RWdXiOuTpgWq3+WTwJWrDJi\nKqQ6edluTDcpY31ZAwGWHGgiXk3p9mznT9cunZXjrf2+/OU7CBcv4Ra54hEmZdvq\nNPViYv/6xRAIoX50QcfJb4MFAgMBAAGjFjAUMBIGA1UdEwEB/wQIMAYBAf8CAQAw\nDQYJKoZIhvcNAQELBQADggEBAKYKr/pnu50TpuUKhURpq+pZD4CNcsSvKE8/9osw\nz8PgeobWcDIYExsex1XyWQICKAU0WkZyM5DaCWbE/hxwI4RrVww9dCmQk4hi4gVg\nw1M1sTrdMGW6R4WbfkmOGV7A2j2YmagT6FtkVqMTcgUzzZQin0g0MQms8hHybZkO\nG3xoswT8wTL+wUF9sOIRJ5ZgYs6SGQ/Szsaava8RiCRMkocz18WNZ/ETuTotPqep\nFGaYRFtUNIn6sZ+m04XFRf1sc4zqgVvjef/f5LYlESatmQ5idWsVQE6nDx4JByCi\n9zSE7Xs38AlDusKFxSIxUYJI6bVRWFpbatkIEqnQIo1f7oA=\n-----END CERTIFICATE-----",
                "common_name": "C=US,O=Google\\, Inc,CN=Google Cloud SQL Server CA,dnQualifier=e4c6efbe-8fd3-4ff8-9acb-d0fed1abbc51",
                "create_time": "2026-01-06T05:18:23.861Z",
                "expiration_time": "2036-01-04T05:19:23.861Z",
                "sha1_fingerprint": "a8dbb8beb6da16d1fd520c5631c917714e0646e7"
              }
            ],
            "service_account_email_address": "p448654422581-jkkqig@gcp-sa-cloud-sql.iam.gserviceaccount.com",
            "settings": [
              {
                "activation_policy": "ALWAYS",
                "active_directory_config": [],
                "advanced_machine_features": [],
                "availability_type": "ZONAL",
                "backup_configuration": [
                  {
                    "backup_retention_settings": [
                      {
                        "retained_backups": 7,
                        "retention_unit": "COUNT"
                      }
                    ],
                    "binary_log_enabled": false,
                    "enabled": false,
                    "location": "",
                    "point_in_time_recovery_enabled": false,
                    "start_time": "01:00",
                    "transaction_log_retention_days": 7
                  }
                ],
                "collation": "",
                "connector_enforcement": "NOT_REQUIRED",
                "data_cache_config": [],
                "database_flags": [],
                "deletion_protection_enabled": false,
                "deny_maintenance_period": [],
                "disk_autoresize": true,
                "disk_autoresize_limit": 0,
                "disk_size": 10,
                "disk_type": "PD_SSD",
                "edition": "ENTERPRISE",
                "enable_dataplex_integration": false,
                "enable_google_ml_integration": false,
                "insights_config": [],
                "ip_configuration": [
                  {
                    "allocated_ip_range": "",
                    "authorized_networks": [],
                    "enable_private_path_for_google_cloud_services": false,
                    "ipv4_enabled": false,
                    "private_network": "projects/leander-test-471809/global/networks/gke-network",
                    "psc_config": [],
                    "require_ssl": false,
                    "server_ca_mode": "GOOGLE_MANAGED_INTERNAL_CA",
                    "ssl_mode": ""
                  }
                ],
                "location_preference": [
                  {
                    "follow_gae_application": "",
                    "secondary_zone": "",
                    "zone": "us-central1-a"
                  }
                ],
                "maintenance_window": [
                  {
                    "day": 1,
                    "hour": 23,
                    "update_track": "canary"
                  }
                ],
                "password_validation_policy": [],
                "pricing_plan": "PER_USE",
                "sql_server_audit_config": [],
                "tier": "db-custom-2-7680",
                "time_zone": "",
                "user_labels": {},
                "version": 1
              }
            ],
            "timeouts": {
              "create": "30m",
              "delete": "30m",
              "update": "30m"
            }
          },
          "sensitive_attributes": [],
          "private": "eyJlMmJmYjczMC1lY2FhLTExZTYtOGY4OC0zNDM2M2JjN2M0YzAiOnsiY3JlYXRlIjoxODAwMDAwMDAwMDAwLCJkZWxldGUiOjE4MDAwMDAwMDAwMDAsInVwZGF0ZSI6MTgwMDAwMDAwMDAwMH19",
          "dependencies": [
            "module.network.google_compute_global_address.private_ip_address",
            "module.network.google_service_networking_connection.private_vpc_connection",
            "module.network.module.vpc.module.firewall_rules.google_compute_firewall.rules",
            "module.network.module.vpc.module.firewall_rules.google_compute_firewall.rules_ingress_egress",
            "module.network.module.vpc.module.routes.google_compute_route.route",
            "module.network.module.vpc.module.subnets.google_compute_subnetwork.subnetwork",
            "module.network.module.vpc.module.vpc.google_compute_network.network",
            "module.network.module.vpc.module.vpc.google_compute_shared_vpc_host_project.shared_vpc_host",
            "module.sql.module.sql.null_resource.module_depends_on",
            "module.sql.module.sql.random_id.suffix"
          ]
        }
      ]
    },
    {
      "module": "module.sql.module.sql",
      "mode": "managed",
      "type": "google_sql_user",
      "name": "default",
      "provider": "provider[\"registry.terraform.io/hashicorp/google\"]",
      "instances": [
        {
          "index_key": 0,
          "schema_version": 1,
          "attributes": {
            "deletion_policy": null,
            "host": "",
            "id": "default//main-db",
            "instance": "main-db",
            "name": "default",
            "password": "REDACTED",
            "password_policy": [],
            "project": "leander-test-471809",
            "sql_server_user_details": [],
            "timeouts": null,
            "type": ""
          },
          "sensitive_attributes": [
            [
              {
                "type": "get_attr",
                "value": "password"
              }
            ]
          ],
          "private": "eyJlMmJmYjczMC1lY2FhLTExZTYtOGY4OC0zNDM2M2JjN2M0YzAiOnsiY3JlYXRlIjo2MDAwMDAwMDAwMDAsImRlbGV0ZSI6NjAwMDAwMDAwMDAwLCJ1cGRhdGUiOjYwMDAwMDAwMDAwMH0sInNjaGVtYV92ZXJzaW9uIjoiMSJ9",
          "dependencies": [
            "module.network.google_compute_global_address.private_ip_address",
            "module.network.google_service_networking_connection.private_vpc_connection",
            "module.network.module.vpc.module.firewall_rules.google_compute_firewall.rules",
            "module.network.module.vpc.module.firewall_rules.google_compute_firewall.rules_ingress_egress",
            "module.network.module.vpc.module.routes.google_compute_route.route",
            "module.network.module.vpc.module.subnets.google_compute_subnetwork.subnetwork",
            "module.network.module.vpc.module.vpc.google_compute_network.network",
            "module.network.module.vpc.module.vpc.google_compute_shared_vpc_host_project.shared_vpc_host",
            "module.sql.module.sql.google_sql_database_instance.default",
            "module.sql.module.sql.google_sql_database_instance.replicas",
            "module.sql.module.sql.null_resource.module_depends_on",
            "module.sql.module.sql.random_id.suffix",
            "module.sql.module.sql.random_password.user-password"
          ]
        }
      ]
    },
    {
      "module": "module.sql.module.sql",
      "mode": "managed",
      "type": "null_resource",
      "name": "module_depends_on",
      "provider": "provider[\"registry.terraform.io/hashicorp/null\"]",
      "instances": [
        {
          "schema_version": 0,
          "attributes": {
            "id": "2533660533958490000",
            "triggers": {
              "value": "0"
            }
          },
          "sensitive_attributes": [],
          "dependencies": [
            "module.network.google_compute_global_address.private_ip_address",
            "module.network.google_service_networking_connection.private_vpc_connection",
            "module.network.module.vpc.module.firewall_rules.google_compute_firewall.rules",
            "module.network.module.vpc.module.firewall_rules.google_compute_firewall.rules_ingress_egress",
            "module.network.module.vpc.module.routes.google_compute_route.route",
            "module.network.module.vpc.module.subnets.google_compute_subnetwork.subnetwork",
            "module.network.module.vpc.module.vpc.google_compute_network.network",
            "module.network.module.vpc.module.vpc.google_compute_shared_vpc_host_project.shared_vpc_host"
          ]
        }
      ]
    },
    {
      "module": "module.sql.module.sql",
      "mode": "managed",
      "type": "random_password",
      "name": "user-password",
      "provider": "provider[\"registry.terraform.io/hashicorp/random\"]",
      "instances": [
        {
          "schema_version": 3,
          "attributes": {
            "bcrypt_hash": "REDACTED",
            "id": "none",
            "keepers": {
              "name": "main-db"
            },
            "length": 32,
            "lower": true,
            "min_lower": 1,
            "min_numeric": 1,
            "min_special": 0,
            "min_upper": 1,
            "number": true,
            "numeric": true,
            "override_special": null,
            "result": "REDACTED",
            "special": false,
            "upper": true
          },
          "sensitive_attributes": [],
          "dependencies": [
            "module.network.google_compute_global_address.private_ip_address",
            "module.network.google_service_networking_connection.private_vpc_connection",
            "module.network.module.vpc.module.firewall_rules.google_compute_firewall.rules",
            "module.network.module.vpc.module.firewall_rules.google_compute_firewall.rules_ingress_egress",
            "module.network.module.vpc.module.routes.google_compute_route.route",
            "module.network.module.vpc.module.subnets.google_compute_subnetwork.subnetwork",
            "module.network.module.vpc.module.vpc.google_compute_network.network",
            "module.network.module.vpc.module.vpc.google_compute_shared_vpc_host_project.shared_vpc_host",
            "module.sql.module.sql.google_sql_database_instance.default",
            "module.sql.module.sql.null_resource.module_depends_on",
            "module.sql.module.sql.random_id.suffix"
          ]
        }
      ]
    }
  ],
  "check_results": null
}
