{
  "version": 4,
  "terraform_version": "1.5.7",
  "serial": 314,
  "lineage": "1f3a066e-d25f-ff75-cb26-7053976fd154",
  "outputs": {
    "cloud_sql_connection_name": {
      "value": "leander-test-471809:asia-south1:tap-prod-sql",
      "type": "string"
    },
    "cloud_sql_private_ip": {
      "value": "10.130.0.3",
      "type": "string"
    },
    "gcs_bucket_names": {
      "value": [
        "tap-tap-data",
        "tap-tap-uploads"
      ],
      "type": [
        "tuple",
        [
          "string",
          "string"
        ]
      ]
    },
    "gke_cluster_name": {
      "value": "tap-prod-gke",
      "type": "string"
    },
    "gke_endpoint": {
      "value": "34.93.160.185",
      "type": "string",
      "sensitive": true
    },
    "pubsub_topic_names": {
      "value": [
        "tap-tap-events"
      ],
      "type": [
        "tuple",
        [
          "string"
        ]
      ]
    },
    "redis_host": {
      "value": "10.83.238.59",
      "type": "string"
    },
    "redis_port": {
      "value": 6379,
      "type": "number"
    }
  },
  "resources": [
    {
      "mode": "data",
      "type": "google_client_config",
      "name": "default",
      "provider": "provider[\"registry.terraform.io/hashicorp/google\"]",
      "instances": [
        {
          "schema_version": 0,
          "attributes": {
            "access_token": "ya29.c.c0AZ4bNpbbCpDQR_A137giYnfj-fRFZrn260HM2EOSDkZ-M8o45EZNHvicXfrxWATWv9wDwT0BSxQPWWOWS0rWvt6OuS9IdX19Ygin9qdeAXdJuyiN7LArAi3NpS1EqX5JTE0Iqyq9hZgGZRx3gt9Td5QBdzzfNgAvStaEC-JRHx6DUXu-4nVsDatS7SCDM64EBklwyKMd8-JsIAWchWkm78DO0GGKJSjfWry7lnVTAtFIhGEWsUCj-_F8sIaWEGS-YILXRWpzUVaiBITKQRm83Qc_uFhX5JNP83nfV0QoqT3DpUewRxngG2zoPd_LmkipK8bY-9kzgtSy8RRuLYoLxTBdSb0l7h2D9eVwpaNG8i-bgorl4q6bCPjoAC0N388PO2jvlMfFa_wkpthYpjFIs2xYatefc85Snu4kpdMli_Z2ZM_ttvsoxSRsOSQ79x4j18rX_I23MrqJkrqyBRg3fsIyxeWb3QiXunkgYwy6_lfi-BmZy1amM3SOezVQWfe5MRM_OaWm1nqt2zZyjQ9FsVBhz7ewOljr749tse7erk-boQFiiO1tMqBxWsXgeB_nUUuMgwYZZUsQ5t7-r2U_zU88uynSMuUdI_x0bpQig5o2_yafWa9Jmpznfh2YogR3cma-RXM1gUBRml1x00gFxZ5IcsBtUtwx-OzibS0_X5YunU8otxWpojnrSn_41ByJcytSvtgbBpbcj-jp5jh-JrQM1XUvy98Q3RUx9b9iRFvV2sUFXq8VIiWnchw3IWkQbdYsMoS-J5jms8mng9gZtr-OoxJ7flIciqm188R9tUcxopOg25-tzYRpvRcvY_JZ_17pf6kjkaBeOh85Ffc1r3_qOj-Wap07jV5aXvoFbe_MmIjar3t-mzIsFB3Sk0XOvaRywt-hmnagY8MJluaUupaddn5mjQgBxlkhmtZynjW0p2y1MYuYXBtQrOS_Rgi3dUs7uBqjZe7jJq7_4hdMX3eUrVjrYcVd4u_XvnkXFazB08W36XF5Q1a",
            "default_labels": null,
            "id": "projects/\"leander-test-471809\"/regions/\"asia-south1\"/zones/\u003cnull\u003e",
            "project": "leander-test-471809",
            "region": "asia-south1",
            "zone": null
          },
          "sensitive_attributes": []
        }
      ]
    },
    {
      "mode": "managed",
      "type": "google_project_iam_member",
      "name": "gke_sa_cloudsql_client",
      "provider": "provider[\"registry.terraform.io/hashicorp/google\"]",
      "instances": [
        {
          "schema_version": 0,
          "attributes": {
            "condition": [],
            "etag": "BwZLebTnx+I=",
            "id": "leander-test-471809/roles/cloudsql.client/serviceAccount:tap-prod-gke-sa@leander-test-471809.iam.gserviceaccount.com",
            "member": "serviceAccount:tap-prod-gke-sa@leander-test-471809.iam.gserviceaccount.com",
            "project": "leander-test-471809",
            "role": "roles/cloudsql.client"
          },
          "sensitive_attributes": [],
          "private": "bnVsbA==",
          "dependencies": [
            "google_service_account.gke_nodes"
          ]
        }
      ]
    },
    {
      "mode": "managed",
      "type": "google_project_iam_member",
      "name": "gke_sa_gcr_pull",
      "provider": "provider[\"registry.terraform.io/hashicorp/google\"]",
      "instances": [
        {
          "schema_version": 0,
          "attributes": {
            "condition": [],
            "etag": "BwZLebTnx+I=",
            "id": "leander-test-471809/roles/storage.objectViewer/serviceAccount:tap-prod-gke-sa@leander-test-471809.iam.gserviceaccount.com",
            "member": "serviceAccount:tap-prod-gke-sa@leander-test-471809.iam.gserviceaccount.com",
            "project": "leander-test-471809",
            "role": "roles/storage.objectViewer"
          },
          "sensitive_attributes": [],
          "private": "bnVsbA==",
          "dependencies": [
            "google_service_account.gke_nodes"
          ]
        }
      ]
    },
    {
      "mode": "managed",
      "type": "google_project_iam_member",
      "name": "gke_sa_log_writer",
      "provider": "provider[\"registry.terraform.io/hashicorp/google\"]",
      "instances": [
        {
          "schema_version": 0,
          "attributes": {
            "condition": [],
            "etag": "BwZLebTnx+I=",
            "id": "leander-test-471809/roles/logging.logWriter/serviceAccount:tap-prod-gke-sa@leander-test-471809.iam.gserviceaccount.com",
            "member": "serviceAccount:tap-prod-gke-sa@leander-test-471809.iam.gserviceaccount.com",
            "project": "leander-test-471809",
            "role": "roles/logging.logWriter"
          },
          "sensitive_attributes": [],
          "private": "bnVsbA==",
          "dependencies": [
            "google_service_account.gke_nodes"
          ]
        }
      ]
    },
    {
      "mode": "managed",
      "type": "google_project_iam_member",
      "name": "gke_sa_metric_writer",
      "provider": "provider[\"registry.terraform.io/hashicorp/google\"]",
      "instances": [
        {
          "schema_version": 0,
          "attributes": {
            "condition": [],
            "etag": "BwZLebTnx+I=",
            "id": "leander-test-471809/roles/monitoring.metricWriter/serviceAccount:tap-prod-gke-sa@leander-test-471809.iam.gserviceaccount.com",
            "member": "serviceAccount:tap-prod-gke-sa@leander-test-471809.iam.gserviceaccount.com",
            "project": "leander-test-471809",
            "role": "roles/monitoring.metricWriter"
          },
          "sensitive_attributes": [],
          "private": "bnVsbA==",
          "dependencies": [
            "google_service_account.gke_nodes"
          ]
        }
      ]
    },
    {
      "mode": "managed",
      "type": "google_project_iam_member",
      "name": "gke_sa_pubsub_publisher",
      "provider": "provider[\"registry.terraform.io/hashicorp/google\"]",
      "instances": [
        {
          "schema_version": 0,
          "attributes": {
            "condition": [],
            "etag": "BwZLebTnx+I=",
            "id": "leander-test-471809/roles/pubsub.publisher/serviceAccount:tap-prod-gke-sa@leander-test-471809.iam.gserviceaccount.com",
            "member": "serviceAccount:tap-prod-gke-sa@leander-test-471809.iam.gserviceaccount.com",
            "project": "leander-test-471809",
            "role": "roles/pubsub.publisher"
          },
          "sensitive_attributes": [],
          "private": "bnVsbA==",
          "dependencies": [
            "google_service_account.gke_nodes"
          ]
        }
      ]
    },
    {
      "mode": "managed",
      "type": "google_project_iam_member",
      "name": "gke_sa_pubsub_subscriber",
      "provider": "provider[\"registry.terraform.io/hashicorp/google\"]",
      "instances": [
        {
          "schema_version": 0,
          "attributes": {
            "condition": [],
            "etag": "BwZLebTnx+I=",
            "id": "leander-test-471809/roles/pubsub.subscriber/serviceAccount:tap-prod-gke-sa@leander-test-471809.iam.gserviceaccount.com",
            "member": "serviceAccount:tap-prod-gke-sa@leander-test-471809.iam.gserviceaccount.com",
            "project": "leander-test-471809",
            "role": "roles/pubsub.subscriber"
          },
          "sensitive_attributes": [],
          "private": "bnVsbA==",
          "dependencies": [
            "google_service_account.gke_nodes"
          ]
        }
      ]
    },
    {
      "mode": "managed",
      "type": "google_project_iam_member",
      "name": "gke_sa_pubsub_viewer",
      "provider": "provider[\"registry.terraform.io/hashicorp/google\"]",
      "instances": [
        {
          "schema_version": 0,
          "attributes": {
            "condition": [],
            "etag": "BwZLebTnx+I=",
            "id": "leander-test-471809/roles/pubsub.viewer/serviceAccount:tap-prod-gke-sa@leander-test-471809.iam.gserviceaccount.com",
            "member": "serviceAccount:tap-prod-gke-sa@leander-test-471809.iam.gserviceaccount.com",
            "project": "leander-test-471809",
            "role": "roles/pubsub.viewer"
          },
          "sensitive_attributes": [],
          "private": "bnVsbA==",
          "dependencies": [
            "google_service_account.gke_nodes"
          ]
        }
      ]
    },
    {
      "mode": "managed",
      "type": "google_service_account",
      "name": "gke_nodes",
      "provider": "provider[\"registry.terraform.io/hashicorp/google\"]",
      "instances": [
        {
          "schema_version": 0,
          "attributes": {
            "account_id": "tap-prod-gke-sa",
            "create_ignore_already_exists": null,
            "description": "",
            "disabled": false,
            "display_name": "GKE nodes SA for TAP",
            "email": "tap-prod-gke-sa@leander-test-471809.iam.gserviceaccount.com",
            "id": "projects/leander-test-471809/serviceAccounts/tap-prod-gke-sa@leander-test-471809.iam.gserviceaccount.com",
            "member": "serviceAccount:tap-prod-gke-sa@leander-test-471809.iam.gserviceaccount.com",
            "name": "projects/leander-test-471809/serviceAccounts/tap-prod-gke-sa@leander-test-471809.iam.gserviceaccount.com",
            "project": "leander-test-471809",
            "timeouts": null,
            "unique_id": "113564882184274601896"
          },
          "sensitive_attributes": [],
          "private": "eyJlMmJmYjczMC1lY2FhLTExZTYtOGY4OC0zNDM2M2JjN2M0YzAiOnsiY3JlYXRlIjozMDAwMDAwMDAwMDB9fQ=="
        }
      ]
    },
    {
      "mode": "managed",
      "type": "google_service_account_iam_member",
      "name": "terraform_sa_use_gke_sa",
      "provider": "provider[\"registry.terraform.io/hashicorp/google\"]",
      "instances": [
        {
          "schema_version": 0,
          "attributes": {
            "condition": [],
            "etag": "BwZLebRQ12k=",
            "id": "projects/leander-test-471809/serviceAccounts/tap-prod-gke-sa@leander-test-471809.iam.gserviceaccount.com/roles/iam.serviceAccountUser/serviceAccount:github-actions-sa@leander-test-471809.iam.gserviceaccount.com",
            "member": "serviceAccount:github-actions-sa@leander-test-471809.iam.gserviceaccount.com",
            "role": "roles/iam.serviceAccountUser",
            "service_account_id": "projects/leander-test-471809/serviceAccounts/tap-prod-gke-sa@leander-test-471809.iam.gserviceaccount.com"
          },
          "sensitive_attributes": [],
          "private": "bnVsbA==",
          "dependencies": [
            "google_service_account.gke_nodes"
          ]
        }
      ]
    },
    {
      "mode": "managed",
      "type": "google_storage_bucket_iam_member",
      "name": "gke_sa_gcs",
      "provider": "provider[\"registry.terraform.io/hashicorp/google\"]",
      "instances": [
        {
          "index_key": "tap-tap-data",
          "schema_version": 0,
          "attributes": {
            "bucket": "b/tap-tap-data",
            "condition": [],
            "etag": "CAI=",
            "id": "b/tap-tap-data/roles/storage.objectAdmin/serviceAccount:tap-prod-gke-sa@leander-test-471809.iam.gserviceaccount.com",
            "member": "serviceAccount:tap-prod-gke-sa@leander-test-471809.iam.gserviceaccount.com",
            "role": "roles/storage.objectAdmin"
          },
          "sensitive_attributes": [],
          "private": "bnVsbA==",
          "dependencies": [
            "google_service_account.gke_nodes",
            "module.gcs.google_storage_bucket.buckets"
          ]
        },
        {
          "index_key": "tap-tap-uploads",
          "schema_version": 0,
          "attributes": {
            "bucket": "b/tap-tap-uploads",
            "condition": [],
            "etag": "CAI=",
            "id": "b/tap-tap-uploads/roles/storage.objectAdmin/serviceAccount:tap-prod-gke-sa@leander-test-471809.iam.gserviceaccount.com",
            "member": "serviceAccount:tap-prod-gke-sa@leander-test-471809.iam.gserviceaccount.com",
            "role": "roles/storage.objectAdmin"
          },
          "sensitive_attributes": [],
          "private": "bnVsbA==",
          "dependencies": [
            "google_service_account.gke_nodes",
            "module.gcs.google_storage_bucket.buckets"
          ]
        }
      ]
    },
    {
      "module": "module.cloud_sql",
      "mode": "managed",
      "type": "google_sql_database",
      "name": "db",
      "provider": "provider[\"registry.terraform.io/hashicorp/google\"]",
      "instances": [
        {
          "schema_version": 0,
          "attributes": {
            "charset": "UTF8",
            "collation": "en_US.UTF8",
            "deletion_policy": "DELETE",
            "id": "projects/leander-test-471809/instances/tap-prod-sql/databases/tapdb",
            "instance": "tap-prod-sql",
            "name": "tapdb",
            "project": "leander-test-471809",
            "self_link": "https://sqladmin.googleapis.com/sql/v1beta4/projects/leander-test-471809/instances/tap-prod-sql/databases/tapdb",
            "timeouts": null
          },
          "sensitive_attributes": [],
          "private": "eyJlMmJmYjczMC1lY2FhLTExZTYtOGY4OC0zNDM2M2JjN2M0YzAiOnsiY3JlYXRlIjoxMjAwMDAwMDAwMDAwLCJkZWxldGUiOjEyMDAwMDAwMDAwMDAsInVwZGF0ZSI6MTIwMDAwMDAwMDAwMH19",
          "dependencies": [
            "module.cloud_sql.google_sql_database_instance.main",
            "module.network.data.google_compute_subnetwork.existing",
            "module.network.google_compute_global_address.private_ip_range",
            "module.network.google_compute_network.main",
            "module.network.google_compute_subnetwork.main",
            "module.network.google_service_networking_connection.private_vpc",
            "module.project_services.google_project_service.project_services"
          ]
        }
      ]
    },
    {
      "module": "module.cloud_sql",
      "mode": "managed",
      "type": "google_sql_database_instance",
      "name": "main",
      "provider": "provider[\"registry.terraform.io/hashicorp/google\"]",
      "instances": [
        {
          "schema_version": 0,
          "attributes": {
            "available_maintenance_versions": [],
            "clone": [],
            "connection_name": "leander-test-471809:asia-south1:tap-prod-sql",
            "database_version": "POSTGRES_16",
            "deletion_protection": false,
            "dns_name": "",
            "encryption_key_name": null,
            "first_ip_address": "34.47.217.4",
            "id": "tap-prod-sql",
            "instance_type": "CLOUD_SQL_INSTANCE",
            "ip_address": [
              {
                "ip_address": "34.47.217.4",
                "time_to_retire": "",
                "type": "PRIMARY"
              },
              {
                "ip_address": "34.93.46.245",
                "time_to_retire": "",
                "type": "OUTGOING"
              },
              {
                "ip_address": "10.130.0.3",
                "time_to_retire": "",
                "type": "PRIVATE"
              }
            ],
            "maintenance_version": "POSTGRES_16_12.R20260108.01_13",
            "master_instance_name": "",
            "name": "tap-prod-sql",
            "private_ip_address": "10.130.0.3",
            "project": "leander-test-471809",
            "psc_service_attachment_link": "",
            "public_ip_address": "34.47.217.4",
            "region": "asia-south1",
            "replica_configuration": [],
            "restore_backup_context": [],
            "root_password": null,
            "self_link": "https://sqladmin.googleapis.com/sql/v1beta4/projects/leander-test-471809/instances/tap-prod-sql",
            "server_ca_cert": [
              {
                "cert": "-----BEGIN CERTIFICATE-----\nMIIDfzCCAmegAwIBAgIBADANBgkqhkiG9w0BAQsFADB3MS0wKwYDVQQuEyRlNzkw\nYmZhMy02ZTM2LTQwNmItYTYxNy1iNTdlNWZhYTdjZDgxIzAhBgNVBAMTGkdvb2ds\nZSBDbG91ZCBTUUwgU2VydmVyIENBMRQwEgYDVQQKEwtHb29nbGUsIEluYzELMAkG\nA1UEBhMCVVMwHhcNMjYwMjIzMDg0MzM2WhcNMzYwMjIxMDg0NDM2WjB3MS0wKwYD\nVQQuEyRlNzkwYmZhMy02ZTM2LTQwNmItYTYxNy1iNTdlNWZhYTdjZDgxIzAhBgNV\nBAMTGkdvb2dsZSBDbG91ZCBTUUwgU2VydmVyIENBMRQwEgYDVQQKEwtHb29nbGUs\nIEluYzELMAkGA1UEBhMCVVMwggEiMA0GCSqGSIb3DQEBAQUAA4IBDwAwggEKAoIB\nAQCl5CknzbbaQS2FEXVteCQ9Eibmjs1Z5vYXblyETQp1uqz2CqqCn8lyAotTtnFB\nweLJBTO8pfJgzNKweQ/kDfXeC4qZw9dRC5DNotcxakG24p1d5t0s69b8y3bhsPKv\nacqppw2YoG1N4tjOAxU6WUR+mJhQ2dv7fp6dZjDNtYterE4essp0DsNLzU/mrB8f\nnLT2p6B9ZGw+tVJCpcgsawlqOySms237Hdppgfn+OVVXBTprYE+f/emGyfP+yAE2\nbErkAIJAj+YHjHB2AorL6JIdRGRpb93XmxdgWC4G58TDAY48Swv/mi4rHKB0ufrb\nEYSBokjkszlKn85H0kCEj8GnAgMBAAGjFjAUMBIGA1UdEwEB/wQIMAYBAf8CAQAw\nDQYJKoZIhvcNAQELBQADggEBAEl0hBQ6VhOggfqjiGGPYdWOhJyz4tbtjajLyXgW\n+2ZCqYRpU0Wr/XnVNEqwuS1ZnGqDiMwPUfYNNT1Vim2p37goPHcOb6aSLkaykRxj\nPSAPRlvxFjGgWtEFM3oTUSyxdqKS4wEFqzN4kKCMRp06oQy2He2YSj0lUAL/TDFT\nkBbR27X0+8jJus4btjxeIjMr7j4ypD37Uk+0731zGk2/g7OC66G/47nad32wB2LT\nGN5zbVXtmYVTDg2v8pqSqQHlvX+dbQEfO/zA9FHm3vJb0lrh6D8QO+ax0z+DTeRq\n5Pv+3Z5mOWWM4nAtVeG/n6vXvuxyersz9ucPH/xXrTyx3+Q=\n-----END CERTIFICATE-----",
                "common_name": "C=US,O=Google\\, Inc,CN=Google Cloud SQL Server CA,dnQualifier=e790bfa3-6e36-406b-a617-b57e5faa7cd8",
                "create_time": "2026-02-23T08:43:36.209Z",
                "expiration_time": "2036-02-21T08:44:36.209Z",
                "sha1_fingerprint": "eed9653e46bb9be4be23d35b87296fc1595232f5"
              }
            ],
            "service_account_email_address": "p448654422581-ospj9q@gcp-sa-cloud-sql.iam.gserviceaccount.com",
            "settings": [
              {
                "activation_policy": "ALWAYS",
                "active_directory_config": [],
                "advanced_machine_features": [],
                "availability_type": "ZONAL",
                "backup_configuration": [
                  {
                    "backup_retention_settings": [
                      {
                        "retained_backups": 7,
                        "retention_unit": "COUNT"
                      }
                    ],
                    "binary_log_enabled": false,
                    "enabled": true,
                    "location": "",
                    "point_in_time_recovery_enabled": false,
                    "start_time": "03:00",
                    "transaction_log_retention_days": 7
                  }
                ],
                "collation": "",
                "connector_enforcement": "NOT_REQUIRED",
                "data_cache_config": [],
                "database_flags": [
                  {
                    "name": "max_connections",
                    "value": "100"
                  }
                ],
                "deletion_protection_enabled": false,
                "deny_maintenance_period": [],
                "disk_autoresize": true,
                "disk_autoresize_limit": 0,
                "disk_size": 10,
                "disk_type": "PD_SSD",
                "edition": "ENTERPRISE",
                "enable_dataplex_integration": false,
                "enable_google_ml_integration": false,
                "insights_config": [],
                "ip_configuration": [
                  {
                    "allocated_ip_range": "",
                    "authorized_networks": [],
                    "enable_private_path_for_google_cloud_services": false,
                    "ipv4_enabled": true,
                    "private_network": "projects/leander-test-471809/global/networks/tap-prod-vpc",
                    "psc_config": [],
                    "require_ssl": false,
                    "server_ca_mode": "GOOGLE_MANAGED_INTERNAL_CA",
                    "ssl_mode": ""
                  }
                ],
                "location_preference": [
                  {
                    "follow_gae_application": "",
                    "secondary_zone": "",
                    "zone": "asia-south1-a"
                  }
                ],
                "maintenance_window": [],
                "password_validation_policy": [],
                "pricing_plan": "PER_USE",
                "sql_server_audit_config": [],
                "tier": "db-f1-micro",
                "time_zone": "",
                "user_labels": {
                  "app": "tap",
                  "env": "prod",
                  "managed-by": "stackgen"
                },
                "version": 1
              }
            ],
            "timeouts": null
          },
          "sensitive_attributes": [],
          "private": "eyJlMmJmYjczMC1lY2FhLTExZTYtOGY4OC0zNDM2M2JjN2M0YzAiOnsiY3JlYXRlIjo1NDAwMDAwMDAwMDAwLCJkZWxldGUiOjU0MDAwMDAwMDAwMDAsInVwZGF0ZSI6NTQwMDAwMDAwMDAwMH19",
          "dependencies": [
            "module.network.data.google_compute_subnetwork.existing",
            "module.network.google_compute_global_address.private_ip_range",
            "module.network.google_compute_network.main",
            "module.network.google_compute_subnetwork.main",
            "module.network.google_service_networking_connection.private_vpc",
            "module.project_services.google_project_service.project_services"
          ]
        }
      ]
    },
    {
      "module": "module.cloud_sql",
      "mode": "managed",
      "type": "google_sql_user",
      "name": "user",
      "provider": "provider[\"registry.terraform.io/hashicorp/google\"]",
      "instances": [
        {
          "schema_version": 1,
          "attributes": {
            "deletion_policy": null,
            "host": "",
            "id": "tapuser//tap-prod-sql",
            "instance": "tap-prod-sql",
            "name": "tapuser",
            "password": "CHANGE_ME_TAP_PROD_2024",
            "password_policy": [],
            "project": "leander-test-471809",
            "sql_server_user_details": [],
            "timeouts": null,
            "type": ""
          },
          "sensitive_attributes": [
            [
              {
                "type": "get_attr",
                "value": "password"
              }
            ]
          ],
          "private": "eyJlMmJmYjczMC1lY2FhLTExZTYtOGY4OC0zNDM2M2JjN2M0YzAiOnsiY3JlYXRlIjo2MDAwMDAwMDAwMDAsImRlbGV0ZSI6NjAwMDAwMDAwMDAwLCJ1cGRhdGUiOjYwMDAwMDAwMDAwMH0sInNjaGVtYV92ZXJzaW9uIjoiMSJ9",
          "dependencies": [
            "module.cloud_sql.google_sql_database_instance.main",
            "module.network.data.google_compute_subnetwork.existing",
            "module.network.google_compute_global_address.private_ip_range",
            "module.network.google_compute_network.main",
            "module.network.google_compute_subnetwork.main",
            "module.network.google_service_networking_connection.private_vpc",
            "module.project_services.google_project_service.project_services"
          ]
        }
      ]
    },
    {
      "module": "module.gcs",
      "mode": "managed",
      "type": "google_storage_bucket",
      "name": "buckets",
      "provider": "provider[\"registry.terraform.io/hashicorp/google\"]",
      "instances": [
        {
          "index_key": "tap-data",
          "schema_version": 2,
          "attributes": {
            "autoclass": [],
            "cors": [],
            "custom_placement_config": [],
            "default_event_based_hold": false,
            "effective_labels": {
              "app": "tap",
              "env": "prod",
              "managed-by": "stackgen"
            },
            "enable_object_retention": false,
            "encryption": [],
            "force_destroy": true,
            "id": "tap-tap-data",
            "labels": {
              "app": "tap",
              "env": "prod",
              "managed-by": "stackgen"
            },
            "lifecycle_rule": [],
            "location": "ASIA-SOUTH1",
            "logging": [],
            "name": "tap-tap-data",
            "project": "leander-test-471809",
            "project_number": 448654422581,
            "public_access_prevention": "inherited",
            "requester_pays": false,
            "retention_policy": [],
            "rpo": null,
            "self_link": "https://www.googleapis.com/storage/v1/b/tap-tap-data",
            "soft_delete_policy": [
              {
                "effective_time": "2026-02-23T08:38:57.218Z",
                "retention_duration_seconds": 604800
              }
            ],
            "storage_class": "STANDARD",
            "terraform_labels": {
              "app": "tap",
              "env": "prod",
              "managed-by": "stackgen"
            },
            "timeouts": null,
            "uniform_bucket_level_access": true,
            "url": "gs://tap-tap-data",
            "versioning": [],
            "website": []
          },
          "sensitive_attributes": [],
          "private": "eyJlMmJmYjczMC1lY2FhLTExZTYtOGY4OC0zNDM2M2JjN2M0YzAiOnsiY3JlYXRlIjo2MDAwMDAwMDAwMDAsInJlYWQiOjI0MDAwMDAwMDAwMCwidXBkYXRlIjoyNDAwMDAwMDAwMDB9LCJzY2hlbWFfdmVyc2lvbiI6IjIifQ=="
        },
        {
          "index_key": "tap-uploads",
          "schema_version": 2,
          "attributes": {
            "autoclass": [],
            "cors": [],
            "custom_placement_config": [],
            "default_event_based_hold": false,
            "effective_labels": {
              "app": "tap",
              "env": "prod",
              "managed-by": "stackgen"
            },
            "enable_object_retention": false,
            "encryption": [],
            "force_destroy": true,
            "id": "tap-tap-uploads",
            "labels": {
              "app": "tap",
              "env": "prod",
              "managed-by": "stackgen"
            },
            "lifecycle_rule": [],
            "location": "ASIA-SOUTH1",
            "logging": [],
            "name": "tap-tap-uploads",
            "project": "leander-test-471809",
            "project_number": 448654422581,
            "public_access_prevention": "inherited",
            "requester_pays": false,
            "retention_policy": [],
            "rpo": null,
            "self_link": "https://www.googleapis.com/storage/v1/b/tap-tap-uploads",
            "soft_delete_policy": [
              {
                "effective_time": "2026-02-23T08:38:55.092Z",
                "retention_duration_seconds": 604800
              }
            ],
            "storage_class": "STANDARD",
            "terraform_labels": {
              "app": "tap",
              "env": "prod",
              "managed-by": "stackgen"
            },
            "timeouts": null,
            "uniform_bucket_level_access": true,
            "url": "gs://tap-tap-uploads",
            "versioning": [],
            "website": []
          },
          "sensitive_attributes": [],
          "private": "eyJlMmJmYjczMC1lY2FhLTExZTYtOGY4OC0zNDM2M2JjN2M0YzAiOnsiY3JlYXRlIjo2MDAwMDAwMDAwMDAsInJlYWQiOjI0MDAwMDAwMDAwMCwidXBkYXRlIjoyNDAwMDAwMDAwMDB9LCJzY2hlbWFfdmVyc2lvbiI6IjIifQ=="
        }
      ]
    },
    {
      "module": "module.gke.module.cluster",
      "mode": "data",
      "type": "google_container_engine_versions",
      "name": "region",
      "provider": "provider[\"registry.terraform.io/hashicorp/google\"]",
      "instances": [
        {
          "schema_version": 0,
          "attributes": {
            "default_cluster_version": "1.34.3-gke.1245000",
            "id": "2026-02-23 08:39:13.634754 +0000 UTC",
            "latest_master_version": "1.35.0-gke.3047000",
            "latest_node_version": "1.35.0-gke.3047000",
            "location": "asia-south1",
            "project": "leander-test-471809",
            "release_channel_default_version": {
              "EXTENDED": "1.34.3-gke.1245000",
              "RAPID": "1.35.0-gke.2745003",
              "REGULAR": "1.34.3-gke.1245000",
              "STABLE": "1.33.5-gke.2172001"
            },
            "release_channel_latest_version": {
              "EXTENDED": "1.35.0-gke.2398002",
              "RAPID": "1.35.0-gke.3047000",
              "REGULAR": "1.35.0-gke.2398002",
              "STABLE": "1.34.3-gke.1051003"
            },
            "valid_master_versions": [
              "1.35.0-gke.3047000",
              "1.35.0-gke.2745003",
              "1.35.0-gke.2398002",
              "1.35.0-gke.2398000",
              "1.35.0-gke.2232003",
              "1.34.4-gke.1047000",
              "1.34.3-gke.1444000",
              "1.34.3-gke.1318000",
              "1.34.3-gke.1245000",
              "1.34.3-gke.1051003",
              "1.33.8-gke.1026000",
              "1.33.5-gke.2469000",
              "1.33.5-gke.2392000",
              "1.33.5-gke.2326000",
              "1.33.5-gke.2228001",
              "1.33.5-gke.2172001",
              "1.33.5-gke.2118001",
              "1.32.12-gke.1026000",
              "1.32.11-gke.1264000",
              "1.32.11-gke.1211000",
              "1.32.11-gke.1174000",
              "1.32.11-gke.1038000"
            ],
            "valid_node_versions": [
              "1.35.0-gke.3047000",
              "1.35.0-gke.2745003",
              "1.35.0-gke.2745000",
              "1.35.0-gke.2398002",
              "1.35.0-gke.2398000",
              "1.35.0-gke.2232003",
              "1.35.0-gke.2232000",
              "1.34.4-gke.1047000",
              "1.34.3-gke.1444000",
              "1.34.3-gke.1318000",
              "1.34.3-gke.1245000",
              "1.34.3-gke.1136000",
              "1.34.3-gke.1051003",
              "1.34.3-gke.1051000",
              "1.34.1-gke.3971002",
              "1.34.1-gke.3971001",
              "1.34.1-gke.3971000",
              "1.34.1-gke.3947002",
              "1.34.1-gke.3947000",
              "1.34.1-gke.3899001",
              "1.34.1-gke.3899000",
              "1.34.1-gke.3759000",
              "1.34.1-gke.3556000",
              "1.34.1-gke.3403002",
              "1.34.1-gke.3403001",
              "1.34.1-gke.3355004",
              "1.34.1-gke.3355002",
              "1.34.1-gke.3355001",
              "1.34.1-gke.3355000",
              "1.34.1-gke.3225000",
              "1.34.1-gke.3084002",
              "1.34.1-gke.3084001",
              "1.34.1-gke.2980000",
              "1.34.1-gke.2909002",
              "1.34.1-gke.2909000",
              "1.34.1-gke.2541000",
              "1.34.1-gke.2037002",
              "1.34.1-gke.2037001",
              "1.34.1-gke.1829001",
              "1.34.0-gke.2201000",
              "1.33.8-gke.1026000",
              "1.33.5-gke.2469000",
              "1.33.5-gke.2392000",
              "1.33.5-gke.2326000",
              "1.33.5-gke.2288001",
              "1.33.5-gke.2228001",
              "1.33.5-gke.2228000",
              "1.33.5-gke.2172001",
              "1.33.5-gke.2172000",
              "1.33.5-gke.2118001",
              "1.33.5-gke.2118000",
              "1.33.5-gke.2100001",
              "1.33.5-gke.2100000",
              "1.33.5-gke.2072001",
              "1.33.5-gke.2072000",
              "1.33.5-gke.2019000",
              "1.33.5-gke.1956000",
              "1.33.5-gke.1894000",
              "1.33.5-gke.1862000",
              "1.33.5-gke.1791000",
              "1.33.5-gke.1697000",
              "1.33.5-gke.1521000",
              "1.33.5-gke.1350000",
              "1.33.5-gke.1308000",
              "1.33.5-gke.1201000",
              "1.33.5-gke.1162000",
              "1.33.5-gke.1125000",
              "1.33.5-gke.1080000",
              "1.33.4-gke.1350000",
              "1.33.4-gke.1245000",
              "1.33.4-gke.1172000",
              "1.33.4-gke.1134000",
              "1.33.4-gke.1036000",
              "1.33.3-gke.1392000",
              "1.33.3-gke.1266000",
              "1.33.3-gke.1250000",
              "1.33.3-gke.1136000",
              "1.33.2-gke.4780000",
              "1.33.2-gke.4655000",
              "1.33.2-gke.1384000",
              "1.33.2-gke.1240000",
              "1.33.2-gke.1111000",
              "1.33.2-gke.1043000",
              "1.33.1-gke.1959000",
              "1.33.1-gke.1744000",
              "1.33.1-gke.1584000",
              "1.33.1-gke.1545000",
              "1.33.1-gke.1386000",
              "1.33.1-gke.1375000",
              "1.33.1-gke.1107000",
              "1.33.0-gke.2248000",
              "1.32.12-gke.1026000",
              "1.32.11-gke.1264000",
              "1.32.11-gke.1211000",
              "1.32.11-gke.1174000",
              "1.32.11-gke.1153001",
              "1.32.11-gke.1075000",
              "1.32.11-gke.1038000",
              "1.32.9-gke.1734000",
              "1.32.9-gke.1728000",
              "1.32.9-gke.1711000",
              "1.32.9-gke.1675000",
              "1.32.9-gke.1632000",
              "1.32.9-gke.1592000",
              "1.32.9-gke.1575000",
              "1.32.9-gke.1548000",
              "1.32.9-gke.1462000",
              "1.32.9-gke.1330000",
              "1.32.9-gke.1239000",
              "1.32.9-gke.1207000",
              "1.32.9-gke.1130000",
              "1.32.9-gke.1108000",
              "1.32.9-gke.1092000",
              "1.32.9-gke.1072000",
              "1.32.9-gke.1010000",
              "1.32.8-gke.1170000",
              "1.32.8-gke.1134000",
              "1.32.8-gke.1108000",
              "1.32.8-gke.1026000",
              "1.32.8-gke.1005000",
              "1.32.7-gke.1079000",
              "1.32.7-gke.1016000",
              "1.32.6-gke.1125000",
              "1.32.6-gke.1096000",
              "1.32.6-gke.1060000",
              "1.32.6-gke.1025000",
              "1.32.6-gke.1013000",
              "1.32.4-gke.1767000",
              "1.32.4-gke.1698000",
              "1.32.4-gke.1603000",
              "1.32.4-gke.1533000",
              "1.32.4-gke.1415001",
              "1.32.4-gke.1415000",
              "1.32.4-gke.1353003",
              "1.32.4-gke.1353001",
              "1.32.4-gke.1353000",
              "1.32.4-gke.1236007",
              "1.32.4-gke.1236006",
              "1.32.4-gke.1236000",
              "1.32.4-gke.1106006",
              "1.32.4-gke.1106000",
              "1.32.3-gke.1927009",
              "1.32.3-gke.1927002",
              "1.32.3-gke.1927000",
              "1.32.3-gke.1785003",
              "1.32.3-gke.1785000",
              "1.32.3-gke.1717000",
              "1.32.3-gke.1440000",
              "1.32.3-gke.1170000",
              "1.32.3-gke.1057001",
              "1.32.2-gke.1652003",
              "1.32.2-gke.1652000",
              "1.32.2-gke.1400003",
              "1.32.2-gke.1400001",
              "1.32.2-gke.1297002",
              "1.32.2-gke.1297001",
              "1.32.2-gke.1297000",
              "1.32.2-gke.1182003",
              "1.32.2-gke.1182002",
              "1.32.2-gke.1182001",
              "1.32.2-gke.1182000",
              "1.32.1-gke.1729000",
              "1.32.1-gke.1489001",
              "1.32.1-gke.1357001",
              "1.32.1-gke.1200003",
              "1.31.14-gke.1423000",
              "1.31.14-gke.1376000",
              "1.31.14-gke.1336000",
              "1.31.14-gke.1319000",
              "1.31.14-gke.1243000",
              "1.31.14-gke.1214000",
              "1.31.14-gke.1175000",
              "1.31.14-gke.1166000",
              "1.31.14-gke.1156000",
              "1.31.14-gke.1114000",
              "1.31.14-gke.1081000",
              "1.31.14-gke.1045000",
              "1.31.14-gke.1033000",
              "1.31.13-gke.1454000",
              "1.31.13-gke.1377000",
              "1.31.13-gke.1231000",
              "1.31.13-gke.1139000",
              "1.31.13-gke.1123000",
              "1.31.13-gke.1040000",
              "1.31.13-gke.1023000",
              "1.31.13-gke.1008000",
              "1.31.12-gke.1265000",
              "1.31.12-gke.1220000",
              "1.31.12-gke.1110000",
              "1.31.12-gke.1083000",
              "1.31.12-gke.1060000",
              "1.31.12-gke.1014000",
              "1.31.11-gke.1135000",
              "1.31.11-gke.1101000",
              "1.31.11-gke.1064000",
              "1.31.11-gke.1036000",
              "1.31.11-gke.1002000",
              "1.31.10-gke.1067000",
              "1.31.10-gke.1034000",
              "1.31.10-gke.1021000",
              "1.31.9-gke.1287000",
              "1.31.9-gke.1218000",
              "1.31.9-gke.1176000",
              "1.31.9-gke.1119000",
              "1.31.9-gke.1044001",
              "1.31.9-gke.1044000",
              "1.31.9-gke.1005000",
              "1.31.8-gke.1113000",
              "1.31.8-gke.1045000",
              "1.31.7-gke.1390000",
              "1.31.7-gke.1265000",
              "1.31.7-gke.1212000",
              "1.31.7-gke.1149000",
              "1.31.7-gke.1112000",
              "1.31.7-gke.1013002",
              "1.31.7-gke.1013001",
              "1.31.6-gke.1221001",
              "1.31.6-gke.1221000",
              "1.31.6-gke.1140000",
              "1.31.6-gke.1099001",
              "1.31.6-gke.1099000",
              "1.31.6-gke.1064001",
              "1.31.6-gke.1064000",
              "1.31.6-gke.1027000",
              "1.31.6-gke.1020001",
              "1.31.6-gke.1020000",
              "1.31.5-gke.1233001",
              "1.31.5-gke.1233000",
              "1.31.5-gke.1169001",
              "1.31.5-gke.1169000",
              "1.31.5-gke.1068000",
              "1.31.5-gke.1023000",
              "1.31.4-gke.1372000",
              "1.31.4-gke.1256000",
              "1.31.4-gke.1249000",
              "1.31.4-gke.1183000",
              "1.31.4-gke.1177000",
              "1.31.4-gke.1072000",
              "1.31.3-gke.1162000",
              "1.31.3-gke.1121001",
              "1.31.3-gke.1056000",
              "1.31.3-gke.1023000",
              "1.31.3-gke.1006000",
              "1.31.2-gke.1518000",
              "1.31.2-gke.1384000",
              "1.31.2-gke.1354000",
              "1.31.2-gke.1115000",
              "1.31.1-gke.2105000",
              "1.31.1-gke.2008000",
              "1.31.1-gke.1846000",
              "1.31.1-gke.1678000",
              "1.31.1-gke.1146000",
              "1.30.14-gke.2071000",
              "1.30.14-gke.2026000",
              "1.30.14-gke.1991000",
              "1.30.14-gke.1973000",
              "1.30.14-gke.1922000",
              "1.30.14-gke.1901000",
              "1.30.14-gke.1870000",
              "1.30.14-gke.1861000",
              "1.30.14-gke.1855000",
              "1.30.14-gke.1820000",
              "1.30.14-gke.1794000",
              "1.30.14-gke.1760000",
              "1.30.14-gke.1746000",
              "1.30.14-gke.1719000",
              "1.30.14-gke.1658000",
              "1.30.14-gke.1525000",
              "1.30.14-gke.1426000",
              "1.30.14-gke.1408000",
              "1.30.14-gke.1349000",
              "1.30.14-gke.1336000",
              "1.30.14-gke.1325000",
              "1.30.14-gke.1316000",
              "1.30.14-gke.1267000",
              "1.30.14-gke.1150000",
              "1.30.14-gke.1130000",
              "1.30.14-gke.1108000",
              "1.30.14-gke.1059000",
              "1.30.14-gke.1036000",
              "1.30.14-gke.1011000",
              "1.30.12-gke.1414000",
              "1.30.12-gke.1390000",
              "1.30.12-gke.1372000",
              "1.30.12-gke.1340000",
              "1.30.12-gke.1333000",
              "1.30.12-gke.1320000",
              "1.30.12-gke.1279000",
              "1.30.12-gke.1246000",
              "1.30.12-gke.1208000",
              "1.30.12-gke.1168000",
              "1.30.12-gke.1151000",
              "1.30.12-gke.1086000",
              "1.30.12-gke.1033000",
              "1.30.11-gke.1217000",
              "1.30.11-gke.1157000",
              "1.30.11-gke.1131000",
              "1.30.11-gke.1093000",
              "1.30.11-gke.1072000",
              "1.30.11-gke.1008001",
              "1.30.10-gke.1227001",
              "1.30.10-gke.1227000",
              "1.30.10-gke.1145000",
              "1.30.10-gke.1102000",
              "1.30.10-gke.1070000",
              "1.30.10-gke.1042000",
              "1.30.10-gke.1022000",
              "1.30.9-gke.1231000",
              "1.30.9-gke.1201000",
              "1.30.9-gke.1127000",
              "1.30.9-gke.1046000",
              "1.30.9-gke.1027000",
              "1.30.9-gke.1009000",
              "1.30.8-gke.1282000",
              "1.30.8-gke.1261000",
              "1.30.8-gke.1224000",
              "1.30.8-gke.1162001",
              "1.30.8-gke.1162000",
              "1.30.8-gke.1133000",
              "1.30.8-gke.1128001",
              "1.30.8-gke.1128000",
              "1.30.8-gke.1051001",
              "1.30.8-gke.1051000",
              "1.30.7-gke.1136000",
              "1.30.7-gke.1084000",
              "1.30.7-gke.1077000",
              "1.30.6-gke.1596000",
              "1.30.6-gke.1125000",
              "1.30.6-gke.1059000",
              "1.30.5-gke.1713000",
              "1.30.5-gke.1699000",
              "1.30.5-gke.1628000",
              "1.30.5-gke.1443001",
              "1.30.5-gke.1355000",
              "1.30.5-gke.1145000",
              "1.30.5-gke.1014003",
              "1.30.5-gke.1014001",
              "1.30.5-gke.1014000",
              "1.30.4-gke.1476000",
              "1.30.4-gke.1348001",
              "1.30.4-gke.1348000",
              "1.30.4-gke.1282000",
              "1.30.4-gke.1213000",
              "1.30.4-gke.1129000",
              "1.30.3-gke.1969002",
              "1.30.3-gke.1969001",
              "1.30.3-gke.1639000",
              "1.30.3-gke.1451000",
              "1.30.3-gke.1225000",
              "1.30.2-gke.1587003",
              "1.30.1-gke.1329003",
              "1.29.15-gke.2725000",
              "1.29.15-gke.2680000",
              "1.29.15-gke.2660000",
              "1.29.15-gke.2629000",
              "1.29.15-gke.2617000",
              "1.29.15-gke.2613000",
              "1.29.15-gke.2585000",
              "1.29.15-gke.2553000",
              "1.29.15-gke.2520000",
              "1.29.15-gke.2505000",
              "1.29.15-gke.2467000",
              "1.29.15-gke.2380000",
              "1.29.15-gke.2236000",
              "1.29.15-gke.2109000",
              "1.29.15-gke.2085000",
              "1.29.15-gke.2002000",
              "1.29.15-gke.1989000",
              "1.29.15-gke.1979000",
              "1.29.15-gke.1971000",
              "1.29.15-gke.1936000",
              "1.29.15-gke.1851000",
              "1.29.15-gke.1835000",
              "1.29.15-gke.1820000",
              "1.29.15-gke.1773000",
              "1.29.15-gke.1756000",
              "1.29.15-gke.1713000",
              "1.29.15-gke.1686000",
              "1.29.15-gke.1656000",
              "1.29.15-gke.1639000",
              "1.29.15-gke.1614000",
              "1.29.15-gke.1607000",
              "1.29.15-gke.1594000",
              "1.29.15-gke.1549000",
              "1.29.15-gke.1523000",
              "1.29.15-gke.1493000",
              "1.29.15-gke.1415000",
              "1.29.15-gke.1395000",
              "1.29.15-gke.1325000",
              "1.29.15-gke.1274000",
              "1.29.15-gke.1240000",
              "1.29.15-gke.1193000",
              "1.29.15-gke.1170000",
              "1.29.15-gke.1134000",
              "1.29.15-gke.1108000",
              "1.29.15-gke.1058000",
              "1.29.15-gke.1017000",
              "1.29.14-gke.1132000",
              "1.29.14-gke.1086000",
              "1.29.14-gke.1067000",
              "1.29.14-gke.1020000",
              "1.29.14-gke.1018000",
              "1.29.13-gke.1169000",
              "1.29.13-gke.1109000",
              "1.29.13-gke.1038000",
              "1.29.13-gke.1006000",
              "1.29.12-gke.1270000",
              "1.29.12-gke.1143001",
              "1.29.12-gke.1143000",
              "1.29.12-gke.1126000",
              "1.29.12-gke.1120001",
              "1.29.12-gke.1120000",
              "1.29.12-gke.1055001",
              "1.29.12-gke.1055000",
              "1.29.11-gke.1045000",
              "1.29.11-gke.1012000",
              "1.29.10-gke.1280000",
              "1.29.10-gke.1227000",
              "1.29.10-gke.1155000",
              "1.29.10-gke.1071000",
              "1.29.10-gke.1054000",
              "1.29.10-gke.1043000",
              "1.29.9-gke.1541000",
              "1.29.9-gke.1496000",
              "1.29.9-gke.1341000",
              "1.29.9-gke.1177000",
              "1.29.8-gke.1278000",
              "1.29.8-gke.1211000",
              "1.29.8-gke.1157000",
              "1.29.8-gke.1096000",
              "1.29.8-gke.1057000",
              "1.29.8-gke.1031000",
              "1.29.7-gke.1274000",
              "1.29.7-gke.1174000",
              "1.29.7-gke.1104000",
              "1.29.7-gke.1008000",
              "1.29.6-gke.1326000",
              "1.29.6-gke.1254000",
              "1.29.6-gke.1137000",
              "1.29.6-gke.1038001",
              "1.29.6-gke.1038000",
              "1.29.5-gke.1192000",
              "1.29.5-gke.1121000",
              "1.29.5-gke.1091002",
              "1.29.5-gke.1091001",
              "1.29.5-gke.1091000",
              "1.29.5-gke.1060001",
              "1.29.5-gke.1060000",
              "1.29.5-gke.1010000",
              "1.29.4-gke.1670000",
              "1.29.4-gke.1542000",
              "1.29.4-gke.1447001",
              "1.29.4-gke.1447000",
              "1.29.4-gke.1165000",
              "1.29.4-gke.1043004",
              "1.29.4-gke.1043002",
              "1.29.4-gke.1043001",
              "1.29.4-gke.1043000",
              "1.29.3-gke.1282005",
              "1.29.3-gke.1282001",
              "1.29.3-gke.1282000",
              "1.29.3-gke.1093006",
              "1.29.3-gke.1093000",
              "1.29.2-gke.1521000",
              "1.29.2-gke.1217000",
              "1.29.2-gke.1060000",
              "1.29.1-gke.1589020",
              "1.29.1-gke.1589018",
              "1.29.1-gke.1589017",
              "1.29.1-gke.1589000",
              "1.29.1-gke.1575000",
              "1.29.1-gke.1425000",
              "1.29.1-gke.1016000",
              "1.29.0-gke.1381000",
              "1.28.15-gke.3290000",
              "1.28.15-gke.3285000",
              "1.28.15-gke.3280000",
              "1.28.15-gke.3251000",
              "1.28.15-gke.3225000",
              "1.28.15-gke.3202000",
              "1.28.15-gke.3188000",
              "1.28.15-gke.3163000",
              "1.28.15-gke.3096000",
              "1.28.15-gke.2966000",
              "1.28.15-gke.2857000",
              "1.28.15-gke.2793000",
              "1.28.15-gke.2767000",
              "1.28.15-gke.2751000",
              "1.28.15-gke.2740000",
              "1.28.15-gke.2730000",
              "1.28.15-gke.2697000",
              "1.28.15-gke.2630000",
              "1.28.15-gke.2610000",
              "1.28.15-gke.2599000",
              "1.28.15-gke.2564000",
              "1.28.15-gke.2547000",
              "1.28.15-gke.2527000",
              "1.28.15-gke.2507000",
              "1.28.15-gke.2488000",
              "1.28.15-gke.2475000",
              "1.28.15-gke.2461000",
              "1.28.15-gke.2456000",
              "1.28.15-gke.2445000",
              "1.28.15-gke.2428000",
              "1.28.15-gke.2403000",
              "1.28.15-gke.2380000",
              "1.28.15-gke.2303000",
              "1.28.15-gke.2287000",
              "1.28.15-gke.2239000",
              "1.28.15-gke.2192000",
              "1.28.15-gke.2169000",
              "1.28.15-gke.2142000",
              "1.28.15-gke.2121000",
              "1.28.15-gke.2097000",
              "1.28.15-gke.2072000",
              "1.28.15-gke.2027000",
              "1.28.15-gke.2003000",
              "1.28.15-gke.1940000",
              "1.28.15-gke.1897000",
              "1.28.15-gke.1881000",
              "1.28.15-gke.1844000",
              "1.28.15-gke.1781000",
              "1.28.15-gke.1720000",
              "1.28.15-gke.1673000",
              "1.28.15-gke.1641000",
              "1.28.15-gke.1612000",
              "1.28.15-gke.1503000",
              "1.28.15-gke.1488000",
              "1.28.15-gke.1480000",
              "1.28.15-gke.1435000",
              "1.28.15-gke.1388000",
              "1.28.15-gke.1362000",
              "1.28.15-gke.1344000",
              "1.28.15-gke.1342000",
              "1.28.15-gke.1159000",
              "1.28.15-gke.1080000",
              "1.28.15-gke.1041000",
              "1.28.15-gke.1020000",
              "1.28.15-gke.1015000",
              "1.28.14-gke.1376000",
              "1.28.14-gke.1340000",
              "1.28.14-gke.1217000",
              "1.28.14-gke.1175000",
              "1.28.14-gke.1099000",
              "1.28.14-gke.1004000",
              "1.28.13-gke.1119000",
              "1.28.13-gke.1078000",
              "1.28.13-gke.1049000",
              "1.28.13-gke.1042000",
              "1.28.13-gke.1024000",
              "1.28.13-gke.1006000",
              "1.28.12-gke.1179000",
              "1.28.12-gke.1090000",
              "1.28.12-gke.1052000",
              "1.28.11-gke.1315000",
              "1.28.11-gke.1289000",
              "1.28.11-gke.1260000",
              "1.28.11-gke.1172000",
              "1.28.11-gke.1170000",
              "1.28.11-gke.1019001",
              "1.28.11-gke.1019000",
              "1.28.10-gke.1148001",
              "1.28.10-gke.1148000",
              "1.28.10-gke.1141000",
              "1.28.10-gke.1089002",
              "1.28.10-gke.1089000",
              "1.28.10-gke.1075001",
              "1.28.10-gke.1075000",
              "1.28.10-gke.1058001",
              "1.28.10-gke.1058000",
              "1.28.10-gke.1012000",
              "1.28.9-gke.1289002",
              "1.28.9-gke.1289000",
              "1.28.9-gke.1250000",
              "1.28.9-gke.1209001",
              "1.28.9-gke.1209000",
              "1.28.9-gke.1069002",
              "1.28.9-gke.1069000",
              "1.28.9-gke.1000000",
              "1.28.8-gke.1175000",
              "1.28.8-gke.1095000",
              "1.28.7-gke.1226000",
              "1.28.7-gke.1026001",
              "1.28.7-gke.1026000",
              "1.28.6-gke.1456000",
              "1.28.6-gke.1369000",
              "1.28.6-gke.1289000",
              "1.28.6-gke.1095000",
              "1.28.5-gke.1217000",
              "1.28.4-gke.1083000",
              "1.28.3-gke.1286000",
              "1.28.3-gke.1203001",
              "1.28.3-gke.1203000",
              "1.28.3-gke.1118000",
              "1.28.3-gke.1098000",
              "1.28.3-gke.1090000",
              "1.28.2-gke.1157000",
              "1.27.16-gke.2894000",
              "1.27.16-gke.2874000",
              "1.27.16-gke.2853000",
              "1.27.16-gke.2820000",
              "1.27.16-gke.2810000",
              "1.27.16-gke.2771000",
              "1.27.16-gke.2732000",
              "1.27.16-gke.2703000",
              "1.27.16-gke.2682000",
              "1.27.16-gke.2664000",
              "1.27.16-gke.2650000",
              "1.27.16-gke.2633000",
              "1.27.16-gke.2595000",
              "1.27.16-gke.2573000",
              "1.27.16-gke.2528000",
              "1.27.16-gke.2489000",
              "1.27.16-gke.2477000",
              "1.27.16-gke.2451000",
              "1.27.16-gke.2440000",
              "1.27.16-gke.2387000",
              "1.27.16-gke.2342000",
              "1.27.16-gke.2296000",
              "1.27.16-gke.2270000",
              "1.27.16-gke.2246000",
              "1.27.16-gke.2142000",
              "1.27.16-gke.2122000",
              "1.27.16-gke.2081000",
              "1.27.16-gke.2051000",
              "1.27.16-gke.2027000",
              "1.27.16-gke.2019000",
              "1.27.16-gke.1836000",
              "1.27.16-gke.1784000",
              "1.27.16-gke.1742000",
              "1.27.16-gke.1712000",
              "1.27.16-gke.1681000",
              "1.27.16-gke.1576000",
              "1.27.16-gke.1478000",
              "1.27.16-gke.1373000",
              "1.27.16-gke.1342000",
              "1.27.16-gke.1296000",
              "1.27.16-gke.1287000",
              "1.27.16-gke.1258000",
              "1.27.16-gke.1234001",
              "1.27.16-gke.1234000",
              "1.27.16-gke.1148001",
              "1.27.16-gke.1148000",
              "1.27.16-gke.1082000",
              "1.27.16-gke.1051001",
              "1.27.16-gke.1051000",
              "1.27.16-gke.1008000",
              "1.27.15-gke.1252000",
              "1.27.15-gke.1154000",
              "1.27.15-gke.1125000",
              "1.27.15-gke.1012003",
              "1.27.15-gke.1012000",
              "1.27.14-gke.1100002",
              "1.27.14-gke.1100000",
              "1.27.14-gke.1093000",
              "1.27.14-gke.1059002",
              "1.27.14-gke.1059001",
              "1.27.14-gke.1059000",
              "1.27.14-gke.1042001",
              "1.27.14-gke.1042000",
              "1.27.14-gke.1022001",
              "1.27.14-gke.1022000",
              "1.27.14-gke.1011000",
              "1.27.13-gke.1201002",
              "1.27.13-gke.1201000",
              "1.27.13-gke.1166001",
              "1.27.13-gke.1166000",
              "1.27.13-gke.1070002",
              "1.27.13-gke.1070000",
              "1.27.13-gke.1000000",
              "1.27.12-gke.1190000",
              "1.27.12-gke.1115000",
              "1.27.11-gke.1202000",
              "1.27.11-gke.1118000",
              "1.27.11-gke.1062004",
              "1.27.11-gke.1062003",
              "1.27.11-gke.1062001",
              "1.27.11-gke.1062000",
              "1.27.11-gke.1018000",
              "1.27.10-gke.1207000",
              "1.27.10-gke.1152000",
              "1.27.10-gke.1055000",
              "1.27.9-gke.1092000",
              "1.27.8-gke.1067004",
              "1.27.8-gke.1067000",
              "1.27.7-gke.1293000",
              "1.27.7-gke.1121002",
              "1.27.7-gke.1121000",
              "1.27.7-gke.1088000",
              "1.27.7-gke.1056000",
              "1.27.7-gke.1038000",
              "1.27.6-gke.1506000",
              "1.27.6-gke.1445000",
              "1.27.6-gke.1248000",
              "1.27.5-gke.200",
              "1.27.4-gke.900",
              "1.27.3-gke.1700",
              "1.27.3-gke.100",
              "1.27.2-gke.2100",
              "1.27.2-gke.1200",
              "1.26.15-gke.1469001",
              "1.26.15-gke.1469000",
              "1.26.15-gke.1436000",
              "1.26.15-gke.1404002",
              "1.26.15-gke.1404000",
              "1.26.15-gke.1390001",
              "1.26.15-gke.1390000",
              "1.26.15-gke.1381001",
              "1.26.15-gke.1381000",
              "1.26.15-gke.1372001",
              "1.26.15-gke.1360000",
              "1.26.15-gke.1320002",
              "1.26.15-gke.1320000",
              "1.26.15-gke.1300001",
              "1.26.15-gke.1300000",
              "1.26.15-gke.1243000",
              "1.26.15-gke.1191001",
              "1.26.15-gke.1191000",
              "1.26.15-gke.1158000",
              "1.26.15-gke.1090004",
              "1.26.15-gke.1090000",
              "1.26.14-gke.1133000",
              "1.26.14-gke.1076000",
              "1.26.14-gke.1044001",
              "1.26.14-gke.1044000",
              "1.26.14-gke.1006000",
              "1.26.13-gke.1189000",
              "1.26.13-gke.1144000",
              "1.26.13-gke.1052000",
              "1.26.12-gke.1111000",
              "1.26.11-gke.1055000",
              "1.26.10-gke.1235000",
              "1.26.10-gke.1101000",
              "1.26.10-gke.1073000",
              "1.26.10-gke.1038000",
              "1.26.10-gke.1024000",
              "1.26.9-gke.1507000",
              "1.26.9-gke.1437000",
              "1.26.8-gke.200",
              "1.26.7-gke.500",
              "1.26.6-gke.1700",
              "1.26.5-gke.2700",
              "1.26.5-gke.2100",
              "1.26.5-gke.1400",
              "1.26.5-gke.1200",
              "1.26.4-gke.1400",
              "1.26.4-gke.500",
              "1.26.3-gke.1000",
              "1.26.3-gke.400",
              "1.26.2-gke.1000",
              "1.26.1-gke.1500",
              "1.25.16-gke.1759000",
              "1.25.16-gke.1711000",
              "1.25.16-gke.1648000",
              "1.25.16-gke.1596000",
              "1.25.16-gke.1570000",
              "1.25.16-gke.1537000",
              "1.25.16-gke.1497000",
              "1.25.16-gke.1460000",
              "1.25.16-gke.1360000",
              "1.25.16-gke.1268000",
              "1.25.16-gke.1041000",
              "1.25.16-gke.1020000",
              "1.25.15-gke.1115000",
              "1.25.15-gke.1083000",
              "1.25.15-gke.1049000",
              "1.25.15-gke.1033000",
              "1.25.14-gke.1474000",
              "1.25.14-gke.1421000",
              "1.25.13-gke.200",
              "1.25.12-gke.500",
              "1.25.11-gke.1700",
              "1.25.10-gke.2700",
              "1.25.10-gke.2100",
              "1.25.10-gke.1400",
              "1.25.10-gke.1200",
              "1.25.9-gke.2300",
              "1.25.9-gke.400",
              "1.25.8-gke.1000",
              "1.25.8-gke.500",
              "1.25.7-gke.1000",
              "1.25.6-gke.1000",
              "1.25.6-gke.200",
              "1.25.5-gke.2000",
              "1.25.5-gke.1500",
              "1.25.4-gke.2100",
              "1.25.3-gke.800",
              "1.24.17-gke.2472000",
              "1.24.17-gke.2364000",
              "1.24.17-gke.2347000",
              "1.24.17-gke.2266000",
              "1.24.17-gke.2230000",
              "1.24.17-gke.2211000",
              "1.24.17-gke.2198000",
              "1.24.17-gke.2155000",
              "1.24.17-gke.2113000",
              "1.24.17-gke.200",
              "1.24.16-gke.500",
              "1.24.15-gke.1700",
              "1.24.14-gke.2700",
              "1.24.14-gke.2100",
              "1.24.14-gke.1400",
              "1.24.14-gke.1200",
              "1.24.13-gke.2500",
              "1.24.13-gke.500",
              "1.24.12-gke.1000",
              "1.24.12-gke.500",
              "1.24.11-gke.1000",
              "1.24.10-gke.2300",
              "1.24.10-gke.1200",
              "1.24.9-gke.3200",
              "1.24.9-gke.2000",
              "1.24.9-gke.1500",
              "1.24.8-gke.2000",
              "1.24.8-gke.401",
              "1.24.7-gke.900",
              "1.24.6-gke.1500",
              "1.24.5-gke.600",
              "1.24.4-gke.800",
              "1.24.3-gke.2100",
              "1.24.3-gke.900",
              "1.24.3-gke.200",
              "1.24.2-gke.1900",
              "1.24.2-gke.300",
              "1.24.1-gke.1800",
              "1.24.1-gke.1400",
              "1.23.17-gke.10700",
              "1.23.17-gke.10000",
              "1.23.17-gke.8400",
              "1.23.17-gke.7700",
              "1.23.17-gke.7000",
              "1.23.17-gke.6800",
              "1.23.17-gke.5600",
              "1.23.17-gke.3600",
              "1.23.17-gke.2000",
              "1.23.17-gke.1700",
              "1.23.17-gke.300",
              "1.23.16-gke.2500",
              "1.23.16-gke.1400",
              "1.23.16-gke.1100",
              "1.23.16-gke.200",
              "1.23.15-gke.1900",
              "1.23.15-gke.1400",
              "1.23.14-gke.1800",
              "1.23.14-gke.401",
              "1.23.13-gke.900",
              "1.23.12-gke.1600",
              "1.23.12-gke.100",
              "1.23.11-gke.300",
              "1.23.10-gke.1000",
              "1.23.9-gke.2100",
              "1.23.9-gke.900",
              "1.23.8-gke.1900",
              "1.23.8-gke.400",
              "1.23.7-gke.1400",
              "1.23.6-gke.2200",
              "1.23.6-gke.1700",
              "1.23.6-gke.1501",
              "1.23.6-gke.1500",
              "1.23.5-gke.2400",
              "1.23.5-gke.1503",
              "1.23.5-gke.1501",
              "1.22.17-gke.14100",
              "1.22.17-gke.13400",
              "1.22.17-gke.12700",
              "1.22.17-gke.11400",
              "1.22.17-gke.9400",
              "1.22.17-gke.8000",
              "1.22.17-gke.7500",
              "1.22.17-gke.6100",
              "1.22.17-gke.5400",
              "1.22.17-gke.4300",
              "1.22.17-gke.4000",
              "1.22.17-gke.3100",
              "1.22.17-gke.1900",
              "1.22.17-gke.1400",
              "1.22.16-gke.2000",
              "1.22.16-gke.1300",
              "1.22.15-gke.2500",
              "1.22.15-gke.1000",
              "1.22.15-gke.100",
              "1.22.14-gke.300",
              "1.22.13-gke.1000",
              "1.22.12-gke.2300",
              "1.22.12-gke.1200",
              "1.22.12-gke.500",
              "1.22.12-gke.300",
              "1.22.11-gke.400",
              "1.22.10-gke.600",
              "1.22.9-gke.2000",
              "1.22.9-gke.1500",
              "1.22.9-gke.1300",
              "1.22.8-gke.2200",
              "1.22.8-gke.202",
              "1.22.8-gke.201",
              "1.22.8-gke.200",
              "1.22.7-gke.1500",
              "1.22.7-gke.1300",
              "1.22.7-gke.900",
              "1.22.7-gke.300",
              "1.22.6-gke.1000",
              "1.22.6-gke.300",
              "1.22.4-gke.1501",
              "1.22.3-gke.1500",
              "1.21.14-gke.18800",
              "1.21.14-gke.18100",
              "1.21.14-gke.15800",
              "1.21.14-gke.14600",
              "1.21.14-gke.14100",
              "1.21.14-gke.8500",
              "1.21.14-gke.7100",
              "1.21.14-gke.5300",
              "1.21.14-gke.4300",
              "1.21.14-gke.3000",
              "1.21.14-gke.2700",
              "1.21.14-gke.2100",
              "1.21.14-gke.700",
              "1.21.13-gke.900",
              "1.21.12-gke.2200",
              "1.21.12-gke.1700",
              "1.21.12-gke.1500",
              "1.21.11-gke.1900",
              "1.21.11-gke.1100",
              "1.21.11-gke.900",
              "1.21.10-gke.2000",
              "1.21.10-gke.1500",
              "1.21.10-gke.1300",
              "1.21.10-gke.400",
              "1.21.9-gke.1002",
              "1.21.9-gke.1001",
              "1.21.9-gke.1000",
              "1.21.9-gke.300",
              "1.21.6-gke.1503",
              "1.21.6-gke.1501",
              "1.21.6-gke.1500",
              "1.21.5-gke.1805",
              "1.21.5-gke.1802",
              "1.21.5-gke.1302",
              "1.21.5-gke.1300",
              "1.21.4-gke.2302",
              "1.21.4-gke.2300",
              "1.21.3-gke.2003",
              "1.21.3-gke.2001",
              "1.20.15-gke.13700",
              "1.20.15-gke.13400",
              "1.20.15-gke.12800",
              "1.20.15-gke.11400",
              "1.20.15-gke.9900",
              "1.20.15-gke.8700",
              "1.20.15-gke.8200",
              "1.20.15-gke.8000",
              "1.20.15-gke.6000",
              "1.20.15-gke.5200",
              "1.20.15-gke.5000",
              "1.20.15-gke.4100",
              "1.20.15-gke.3600",
              "1.20.15-gke.3400",
              "1.20.15-gke.2500",
              "1.20.15-gke.1000",
              "1.20.15-gke.300",
              "1.20.12-gke.1500",
              "1.20.11-gke.1801",
              "1.20.11-gke.1300",
              "1.20.10-gke.2100",
              "1.20.10-gke.1600",
              "1.20.10-gke.301",
              "1.20.9-gke.2100",
              "1.20.9-gke.1001",
              "1.20.9-gke.1000",
              "1.20.9-gke.701",
              "1.20.9-gke.700",
              "1.20.8-gke.2101",
              "1.20.8-gke.2100",
              "1.20.8-gke.900",
              "1.20.8-gke.700",
              "1.20.7-gke.2200",
              "1.20.7-gke.1800",
              "1.20.6-gke.1400",
              "1.20.6-gke.1000",
              "1.19.16-gke.15700",
              "1.19.16-gke.14500",
              "1.19.16-gke.14000",
              "1.19.16-gke.13800",
              "1.19.16-gke.11800",
              "1.19.16-gke.11000",
              "1.19.16-gke.10800",
              "1.19.16-gke.9900",
              "1.19.16-gke.9400",
              "1.19.16-gke.9200",
              "1.19.16-gke.8300",
              "1.19.16-gke.6800",
              "1.19.16-gke.6100",
              "1.19.16-gke.3600",
              "1.19.15-gke.1801",
              "1.19.15-gke.1300",
              "1.19.15-gke.500",
              "1.19.14-gke.2300",
              "1.19.14-gke.1900",
              "1.19.14-gke.301",
              "1.19.14-gke.300",
              "1.19.13-gke.1900",
              "1.19.13-gke.1200",
              "1.19.13-gke.701",
              "1.19.13-gke.700",
              "1.19.12-gke.2101",
              "1.19.12-gke.2100",
              "1.19.12-gke.1100",
              "1.19.12-gke.900",
              "1.19.12-gke.700",
              "1.19.11-gke.2101",
              "1.19.11-gke.2100",
              "1.19.11-gke.1701",
              "1.19.11-gke.1700",
              "1.19.10-gke.1701",
              "1.19.10-gke.1700",
              "1.19.10-gke.1601",
              "1.19.10-gke.1600",
              "1.19.10-gke.1001",
              "1.19.10-gke.1000",
              "1.19.9-gke.1900",
              "1.19.9-gke.1400",
              "1.19.9-gke.700",
              "1.19.9-gke.100",
              "1.19.8-gke.2000",
              "1.19.8-gke.1600",
              "1.19.8-gke.1000",
              "1.19.7-gke.2503",
              "1.19.7-gke.1500",
              "1.19.7-gke.1302",
              "1.19.7-gke.800",
              "1.19.6-gke.1700",
              "1.19.6-gke.1100",
              "1.19.6-gke.600",
              "1.18.20-gke.6101",
              "1.18.20-gke.6000",
              "1.18.20-gke.4501",
              "1.18.20-gke.4500",
              "1.18.20-gke.4100",
              "1.18.20-gke.3300",
              "1.18.20-gke.3001",
              "1.18.20-gke.3000",
              "1.18.20-gke.2300",
              "1.18.20-gke.901",
              "1.18.20-gke.900",
              "1.18.20-gke.501",
              "1.18.19-gke.2101",
              "1.18.19-gke.2100",
              "1.18.19-gke.1701",
              "1.18.19-gke.1700",
              "1.18.18-gke.1701",
              "1.18.18-gke.1700",
              "1.18.18-gke.1101",
              "1.18.18-gke.1100",
              "1.18.17-gke.1901",
              "1.18.17-gke.1900",
              "1.18.17-gke.1201",
              "1.18.17-gke.1200",
              "1.18.17-gke.700",
              "1.18.17-gke.100",
              "1.18.16-gke.2100",
              "1.18.16-gke.1201",
              "1.18.16-gke.1200",
              "1.18.16-gke.502",
              "1.18.16-gke.500",
              "1.18.16-gke.302",
              "1.18.16-gke.300",
              "1.18.15-gke.2500",
              "1.18.15-gke.1502",
              "1.18.15-gke.1501",
              "1.18.15-gke.1500",
              "1.18.15-gke.1102",
              "1.18.15-gke.1100",
              "1.18.15-gke.800",
              "1.18.14-gke.1600",
              "1.18.14-gke.1200",
              "1.18.12-gke.1210",
              "1.18.12-gke.1206",
              "1.18.12-gke.1205",
              "1.18.12-gke.1201",
              "1.18.12-gke.1200",
              "1.18.12-gke.300",
              "1.18.10-gke.2701",
              "1.18.10-gke.2101",
              "1.18.10-gke.1500",
              "1.18.10-gke.601",
              "1.18.9-gke.2501",
              "1.18.9-gke.1501",
              "1.18.9-gke.801",
              "1.18.6-gke.4801",
              "1.18.6-gke.3504",
              "1.18.6-gke.3503",
              "1.17.17-gke.9100",
              "1.17.17-gke.8500",
              "1.17.17-gke.8200",
              "1.17.17-gke.7800",
              "1.17.17-gke.7200",
              "1.17.17-gke.6700",
              "1.17.17-gke.6000",
              "1.17.17-gke.5400",
              "1.17.17-gke.4900",
              "1.17.17-gke.4400",
              "1.17.17-gke.3700",
              "1.17.17-gke.3000",
              "1.17.17-gke.2800",
              "1.17.17-gke.2500",
              "1.17.17-gke.1500",
              "1.17.17-gke.1101",
              "1.17.17-gke.1100",
              "1.17.17-gke.600",
              "1.17.16-gke.1600",
              "1.17.16-gke.1300",
              "1.17.15-gke.800",
              "1.17.15-gke.300",
              "1.17.14-gke.1600",
              "1.17.14-gke.1200",
              "1.17.14-gke.400",
              "1.17.13-gke.2600",
              "1.17.13-gke.2001",
              "1.17.13-gke.1401",
              "1.17.13-gke.1400",
              "1.17.13-gke.600",
              "1.17.12-gke.2502",
              "1.17.12-gke.1504",
              "1.17.12-gke.1501",
              "1.17.12-gke.500",
              "1.17.9-gke.6300",
              "1.17.9-gke.1504",
              "1.16.15-gke.14800",
              "1.16.15-gke.12500",
              "1.16.15-gke.11800",
              "1.16.15-gke.10600",
              "1.16.15-gke.7801",
              "1.16.15-gke.7800",
              "1.16.15-gke.7300",
              "1.16.15-gke.6900",
              "1.16.15-gke.6000",
              "1.16.15-gke.5500",
              "1.16.15-gke.4901",
              "1.16.15-gke.4301",
              "1.16.15-gke.4300",
              "1.16.15-gke.3500",
              "1.16.15-gke.2601",
              "1.16.15-gke.1600",
              "1.16.15-gke.500",
              "1.16.13-gke.404",
              "1.16.13-gke.403",
              "1.16.13-gke.401",
              "1.16.13-gke.400",
              "1.16.13-gke.1",
              "1.16.11-gke.5",
              "1.16.10-gke.8",
              "1.16.9-gke.6",
              "1.16.9-gke.2",
              "1.16.8-gke.15",
              "1.16.8-gke.12",
              "1.16.8-gke.9",
              "1.15.12-gke.6002",
              "1.15.12-gke.6001",
              "1.15.12-gke.5000",
              "1.15.12-gke.4002",
              "1.15.12-gke.4000",
              "1.15.12-gke.20",
              "1.15.12-gke.17",
              "1.15.12-gke.16",
              "1.15.12-gke.13",
              "1.15.12-gke.9",
              "1.15.12-gke.6",
              "1.15.12-gke.3",
              "1.15.12-gke.2",
              "1.15.11-gke.17",
              "1.15.11-gke.15",
              "1.15.11-gke.13",
              "1.15.11-gke.12",
              "1.15.11-gke.11",
              "1.15.11-gke.9",
              "1.15.11-gke.5",
              "1.15.11-gke.3",
              "1.15.11-gke.1",
              "1.15.9-gke.26",
              "1.15.9-gke.24",
              "1.15.9-gke.22",
              "1.15.9-gke.12",
              "1.15.9-gke.9",
              "1.15.9-gke.8",
              "1.15.8-gke.3",
              "1.15.8-gke.2",
              "1.15.7-gke.23",
              "1.15.7-gke.2",
              "1.15.4-gke.22",
              "1.14.10-gke.1504",
              "1.14.10-gke.902",
              "1.14.10-gke.50",
              "1.14.10-gke.46",
              "1.14.10-gke.45",
              "1.14.10-gke.42",
              "1.14.10-gke.41",
              "1.14.10-gke.40",
              "1.14.10-gke.37",
              "1.14.10-gke.36",
              "1.14.10-gke.34",
              "1.14.10-gke.32",
              "1.14.10-gke.31",
              "1.14.10-gke.27",
              "1.14.10-gke.24",
              "1.14.10-gke.22",
              "1.14.10-gke.21",
              "1.14.10-gke.17",
              "1.14.10-gke.0",
              "1.14.9-gke.23",
              "1.14.9-gke.2",
              "1.14.9-gke.0",
              "1.14.8-gke.33",
              "1.14.8-gke.21",
              "1.14.8-gke.18",
              "1.14.8-gke.17",
              "1.14.8-gke.14",
              "1.14.8-gke.12",
              "1.14.8-gke.7",
              "1.14.8-gke.2",
              "1.14.7-gke.40",
              "1.14.7-gke.25",
              "1.14.7-gke.23",
              "1.14.7-gke.17",
              "1.14.7-gke.14",
              "1.14.7-gke.10",
              "1.14.6-gke.13",
              "1.14.6-gke.2",
              "1.14.6-gke.1",
              "1.14.3-gke.11",
              "1.14.3-gke.10",
              "1.14.3-gke.9",
              "1.14.2-gke.9",
              "1.14.1-gke.5",
              "1.13.12-gke.30",
              "1.13.12-gke.25",
              "1.13.12-gke.17",
              "1.13.12-gke.16",
              "1.13.12-gke.14",
              "1.13.12-gke.13",
              "1.13.12-gke.10",
              "1.13.12-gke.8",
              "1.13.12-gke.4",
              "1.13.12-gke.2",
              "1.13.11-gke.23",
              "1.13.11-gke.15",
              "1.13.11-gke.14",
              "1.13.11-gke.12",
              "1.13.11-gke.11",
              "1.13.11-gke.9",
              "1.13.11-gke.5",
              "1.13.10-gke.7",
              "1.13.10-gke.0",
              "1.13.9-gke.11",
              "1.13.9-gke.3",
              "1.13.7-gke.24",
              "1.13.7-gke.19",
              "1.13.7-gke.15",
              "1.13.7-gke.8",
              "1.13.7-gke.0",
              "1.13.6-gke.13",
              "1.13.6-gke.6",
              "1.13.6-gke.5",
              "1.13.6-gke.0",
              "1.13.5-gke.10",
              "1.12.10-gke.22",
              "1.12.10-gke.20",
              "1.12.10-gke.19",
              "1.12.10-gke.18",
              "1.12.10-gke.17",
              "1.12.10-gke.15",
              "1.12.10-gke.13",
              "1.12.10-gke.11",
              "1.12.10-gke.5",
              "1.12.9-gke.16",
              "1.12.9-gke.15",
              "1.12.9-gke.13",
              "1.12.9-gke.10",
              "1.12.9-gke.7",
              "1.12.9-gke.3",
              "1.12.8-gke.12",
              "1.12.8-gke.10",
              "1.12.8-gke.7",
              "1.12.8-gke.6",
              "1.12.7-gke.26",
              "1.12.7-gke.25",
              "1.12.7-gke.24",
              "1.12.7-gke.22",
              "1.12.7-gke.21",
              "1.12.7-gke.17",
              "1.12.7-gke.10",
              "1.12.7-gke.7",
              "1.12.6-gke.11",
              "1.12.6-gke.10",
              "1.12.6-gke.7",
              "1.12.5-gke.10",
              "1.12.5-gke.5",
              "1.11.10-gke.6",
              "1.11.10-gke.5"
            ],
            "version_prefix": null
          },
          "sensitive_attributes": []
        }
      ]
    },
    {
      "module": "module.gke.module.cluster",
      "mode": "data",
      "type": "google_container_engine_versions",
      "name": "zone",
      "provider": "provider[\"registry.terraform.io/hashicorp/google\"]",
      "instances": [
        {
          "schema_version": 0,
          "attributes": {
            "default_cluster_version": "1.34.3-gke.1245000",
            "id": "2026-02-23 08:39:13.575946 +0000 UTC",
            "latest_master_version": "1.35.0-gke.3047000",
            "latest_node_version": "1.35.0-gke.3047000",
            "location": "asia-south1-a",
            "project": "leander-test-471809",
            "release_channel_default_version": {
              "EXTENDED": "1.34.3-gke.1245000",
              "RAPID": "1.35.0-gke.2745003",
              "REGULAR": "1.34.3-gke.1245000",
              "STABLE": "1.33.5-gke.2172001"
            },
            "release_channel_latest_version": {
              "EXTENDED": "1.35.0-gke.2398002",
              "RAPID": "1.35.0-gke.3047000",
              "REGULAR": "1.35.0-gke.2398002",
              "STABLE": "1.34.3-gke.1051003"
            },
            "valid_master_versions": [
              "1.35.0-gke.3047000",
              "1.35.0-gke.2745003",
              "1.35.0-gke.2398002",
              "1.35.0-gke.2398000",
              "1.35.0-gke.2232003",
              "1.34.4-gke.1047000",
              "1.34.3-gke.1444000",
              "1.34.3-gke.1318000",
              "1.34.3-gke.1245000",
              "1.34.3-gke.1051003",
              "1.33.8-gke.1026000",
              "1.33.5-gke.2469000",
              "1.33.5-gke.2392000",
              "1.33.5-gke.2326000",
              "1.33.5-gke.2228001",
              "1.33.5-gke.2172001",
              "1.33.5-gke.2118001",
              "1.32.12-gke.1026000",
              "1.32.11-gke.1264000",
              "1.32.11-gke.1211000",
              "1.32.11-gke.1174000",
              "1.32.11-gke.1038000"
            ],
            "valid_node_versions": [
              "1.35.0-gke.3047000",
              "1.35.0-gke.2745003",
              "1.35.0-gke.2745000",
              "1.35.0-gke.2398002",
              "1.35.0-gke.2398000",
              "1.35.0-gke.2232003",
              "1.35.0-gke.2232000",
              "1.34.4-gke.1047000",
              "1.34.3-gke.1444000",
              "1.34.3-gke.1318000",
              "1.34.3-gke.1245000",
              "1.34.3-gke.1136000",
              "1.34.3-gke.1051003",
              "1.34.3-gke.1051000",
              "1.34.1-gke.3971002",
              "1.34.1-gke.3971001",
              "1.34.1-gke.3971000",
              "1.34.1-gke.3947002",
              "1.34.1-gke.3947000",
              "1.34.1-gke.3899001",
              "1.34.1-gke.3899000",
              "1.34.1-gke.3759000",
              "1.34.1-gke.3556000",
              "1.34.1-gke.3403002",
              "1.34.1-gke.3403001",
              "1.34.1-gke.3355004",
              "1.34.1-gke.3355002",
              "1.34.1-gke.3355001",
              "1.34.1-gke.3355000",
              "1.34.1-gke.3225000",
              "1.34.1-gke.3084002",
              "1.34.1-gke.3084001",
              "1.34.1-gke.2980000",
              "1.34.1-gke.2909002",
              "1.34.1-gke.2909000",
              "1.34.1-gke.2541000",
              "1.34.1-gke.2037002",
              "1.34.1-gke.2037001",
              "1.34.1-gke.1829001",
              "1.34.0-gke.2201000",
              "1.33.8-gke.1026000",
              "1.33.5-gke.2469000",
              "1.33.5-gke.2392000",
              "1.33.5-gke.2326000",
              "1.33.5-gke.2288001",
              "1.33.5-gke.2228001",
              "1.33.5-gke.2228000",
              "1.33.5-gke.2172001",
              "1.33.5-gke.2172000",
              "1.33.5-gke.2118001",
              "1.33.5-gke.2118000",
              "1.33.5-gke.2100001",
              "1.33.5-gke.2100000",
              "1.33.5-gke.2072001",
              "1.33.5-gke.2072000",
              "1.33.5-gke.2019000",
              "1.33.5-gke.1956000",
              "1.33.5-gke.1894000",
              "1.33.5-gke.1862000",
              "1.33.5-gke.1791000",
              "1.33.5-gke.1697000",
              "1.33.5-gke.1521000",
              "1.33.5-gke.1350000",
              "1.33.5-gke.1308000",
              "1.33.5-gke.1201000",
              "1.33.5-gke.1162000",
              "1.33.5-gke.1125000",
              "1.33.5-gke.1080000",
              "1.33.4-gke.1350000",
              "1.33.4-gke.1245000",
              "1.33.4-gke.1172000",
              "1.33.4-gke.1134000",
              "1.33.4-gke.1036000",
              "1.33.3-gke.1392000",
              "1.33.3-gke.1266000",
              "1.33.3-gke.1250000",
              "1.33.3-gke.1136000",
              "1.33.2-gke.4780000",
              "1.33.2-gke.4655000",
              "1.33.2-gke.1384000",
              "1.33.2-gke.1240000",
              "1.33.2-gke.1111000",
              "1.33.2-gke.1043000",
              "1.33.1-gke.1959000",
              "1.33.1-gke.1744000",
              "1.33.1-gke.1584000",
              "1.33.1-gke.1545000",
              "1.33.1-gke.1386000",
              "1.33.1-gke.1375000",
              "1.33.1-gke.1107000",
              "1.33.0-gke.2248000",
              "1.32.12-gke.1026000",
              "1.32.11-gke.1264000",
              "1.32.11-gke.1211000",
              "1.32.11-gke.1174000",
              "1.32.11-gke.1153001",
              "1.32.11-gke.1075000",
              "1.32.11-gke.1038000",
              "1.32.9-gke.1734000",
              "1.32.9-gke.1728000",
              "1.32.9-gke.1711000",
              "1.32.9-gke.1675000",
              "1.32.9-gke.1632000",
              "1.32.9-gke.1592000",
              "1.32.9-gke.1575000",
              "1.32.9-gke.1548000",
              "1.32.9-gke.1462000",
              "1.32.9-gke.1330000",
              "1.32.9-gke.1239000",
              "1.32.9-gke.1207000",
              "1.32.9-gke.1130000",
              "1.32.9-gke.1108000",
              "1.32.9-gke.1092000",
              "1.32.9-gke.1072000",
              "1.32.9-gke.1010000",
              "1.32.8-gke.1170000",
              "1.32.8-gke.1134000",
              "1.32.8-gke.1108000",
              "1.32.8-gke.1026000",
              "1.32.8-gke.1005000",
              "1.32.7-gke.1079000",
              "1.32.7-gke.1016000",
              "1.32.6-gke.1125000",
              "1.32.6-gke.1096000",
              "1.32.6-gke.1060000",
              "1.32.6-gke.1025000",
              "1.32.6-gke.1013000",
              "1.32.4-gke.1767000",
              "1.32.4-gke.1698000",
              "1.32.4-gke.1603000",
              "1.32.4-gke.1533000",
              "1.32.4-gke.1415001",
              "1.32.4-gke.1415000",
              "1.32.4-gke.1353003",
              "1.32.4-gke.1353001",
              "1.32.4-gke.1353000",
              "1.32.4-gke.1236007",
              "1.32.4-gke.1236006",
              "1.32.4-gke.1236000",
              "1.32.4-gke.1106006",
              "1.32.4-gke.1106000",
              "1.32.3-gke.1927009",
              "1.32.3-gke.1927002",
              "1.32.3-gke.1927000",
              "1.32.3-gke.1785003",
              "1.32.3-gke.1785000",
              "1.32.3-gke.1717000",
              "1.32.3-gke.1440000",
              "1.32.3-gke.1170000",
              "1.32.3-gke.1057001",
              "1.32.2-gke.1652003",
              "1.32.2-gke.1652000",
              "1.32.2-gke.1400003",
              "1.32.2-gke.1400001",
              "1.32.2-gke.1297002",
              "1.32.2-gke.1297001",
              "1.32.2-gke.1297000",
              "1.32.2-gke.1182003",
              "1.32.2-gke.1182002",
              "1.32.2-gke.1182001",
              "1.32.2-gke.1182000",
              "1.32.1-gke.1729000",
              "1.32.1-gke.1489001",
              "1.32.1-gke.1357001",
              "1.32.1-gke.1200003",
              "1.31.14-gke.1423000",
              "1.31.14-gke.1376000",
              "1.31.14-gke.1336000",
              "1.31.14-gke.1319000",
              "1.31.14-gke.1243000",
              "1.31.14-gke.1214000",
              "1.31.14-gke.1175000",
              "1.31.14-gke.1166000",
              "1.31.14-gke.1156000",
              "1.31.14-gke.1114000",
              "1.31.14-gke.1081000",
              "1.31.14-gke.1045000",
              "1.31.14-gke.1033000",
              "1.31.13-gke.1454000",
              "1.31.13-gke.1377000",
              "1.31.13-gke.1231000",
              "1.31.13-gke.1139000",
              "1.31.13-gke.1123000",
              "1.31.13-gke.1040000",
              "1.31.13-gke.1023000",
              "1.31.13-gke.1008000",
              "1.31.12-gke.1265000",
              "1.31.12-gke.1220000",
              "1.31.12-gke.1110000",
              "1.31.12-gke.1083000",
              "1.31.12-gke.1060000",
              "1.31.12-gke.1014000",
              "1.31.11-gke.1135000",
              "1.31.11-gke.1101000",
              "1.31.11-gke.1064000",
              "1.31.11-gke.1036000",
              "1.31.11-gke.1002000",
              "1.31.10-gke.1067000",
              "1.31.10-gke.1034000",
              "1.31.10-gke.1021000",
              "1.31.9-gke.1287000",
              "1.31.9-gke.1218000",
              "1.31.9-gke.1176000",
              "1.31.9-gke.1119000",
              "1.31.9-gke.1044001",
              "1.31.9-gke.1044000",
              "1.31.9-gke.1005000",
              "1.31.8-gke.1113000",
              "1.31.8-gke.1045000",
              "1.31.7-gke.1390000",
              "1.31.7-gke.1265000",
              "1.31.7-gke.1212000",
              "1.31.7-gke.1149000",
              "1.31.7-gke.1112000",
              "1.31.7-gke.1013002",
              "1.31.7-gke.1013001",
              "1.31.6-gke.1221001",
              "1.31.6-gke.1221000",
              "1.31.6-gke.1140000",
              "1.31.6-gke.1099001",
              "1.31.6-gke.1099000",
              "1.31.6-gke.1064001",
              "1.31.6-gke.1064000",
              "1.31.6-gke.1027000",
              "1.31.6-gke.1020001",
              "1.31.6-gke.1020000",
              "1.31.5-gke.1233001",
              "1.31.5-gke.1233000",
              "1.31.5-gke.1169001",
              "1.31.5-gke.1169000",
              "1.31.5-gke.1068000",
              "1.31.5-gke.1023000",
              "1.31.4-gke.1372000",
              "1.31.4-gke.1256000",
              "1.31.4-gke.1249000",
              "1.31.4-gke.1183000",
              "1.31.4-gke.1177000",
              "1.31.4-gke.1072000",
              "1.31.3-gke.1162000",
              "1.31.3-gke.1121001",
              "1.31.3-gke.1056000",
              "1.31.3-gke.1023000",
              "1.31.3-gke.1006000",
              "1.31.2-gke.1518000",
              "1.31.2-gke.1384000",
              "1.31.2-gke.1354000",
              "1.31.2-gke.1115000",
              "1.31.1-gke.2105000",
              "1.31.1-gke.2008000",
              "1.31.1-gke.1846000",
              "1.31.1-gke.1678000",
              "1.31.1-gke.1146000",
              "1.30.14-gke.2071000",
              "1.30.14-gke.2026000",
              "1.30.14-gke.1991000",
              "1.30.14-gke.1973000",
              "1.30.14-gke.1922000",
              "1.30.14-gke.1901000",
              "1.30.14-gke.1870000",
              "1.30.14-gke.1861000",
              "1.30.14-gke.1855000",
              "1.30.14-gke.1820000",
              "1.30.14-gke.1794000",
              "1.30.14-gke.1760000",
              "1.30.14-gke.1746000",
              "1.30.14-gke.1719000",
              "1.30.14-gke.1658000",
              "1.30.14-gke.1525000",
              "1.30.14-gke.1426000",
              "1.30.14-gke.1408000",
              "1.30.14-gke.1349000",
              "1.30.14-gke.1336000",
              "1.30.14-gke.1325000",
              "1.30.14-gke.1316000",
              "1.30.14-gke.1267000",
              "1.30.14-gke.1150000",
              "1.30.14-gke.1130000",
              "1.30.14-gke.1108000",
              "1.30.14-gke.1059000",
              "1.30.14-gke.1036000",
              "1.30.14-gke.1011000",
              "1.30.12-gke.1414000",
              "1.30.12-gke.1390000",
              "1.30.12-gke.1372000",
              "1.30.12-gke.1340000",
              "1.30.12-gke.1333000",
              "1.30.12-gke.1320000",
              "1.30.12-gke.1279000",
              "1.30.12-gke.1246000",
              "1.30.12-gke.1208000",
              "1.30.12-gke.1168000",
              "1.30.12-gke.1151000",
              "1.30.12-gke.1086000",
              "1.30.12-gke.1033000",
              "1.30.11-gke.1217000",
              "1.30.11-gke.1157000",
              "1.30.11-gke.1131000",
              "1.30.11-gke.1093000",
              "1.30.11-gke.1072000",
              "1.30.11-gke.1008001",
              "1.30.10-gke.1227001",
              "1.30.10-gke.1227000",
              "1.30.10-gke.1145000",
              "1.30.10-gke.1102000",
              "1.30.10-gke.1070000",
              "1.30.10-gke.1042000",
              "1.30.10-gke.1022000",
              "1.30.9-gke.1231000",
              "1.30.9-gke.1201000",
              "1.30.9-gke.1127000",
              "1.30.9-gke.1046000",
              "1.30.9-gke.1027000",
              "1.30.9-gke.1009000",
              "1.30.8-gke.1282000",
              "1.30.8-gke.1261000",
              "1.30.8-gke.1224000",
              "1.30.8-gke.1162001",
              "1.30.8-gke.1162000",
              "1.30.8-gke.1133000",
              "1.30.8-gke.1128001",
              "1.30.8-gke.1128000",
              "1.30.8-gke.1051001",
              "1.30.8-gke.1051000",
              "1.30.7-gke.1136000",
              "1.30.7-gke.1084000",
              "1.30.7-gke.1077000",
              "1.30.6-gke.1596000",
              "1.30.6-gke.1125000",
              "1.30.6-gke.1059000",
              "1.30.5-gke.1713000",
              "1.30.5-gke.1699000",
              "1.30.5-gke.1628000",
              "1.30.5-gke.1443001",
              "1.30.5-gke.1355000",
              "1.30.5-gke.1145000",
              "1.30.5-gke.1014003",
              "1.30.5-gke.1014001",
              "1.30.5-gke.1014000",
              "1.30.4-gke.1476000",
              "1.30.4-gke.1348001",
              "1.30.4-gke.1348000",
              "1.30.4-gke.1282000",
              "1.30.4-gke.1213000",
              "1.30.4-gke.1129000",
              "1.30.3-gke.1969002",
              "1.30.3-gke.1969001",
              "1.30.3-gke.1639000",
              "1.30.3-gke.1451000",
              "1.30.3-gke.1225000",
              "1.30.2-gke.1587003",
              "1.30.1-gke.1329003",
              "1.29.15-gke.2725000",
              "1.29.15-gke.2680000",
              "1.29.15-gke.2660000",
              "1.29.15-gke.2629000",
              "1.29.15-gke.2617000",
              "1.29.15-gke.2613000",
              "1.29.15-gke.2585000",
              "1.29.15-gke.2553000",
              "1.29.15-gke.2520000",
              "1.29.15-gke.2505000",
              "1.29.15-gke.2467000",
              "1.29.15-gke.2380000",
              "1.29.15-gke.2236000",
              "1.29.15-gke.2109000",
              "1.29.15-gke.2085000",
              "1.29.15-gke.2002000",
              "1.29.15-gke.1989000",
              "1.29.15-gke.1979000",
              "1.29.15-gke.1971000",
              "1.29.15-gke.1936000",
              "1.29.15-gke.1851000",
              "1.29.15-gke.1835000",
              "1.29.15-gke.1820000",
              "1.29.15-gke.1773000",
              "1.29.15-gke.1756000",
              "1.29.15-gke.1713000",
              "1.29.15-gke.1686000",
              "1.29.15-gke.1656000",
              "1.29.15-gke.1639000",
              "1.29.15-gke.1614000",
              "1.29.15-gke.1607000",
              "1.29.15-gke.1594000",
              "1.29.15-gke.1549000",
              "1.29.15-gke.1523000",
              "1.29.15-gke.1493000",
              "1.29.15-gke.1415000",
              "1.29.15-gke.1395000",
              "1.29.15-gke.1325000",
              "1.29.15-gke.1274000",
              "1.29.15-gke.1240000",
              "1.29.15-gke.1193000",
              "1.29.15-gke.1170000",
              "1.29.15-gke.1134000",
              "1.29.15-gke.1108000",
              "1.29.15-gke.1058000",
              "1.29.15-gke.1017000",
              "1.29.14-gke.1132000",
              "1.29.14-gke.1086000",
              "1.29.14-gke.1067000",
              "1.29.14-gke.1020000",
              "1.29.14-gke.1018000",
              "1.29.13-gke.1169000",
              "1.29.13-gke.1109000",
              "1.29.13-gke.1038000",
              "1.29.13-gke.1006000",
              "1.29.12-gke.1270000",
              "1.29.12-gke.1143001",
              "1.29.12-gke.1143000",
              "1.29.12-gke.1126000",
              "1.29.12-gke.1120001",
              "1.29.12-gke.1120000",
              "1.29.12-gke.1055001",
              "1.29.12-gke.1055000",
              "1.29.11-gke.1045000",
              "1.29.11-gke.1012000",
              "1.29.10-gke.1280000",
              "1.29.10-gke.1227000",
              "1.29.10-gke.1155000",
              "1.29.10-gke.1071000",
              "1.29.10-gke.1054000",
              "1.29.10-gke.1043000",
              "1.29.9-gke.1541000",
              "1.29.9-gke.1496000",
              "1.29.9-gke.1341000",
              "1.29.9-gke.1177000",
              "1.29.8-gke.1278000",
              "1.29.8-gke.1211000",
              "1.29.8-gke.1157000",
              "1.29.8-gke.1096000",
              "1.29.8-gke.1057000",
              "1.29.8-gke.1031000",
              "1.29.7-gke.1274000",
              "1.29.7-gke.1174000",
              "1.29.7-gke.1104000",
              "1.29.7-gke.1008000",
              "1.29.6-gke.1326000",
              "1.29.6-gke.1254000",
              "1.29.6-gke.1137000",
              "1.29.6-gke.1038001",
              "1.29.6-gke.1038000",
              "1.29.5-gke.1192000",
              "1.29.5-gke.1121000",
              "1.29.5-gke.1091002",
              "1.29.5-gke.1091001",
              "1.29.5-gke.1091000",
              "1.29.5-gke.1060001",
              "1.29.5-gke.1060000",
              "1.29.5-gke.1010000",
              "1.29.4-gke.1670000",
              "1.29.4-gke.1542000",
              "1.29.4-gke.1447001",
              "1.29.4-gke.1447000",
              "1.29.4-gke.1165000",
              "1.29.4-gke.1043004",
              "1.29.4-gke.1043002",
              "1.29.4-gke.1043001",
              "1.29.4-gke.1043000",
              "1.29.3-gke.1282005",
              "1.29.3-gke.1282001",
              "1.29.3-gke.1282000",
              "1.29.3-gke.1093006",
              "1.29.3-gke.1093000",
              "1.29.2-gke.1521000",
              "1.29.2-gke.1217000",
              "1.29.2-gke.1060000",
              "1.29.1-gke.1589020",
              "1.29.1-gke.1589018",
              "1.29.1-gke.1589017",
              "1.29.1-gke.1589000",
              "1.29.1-gke.1575000",
              "1.29.1-gke.1425000",
              "1.29.1-gke.1016000",
              "1.29.0-gke.1381000",
              "1.28.15-gke.3290000",
              "1.28.15-gke.3285000",
              "1.28.15-gke.3280000",
              "1.28.15-gke.3251000",
              "1.28.15-gke.3225000",
              "1.28.15-gke.3202000",
              "1.28.15-gke.3188000",
              "1.28.15-gke.3163000",
              "1.28.15-gke.3096000",
              "1.28.15-gke.2966000",
              "1.28.15-gke.2857000",
              "1.28.15-gke.2793000",
              "1.28.15-gke.2767000",
              "1.28.15-gke.2751000",
              "1.28.15-gke.2740000",
              "1.28.15-gke.2730000",
              "1.28.15-gke.2697000",
              "1.28.15-gke.2630000",
              "1.28.15-gke.2610000",
              "1.28.15-gke.2599000",
              "1.28.15-gke.2564000",
              "1.28.15-gke.2547000",
              "1.28.15-gke.2527000",
              "1.28.15-gke.2507000",
              "1.28.15-gke.2488000",
              "1.28.15-gke.2475000",
              "1.28.15-gke.2461000",
              "1.28.15-gke.2456000",
              "1.28.15-gke.2445000",
              "1.28.15-gke.2428000",
              "1.28.15-gke.2403000",
              "1.28.15-gke.2380000",
              "1.28.15-gke.2303000",
              "1.28.15-gke.2287000",
              "1.28.15-gke.2239000",
              "1.28.15-gke.2192000",
              "1.28.15-gke.2169000",
              "1.28.15-gke.2142000",
              "1.28.15-gke.2121000",
              "1.28.15-gke.2097000",
              "1.28.15-gke.2072000",
              "1.28.15-gke.2027000",
              "1.28.15-gke.2003000",
              "1.28.15-gke.1940000",
              "1.28.15-gke.1897000",
              "1.28.15-gke.1881000",
              "1.28.15-gke.1844000",
              "1.28.15-gke.1781000",
              "1.28.15-gke.1720000",
              "1.28.15-gke.1673000",
              "1.28.15-gke.1641000",
              "1.28.15-gke.1612000",
              "1.28.15-gke.1503000",
              "1.28.15-gke.1488000",
              "1.28.15-gke.1480000",
              "1.28.15-gke.1435000",
              "1.28.15-gke.1388000",
              "1.28.15-gke.1362000",
              "1.28.15-gke.1344000",
              "1.28.15-gke.1342000",
              "1.28.15-gke.1159000",
              "1.28.15-gke.1080000",
              "1.28.15-gke.1041000",
              "1.28.15-gke.1020000",
              "1.28.15-gke.1015000",
              "1.28.14-gke.1376000",
              "1.28.14-gke.1340000",
              "1.28.14-gke.1217000",
              "1.28.14-gke.1175000",
              "1.28.14-gke.1099000",
              "1.28.14-gke.1004000",
              "1.28.13-gke.1119000",
              "1.28.13-gke.1078000",
              "1.28.13-gke.1049000",
              "1.28.13-gke.1042000",
              "1.28.13-gke.1024000",
              "1.28.13-gke.1006000",
              "1.28.12-gke.1179000",
              "1.28.12-gke.1090000",
              "1.28.12-gke.1052000",
              "1.28.11-gke.1315000",
              "1.28.11-gke.1289000",
              "1.28.11-gke.1260000",
              "1.28.11-gke.1172000",
              "1.28.11-gke.1170000",
              "1.28.11-gke.1019001",
              "1.28.11-gke.1019000",
              "1.28.10-gke.1148001",
              "1.28.10-gke.1148000",
              "1.28.10-gke.1141000",
              "1.28.10-gke.1089002",
              "1.28.10-gke.1089000",
              "1.28.10-gke.1075001",
              "1.28.10-gke.1075000",
              "1.28.10-gke.1058001",
              "1.28.10-gke.1058000",
              "1.28.10-gke.1012000",
              "1.28.9-gke.1289002",
              "1.28.9-gke.1289000",
              "1.28.9-gke.1250000",
              "1.28.9-gke.1209001",
              "1.28.9-gke.1209000",
              "1.28.9-gke.1069002",
              "1.28.9-gke.1069000",
              "1.28.9-gke.1000000",
              "1.28.8-gke.1175000",
              "1.28.8-gke.1095000",
              "1.28.7-gke.1226000",
              "1.28.7-gke.1026001",
              "1.28.7-gke.1026000",
              "1.28.6-gke.1456000",
              "1.28.6-gke.1369000",
              "1.28.6-gke.1289000",
              "1.28.6-gke.1095000",
              "1.28.5-gke.1217000",
              "1.28.4-gke.1083000",
              "1.28.3-gke.1286000",
              "1.28.3-gke.1203001",
              "1.28.3-gke.1203000",
              "1.28.3-gke.1118000",
              "1.28.3-gke.1098000",
              "1.28.3-gke.1090000",
              "1.28.2-gke.1157000",
              "1.27.16-gke.2894000",
              "1.27.16-gke.2874000",
              "1.27.16-gke.2853000",
              "1.27.16-gke.2820000",
              "1.27.16-gke.2810000",
              "1.27.16-gke.2771000",
              "1.27.16-gke.2732000",
              "1.27.16-gke.2703000",
              "1.27.16-gke.2682000",
              "1.27.16-gke.2664000",
              "1.27.16-gke.2650000",
              "1.27.16-gke.2633000",
              "1.27.16-gke.2595000",
              "1.27.16-gke.2573000",
              "1.27.16-gke.2528000",
              "1.27.16-gke.2489000",
              "1.27.16-gke.2477000",
              "1.27.16-gke.2451000",
              "1.27.16-gke.2440000",
              "1.27.16-gke.2387000",
              "1.27.16-gke.2342000",
              "1.27.16-gke.2296000",
              "1.27.16-gke.2270000",
              "1.27.16-gke.2246000",
              "1.27.16-gke.2142000",
              "1.27.16-gke.2122000",
              "1.27.16-gke.2081000",
              "1.27.16-gke.2051000",
              "1.27.16-gke.2027000",
              "1.27.16-gke.2019000",
              "1.27.16-gke.1836000",
              "1.27.16-gke.1784000",
              "1.27.16-gke.1742000",
              "1.27.16-gke.1712000",
              "1.27.16-gke.1681000",
              "1.27.16-gke.1576000",
              "1.27.16-gke.1478000",
              "1.27.16-gke.1373000",
              "1.27.16-gke.1342000",
              "1.27.16-gke.1296000",
              "1.27.16-gke.1287000",
              "1.27.16-gke.1258000",
              "1.27.16-gke.1234001",
              "1.27.16-gke.1234000",
              "1.27.16-gke.1148001",
              "1.27.16-gke.1148000",
              "1.27.16-gke.1082000",
              "1.27.16-gke.1051001",
              "1.27.16-gke.1051000",
              "1.27.16-gke.1008000",
              "1.27.15-gke.1252000",
              "1.27.15-gke.1154000",
              "1.27.15-gke.1125000",
              "1.27.15-gke.1012003",
              "1.27.15-gke.1012000",
              "1.27.14-gke.1100002",
              "1.27.14-gke.1100000",
              "1.27.14-gke.1093000",
              "1.27.14-gke.1059002",
              "1.27.14-gke.1059001",
              "1.27.14-gke.1059000",
              "1.27.14-gke.1042001",
              "1.27.14-gke.1042000",
              "1.27.14-gke.1022001",
              "1.27.14-gke.1022000",
              "1.27.14-gke.1011000",
              "1.27.13-gke.1201002",
              "1.27.13-gke.1201000",
              "1.27.13-gke.1166001",
              "1.27.13-gke.1166000",
              "1.27.13-gke.1070002",
              "1.27.13-gke.1070000",
              "1.27.13-gke.1000000",
              "1.27.12-gke.1190000",
              "1.27.12-gke.1115000",
              "1.27.11-gke.1202000",
              "1.27.11-gke.1118000",
              "1.27.11-gke.1062004",
              "1.27.11-gke.1062003",
              "1.27.11-gke.1062001",
              "1.27.11-gke.1062000",
              "1.27.11-gke.1018000",
              "1.27.10-gke.1207000",
              "1.27.10-gke.1152000",
              "1.27.10-gke.1055000",
              "1.27.9-gke.1092000",
              "1.27.8-gke.1067004",
              "1.27.8-gke.1067000",
              "1.27.7-gke.1293000",
              "1.27.7-gke.1121002",
              "1.27.7-gke.1121000",
              "1.27.7-gke.1088000",
              "1.27.7-gke.1056000",
              "1.27.7-gke.1038000",
              "1.27.6-gke.1506000",
              "1.27.6-gke.1445000",
              "1.27.6-gke.1248000",
              "1.27.5-gke.200",
              "1.27.4-gke.900",
              "1.27.3-gke.1700",
              "1.27.3-gke.100",
              "1.27.2-gke.2100",
              "1.27.2-gke.1200",
              "1.26.15-gke.1469001",
              "1.26.15-gke.1469000",
              "1.26.15-gke.1436000",
              "1.26.15-gke.1404002",
              "1.26.15-gke.1404000",
              "1.26.15-gke.1390001",
              "1.26.15-gke.1390000",
              "1.26.15-gke.1381001",
              "1.26.15-gke.1381000",
              "1.26.15-gke.1372001",
              "1.26.15-gke.1360000",
              "1.26.15-gke.1320002",
              "1.26.15-gke.1320000",
              "1.26.15-gke.1300001",
              "1.26.15-gke.1300000",
              "1.26.15-gke.1243000",
              "1.26.15-gke.1191001",
              "1.26.15-gke.1191000",
              "1.26.15-gke.1158000",
              "1.26.15-gke.1090004",
              "1.26.15-gke.1090000",
              "1.26.14-gke.1133000",
              "1.26.14-gke.1076000",
              "1.26.14-gke.1044001",
              "1.26.14-gke.1044000",
              "1.26.14-gke.1006000",
              "1.26.13-gke.1189000",
              "1.26.13-gke.1144000",
              "1.26.13-gke.1052000",
              "1.26.12-gke.1111000",
              "1.26.11-gke.1055000",
              "1.26.10-gke.1235000",
              "1.26.10-gke.1101000",
              "1.26.10-gke.1073000",
              "1.26.10-gke.1038000",
              "1.26.10-gke.1024000",
              "1.26.9-gke.1507000",
              "1.26.9-gke.1437000",
              "1.26.8-gke.200",
              "1.26.7-gke.500",
              "1.26.6-gke.1700",
              "1.26.5-gke.2700",
              "1.26.5-gke.2100",
              "1.26.5-gke.1400",
              "1.26.5-gke.1200",
              "1.26.4-gke.1400",
              "1.26.4-gke.500",
              "1.26.3-gke.1000",
              "1.26.3-gke.400",
              "1.26.2-gke.1000",
              "1.26.1-gke.1500",
              "1.25.16-gke.1759000",
              "1.25.16-gke.1711000",
              "1.25.16-gke.1648000",
              "1.25.16-gke.1596000",
              "1.25.16-gke.1570000",
              "1.25.16-gke.1537000",
              "1.25.16-gke.1497000",
              "1.25.16-gke.1460000",
              "1.25.16-gke.1360000",
              "1.25.16-gke.1268000",
              "1.25.16-gke.1041000",
              "1.25.16-gke.1020000",
              "1.25.15-gke.1115000",
              "1.25.15-gke.1083000",
              "1.25.15-gke.1049000",
              "1.25.15-gke.1033000",
              "1.25.14-gke.1474000",
              "1.25.14-gke.1421000",
              "1.25.13-gke.200",
              "1.25.12-gke.500",
              "1.25.11-gke.1700",
              "1.25.10-gke.2700",
              "1.25.10-gke.2100",
              "1.25.10-gke.1400",
              "1.25.10-gke.1200",
              "1.25.9-gke.2300",
              "1.25.9-gke.400",
              "1.25.8-gke.1000",
              "1.25.8-gke.500",
              "1.25.7-gke.1000",
              "1.25.6-gke.1000",
              "1.25.6-gke.200",
              "1.25.5-gke.2000",
              "1.25.5-gke.1500",
              "1.25.4-gke.2100",
              "1.25.3-gke.800",
              "1.24.17-gke.2472000",
              "1.24.17-gke.2364000",
              "1.24.17-gke.2347000",
              "1.24.17-gke.2266000",
              "1.24.17-gke.2230000",
              "1.24.17-gke.2211000",
              "1.24.17-gke.2198000",
              "1.24.17-gke.2155000",
              "1.24.17-gke.2113000",
              "1.24.17-gke.200",
              "1.24.16-gke.500",
              "1.24.15-gke.1700",
              "1.24.14-gke.2700",
              "1.24.14-gke.2100",
              "1.24.14-gke.1400",
              "1.24.14-gke.1200",
              "1.24.13-gke.2500",
              "1.24.13-gke.500",
              "1.24.12-gke.1000",
              "1.24.12-gke.500",
              "1.24.11-gke.1000",
              "1.24.10-gke.2300",
              "1.24.10-gke.1200",
              "1.24.9-gke.3200",
              "1.24.9-gke.2000",
              "1.24.9-gke.1500",
              "1.24.8-gke.2000",
              "1.24.8-gke.401",
              "1.24.7-gke.900",
              "1.24.6-gke.1500",
              "1.24.5-gke.600",
              "1.24.4-gke.800",
              "1.24.3-gke.2100",
              "1.24.3-gke.900",
              "1.24.3-gke.200",
              "1.24.2-gke.1900",
              "1.24.2-gke.300",
              "1.24.1-gke.1800",
              "1.24.1-gke.1400",
              "1.23.17-gke.10700",
              "1.23.17-gke.10000",
              "1.23.17-gke.8400",
              "1.23.17-gke.7700",
              "1.23.17-gke.7000",
              "1.23.17-gke.6800",
              "1.23.17-gke.5600",
              "1.23.17-gke.3600",
              "1.23.17-gke.2000",
              "1.23.17-gke.1700",
              "1.23.17-gke.300",
              "1.23.16-gke.2500",
              "1.23.16-gke.1400",
              "1.23.16-gke.1100",
              "1.23.16-gke.200",
              "1.23.15-gke.1900",
              "1.23.15-gke.1400",
              "1.23.14-gke.1800",
              "1.23.14-gke.401",
              "1.23.13-gke.900",
              "1.23.12-gke.1600",
              "1.23.12-gke.100",
              "1.23.11-gke.300",
              "1.23.10-gke.1000",
              "1.23.9-gke.2100",
              "1.23.9-gke.900",
              "1.23.8-gke.1900",
              "1.23.8-gke.400",
              "1.23.7-gke.1400",
              "1.23.6-gke.2200",
              "1.23.6-gke.1700",
              "1.23.6-gke.1501",
              "1.23.6-gke.1500",
              "1.23.5-gke.2400",
              "1.23.5-gke.1503",
              "1.23.5-gke.1501",
              "1.22.17-gke.14100",
              "1.22.17-gke.13400",
              "1.22.17-gke.12700",
              "1.22.17-gke.11400",
              "1.22.17-gke.9400",
              "1.22.17-gke.8000",
              "1.22.17-gke.7500",
              "1.22.17-gke.6100",
              "1.22.17-gke.5400",
              "1.22.17-gke.4300",
              "1.22.17-gke.4000",
              "1.22.17-gke.3100",
              "1.22.17-gke.1900",
              "1.22.17-gke.1400",
              "1.22.16-gke.2000",
              "1.22.16-gke.1300",
              "1.22.15-gke.2500",
              "1.22.15-gke.1000",
              "1.22.15-gke.100",
              "1.22.14-gke.300",
              "1.22.13-gke.1000",
              "1.22.12-gke.2300",
              "1.22.12-gke.1200",
              "1.22.12-gke.500",
              "1.22.12-gke.300",
              "1.22.11-gke.400",
              "1.22.10-gke.600",
              "1.22.9-gke.2000",
              "1.22.9-gke.1500",
              "1.22.9-gke.1300",
              "1.22.8-gke.2200",
              "1.22.8-gke.202",
              "1.22.8-gke.201",
              "1.22.8-gke.200",
              "1.22.7-gke.1500",
              "1.22.7-gke.1300",
              "1.22.7-gke.900",
              "1.22.7-gke.300",
              "1.22.6-gke.1000",
              "1.22.6-gke.300",
              "1.22.4-gke.1501",
              "1.22.3-gke.1500",
              "1.21.14-gke.18800",
              "1.21.14-gke.18100",
              "1.21.14-gke.15800",
              "1.21.14-gke.14600",
              "1.21.14-gke.14100",
              "1.21.14-gke.8500",
              "1.21.14-gke.7100",
              "1.21.14-gke.5300",
              "1.21.14-gke.4300",
              "1.21.14-gke.3000",
              "1.21.14-gke.2700",
              "1.21.14-gke.2100",
              "1.21.14-gke.700",
              "1.21.13-gke.900",
              "1.21.12-gke.2200",
              "1.21.12-gke.1700",
              "1.21.12-gke.1500",
              "1.21.11-gke.1900",
              "1.21.11-gke.1100",
              "1.21.11-gke.900",
              "1.21.10-gke.2000",
              "1.21.10-gke.1500",
              "1.21.10-gke.1300",
              "1.21.10-gke.400",
              "1.21.9-gke.1002",
              "1.21.9-gke.1001",
              "1.21.9-gke.1000",
              "1.21.9-gke.300",
              "1.21.6-gke.1503",
              "1.21.6-gke.1501",
              "1.21.6-gke.1500",
              "1.21.5-gke.1805",
              "1.21.5-gke.1802",
              "1.21.5-gke.1302",
              "1.21.5-gke.1300",
              "1.21.4-gke.2302",
              "1.21.4-gke.2300",
              "1.21.3-gke.2003",
              "1.21.3-gke.2001",
              "1.20.15-gke.13700",
              "1.20.15-gke.13400",
              "1.20.15-gke.12800",
              "1.20.15-gke.11400",
              "1.20.15-gke.9900",
              "1.20.15-gke.8700",
              "1.20.15-gke.8200",
              "1.20.15-gke.8000",
              "1.20.15-gke.6000",
              "1.20.15-gke.5200",
              "1.20.15-gke.5000",
              "1.20.15-gke.4100",
              "1.20.15-gke.3600",
              "1.20.15-gke.3400",
              "1.20.15-gke.2500",
              "1.20.15-gke.1000",
              "1.20.15-gke.300",
              "1.20.12-gke.1500",
              "1.20.11-gke.1801",
              "1.20.11-gke.1300",
              "1.20.10-gke.2100",
              "1.20.10-gke.1600",
              "1.20.10-gke.301",
              "1.20.9-gke.2100",
              "1.20.9-gke.1001",
              "1.20.9-gke.1000",
              "1.20.9-gke.701",
              "1.20.9-gke.700",
              "1.20.8-gke.2101",
              "1.20.8-gke.2100",
              "1.20.8-gke.900",
              "1.20.8-gke.700",
              "1.20.7-gke.2200",
              "1.20.7-gke.1800",
              "1.20.6-gke.1400",
              "1.20.6-gke.1000",
              "1.19.16-gke.15700",
              "1.19.16-gke.14500",
              "1.19.16-gke.14000",
              "1.19.16-gke.13800",
              "1.19.16-gke.11800",
              "1.19.16-gke.11000",
              "1.19.16-gke.10800",
              "1.19.16-gke.9900",
              "1.19.16-gke.9400",
              "1.19.16-gke.9200",
              "1.19.16-gke.8300",
              "1.19.16-gke.6800",
              "1.19.16-gke.6100",
              "1.19.16-gke.3600",
              "1.19.15-gke.1801",
              "1.19.15-gke.1300",
              "1.19.15-gke.500",
              "1.19.14-gke.2300",
              "1.19.14-gke.1900",
              "1.19.14-gke.301",
              "1.19.14-gke.300",
              "1.19.13-gke.1900",
              "1.19.13-gke.1200",
              "1.19.13-gke.701",
              "1.19.13-gke.700",
              "1.19.12-gke.2101",
              "1.19.12-gke.2100",
              "1.19.12-gke.1100",
              "1.19.12-gke.900",
              "1.19.12-gke.700",
              "1.19.11-gke.2101",
              "1.19.11-gke.2100",
              "1.19.11-gke.1701",
              "1.19.11-gke.1700",
              "1.19.10-gke.1701",
              "1.19.10-gke.1700",
              "1.19.10-gke.1601",
              "1.19.10-gke.1600",
              "1.19.10-gke.1001",
              "1.19.10-gke.1000",
              "1.19.9-gke.1900",
              "1.19.9-gke.1400",
              "1.19.9-gke.700",
              "1.19.9-gke.100",
              "1.19.8-gke.2000",
              "1.19.8-gke.1600",
              "1.19.8-gke.1000",
              "1.19.7-gke.2503",
              "1.19.7-gke.1500",
              "1.19.7-gke.1302",
              "1.19.7-gke.800",
              "1.19.6-gke.1700",
              "1.19.6-gke.1100",
              "1.19.6-gke.600",
              "1.18.20-gke.6101",
              "1.18.20-gke.6000",
              "1.18.20-gke.4501",
              "1.18.20-gke.4500",
              "1.18.20-gke.4100",
              "1.18.20-gke.3300",
              "1.18.20-gke.3001",
              "1.18.20-gke.3000",
              "1.18.20-gke.2300",
              "1.18.20-gke.901",
              "1.18.20-gke.900",
              "1.18.20-gke.501",
              "1.18.19-gke.2101",
              "1.18.19-gke.2100",
              "1.18.19-gke.1701",
              "1.18.19-gke.1700",
              "1.18.18-gke.1701",
              "1.18.18-gke.1700",
              "1.18.18-gke.1101",
              "1.18.18-gke.1100",
              "1.18.17-gke.1901",
              "1.18.17-gke.1900",
              "1.18.17-gke.1201",
              "1.18.17-gke.1200",
              "1.18.17-gke.700",
              "1.18.17-gke.100",
              "1.18.16-gke.2100",
              "1.18.16-gke.1201",
              "1.18.16-gke.1200",
              "1.18.16-gke.502",
              "1.18.16-gke.500",
              "1.18.16-gke.302",
              "1.18.16-gke.300",
              "1.18.15-gke.2500",
              "1.18.15-gke.1502",
              "1.18.15-gke.1501",
              "1.18.15-gke.1500",
              "1.18.15-gke.1102",
              "1.18.15-gke.1100",
              "1.18.15-gke.800",
              "1.18.14-gke.1600",
              "1.18.14-gke.1200",
              "1.18.12-gke.1210",
              "1.18.12-gke.1206",
              "1.18.12-gke.1205",
              "1.18.12-gke.1201",
              "1.18.12-gke.1200",
              "1.18.12-gke.300",
              "1.18.10-gke.2701",
              "1.18.10-gke.2101",
              "1.18.10-gke.1500",
              "1.18.10-gke.601",
              "1.18.9-gke.2501",
              "1.18.9-gke.1501",
              "1.18.9-gke.801",
              "1.18.6-gke.4801",
              "1.18.6-gke.3504",
              "1.18.6-gke.3503",
              "1.17.17-gke.9100",
              "1.17.17-gke.8500",
              "1.17.17-gke.8200",
              "1.17.17-gke.7800",
              "1.17.17-gke.7200",
              "1.17.17-gke.6700",
              "1.17.17-gke.6000",
              "1.17.17-gke.5400",
              "1.17.17-gke.4900",
              "1.17.17-gke.4400",
              "1.17.17-gke.3700",
              "1.17.17-gke.3000",
              "1.17.17-gke.2800",
              "1.17.17-gke.2500",
              "1.17.17-gke.1500",
              "1.17.17-gke.1101",
              "1.17.17-gke.1100",
              "1.17.17-gke.600",
              "1.17.16-gke.1600",
              "1.17.16-gke.1300",
              "1.17.15-gke.800",
              "1.17.15-gke.300",
              "1.17.14-gke.1600",
              "1.17.14-gke.1200",
              "1.17.14-gke.400",
              "1.17.13-gke.2600",
              "1.17.13-gke.2001",
              "1.17.13-gke.1401",
              "1.17.13-gke.1400",
              "1.17.13-gke.600",
              "1.17.12-gke.2502",
              "1.17.12-gke.1504",
              "1.17.12-gke.1501",
              "1.17.12-gke.500",
              "1.17.9-gke.6300",
              "1.17.9-gke.1504",
              "1.16.15-gke.14800",
              "1.16.15-gke.12500",
              "1.16.15-gke.11800",
              "1.16.15-gke.10600",
              "1.16.15-gke.7801",
              "1.16.15-gke.7800",
              "1.16.15-gke.7300",
              "1.16.15-gke.6900",
              "1.16.15-gke.6000",
              "1.16.15-gke.5500",
              "1.16.15-gke.4901",
              "1.16.15-gke.4301",
              "1.16.15-gke.4300",
              "1.16.15-gke.3500",
              "1.16.15-gke.2601",
              "1.16.15-gke.1600",
              "1.16.15-gke.500",
              "1.16.13-gke.404",
              "1.16.13-gke.403",
              "1.16.13-gke.401",
              "1.16.13-gke.400",
              "1.16.13-gke.1",
              "1.16.11-gke.5",
              "1.16.10-gke.8",
              "1.16.9-gke.6",
              "1.16.9-gke.2",
              "1.16.8-gke.15",
              "1.16.8-gke.12",
              "1.16.8-gke.9",
              "1.15.12-gke.6002",
              "1.15.12-gke.6001",
              "1.15.12-gke.5000",
              "1.15.12-gke.4002",
              "1.15.12-gke.4000",
              "1.15.12-gke.20",
              "1.15.12-gke.17",
              "1.15.12-gke.16",
              "1.15.12-gke.13",
              "1.15.12-gke.9",
              "1.15.12-gke.6",
              "1.15.12-gke.3",
              "1.15.12-gke.2",
              "1.15.11-gke.17",
              "1.15.11-gke.15",
              "1.15.11-gke.13",
              "1.15.11-gke.12",
              "1.15.11-gke.11",
              "1.15.11-gke.9",
              "1.15.11-gke.5",
              "1.15.11-gke.3",
              "1.15.11-gke.1",
              "1.15.9-gke.26",
              "1.15.9-gke.24",
              "1.15.9-gke.22",
              "1.15.9-gke.12",
              "1.15.9-gke.9",
              "1.15.9-gke.8",
              "1.15.8-gke.3",
              "1.15.8-gke.2",
              "1.15.7-gke.23",
              "1.15.7-gke.2",
              "1.15.4-gke.22",
              "1.14.10-gke.1504",
              "1.14.10-gke.902",
              "1.14.10-gke.50",
              "1.14.10-gke.46",
              "1.14.10-gke.45",
              "1.14.10-gke.42",
              "1.14.10-gke.41",
              "1.14.10-gke.40",
              "1.14.10-gke.37",
              "1.14.10-gke.36",
              "1.14.10-gke.34",
              "1.14.10-gke.32",
              "1.14.10-gke.31",
              "1.14.10-gke.27",
              "1.14.10-gke.24",
              "1.14.10-gke.22",
              "1.14.10-gke.21",
              "1.14.10-gke.17",
              "1.14.10-gke.0",
              "1.14.9-gke.23",
              "1.14.9-gke.2",
              "1.14.9-gke.0",
              "1.14.8-gke.33",
              "1.14.8-gke.21",
              "1.14.8-gke.18",
              "1.14.8-gke.17",
              "1.14.8-gke.14",
              "1.14.8-gke.12",
              "1.14.8-gke.7",
              "1.14.8-gke.2",
              "1.14.7-gke.40",
              "1.14.7-gke.25",
              "1.14.7-gke.23",
              "1.14.7-gke.17",
              "1.14.7-gke.14",
              "1.14.7-gke.10",
              "1.14.6-gke.13",
              "1.14.6-gke.2",
              "1.14.6-gke.1",
              "1.14.3-gke.11",
              "1.14.3-gke.10",
              "1.14.3-gke.9",
              "1.14.2-gke.9",
              "1.14.1-gke.5",
              "1.13.12-gke.30",
              "1.13.12-gke.25",
              "1.13.12-gke.17",
              "1.13.12-gke.16",
              "1.13.12-gke.14",
              "1.13.12-gke.13",
              "1.13.12-gke.10",
              "1.13.12-gke.8",
              "1.13.12-gke.4",
              "1.13.12-gke.2",
              "1.13.11-gke.23",
              "1.13.11-gke.15",
              "1.13.11-gke.14",
              "1.13.11-gke.12",
              "1.13.11-gke.11",
              "1.13.11-gke.9",
              "1.13.11-gke.5",
              "1.13.10-gke.7",
              "1.13.10-gke.0",
              "1.13.9-gke.11",
              "1.13.9-gke.3",
              "1.13.7-gke.24",
              "1.13.7-gke.19",
              "1.13.7-gke.15",
              "1.13.7-gke.8",
              "1.13.7-gke.0",
              "1.13.6-gke.13",
              "1.13.6-gke.6",
              "1.13.6-gke.5",
              "1.13.6-gke.0",
              "1.13.5-gke.10",
              "1.12.10-gke.22",
              "1.12.10-gke.20",
              "1.12.10-gke.19",
              "1.12.10-gke.18",
              "1.12.10-gke.17",
              "1.12.10-gke.15",
              "1.12.10-gke.13",
              "1.12.10-gke.11",
              "1.12.10-gke.5",
              "1.12.9-gke.16",
              "1.12.9-gke.15",
              "1.12.9-gke.13",
              "1.12.9-gke.10",
              "1.12.9-gke.7",
              "1.12.9-gke.3",
              "1.12.8-gke.12",
              "1.12.8-gke.10",
              "1.12.8-gke.7",
              "1.12.8-gke.6",
              "1.12.7-gke.26",
              "1.12.7-gke.25",
              "1.12.7-gke.24",
              "1.12.7-gke.22",
              "1.12.7-gke.21",
              "1.12.7-gke.17",
              "1.12.7-gke.10",
              "1.12.7-gke.7",
              "1.12.6-gke.11",
              "1.12.6-gke.10",
              "1.12.6-gke.7",
              "1.12.5-gke.10",
              "1.12.5-gke.5",
              "1.11.10-gke.6",
              "1.11.10-gke.5"
            ],
            "version_prefix": null
          },
          "sensitive_attributes": []
        }
      ]
    },
    {
      "module": "module.gke.module.cluster",
      "mode": "managed",
      "type": "google_container_cluster",
      "name": "primary",
      "provider": "provider[\"registry.terraform.io/hashicorp/google\"]",
      "instances": [
        {
          "schema_version": 2,
          "attributes": {
            "addons_config": [
              {
                "cloudrun_config": [],
                "config_connector_config": [
                  {
                    "enabled": false
                  }
                ],
                "dns_cache_config": [
                  {
                    "enabled": false
                  }
                ],
                "gce_persistent_disk_csi_driver_config": [
                  {
                    "enabled": true
                  }
                ],
                "gcp_filestore_csi_driver_config": [
                  {
                    "enabled": false
                  }
                ],
                "gcs_fuse_csi_driver_config": [],
                "gke_backup_agent_config": [
                  {
                    "enabled": false
                  }
                ],
                "horizontal_pod_autoscaling": [
                  {
                    "disabled": false
                  }
                ],
                "http_load_balancing": [
                  {
                    "disabled": false
                  }
                ],
                "network_policy_config": [
                  {
                    "disabled": true
                  }
                ],
                "ray_operator_config": [],
                "stateful_ha_config": []
              }
            ],
            "allow_net_admin": null,
            "authenticator_groups_config": [],
            "binary_authorization": [
              {
                "enabled": false,
                "evaluation_mode": ""
              }
            ],
            "cluster_autoscaling": [
              {
                "auto_provisioning_defaults": [],
                "auto_provisioning_locations": [],
                "autoscaling_profile": "BALANCED",
                "enabled": false,
                "resource_limits": []
              }
            ],
            "cluster_ipv4_cidr": "10.4.0.0/14",
            "confidential_nodes": [],
            "cost_management_config": [],
            "database_encryption": [
              {
                "key_name": "",
                "state": "DECRYPTED"
              }
            ],
            "datapath_provider": "",
            "default_max_pods_per_node": 110,
            "default_snat_status": [
              {
                "disabled": false
              }
            ],
            "deletion_protection": false,
            "description": "",
            "dns_config": [],
            "enable_autopilot": false,
            "enable_cilium_clusterwide_network_policy": false,
            "enable_intranode_visibility": false,
            "enable_k8s_beta_apis": [],
            "enable_kubernetes_alpha": false,
            "enable_l4_ilb_subsetting": false,
            "enable_legacy_abac": false,
            "enable_multi_networking": false,
            "enable_shielded_nodes": true,
            "enable_tpu": false,
            "endpoint": "34.93.160.185",
            "fleet": [],
            "gateway_api_config": [
              {
                "channel": "CHANNEL_STANDARD"
              }
            ],
            "id": "projects/leander-test-471809/locations/asia-south1/clusters/tap-prod-gke",
            "identity_service_config": [],
            "initial_node_count": 0,
            "ip_allocation_policy": [
              {
                "additional_pod_ranges_config": [],
                "cluster_ipv4_cidr_block": "10.4.0.0/14",
                "cluster_secondary_range_name": "pods",
                "pod_cidr_overprovision_config": [
                  {
                    "disabled": false
                  }
                ],
                "services_ipv4_cidr_block": "10.8.0.0/20",
                "services_secondary_range_name": "services",
                "stack_type": "IPV4"
              }
            ],
            "label_fingerprint": "a9dc16a7",
            "location": "asia-south1",
            "logging_config": [
              {
                "enable_components": [
                  "SYSTEM_COMPONENTS",
                  "WORKLOADS"
                ]
              }
            ],
            "logging_service": "logging.googleapis.com/kubernetes",
            "maintenance_policy": [
              {
                "daily_maintenance_window": [
                  {
                    "duration": "PT4H0M0S",
                    "start_time": "05:00"
                  }
                ],
                "maintenance_exclusion": [],
                "recurring_window": []
              }
            ],
            "master_auth": [
              {
                "client_certificate": "",
                "client_certificate_config": [
                  {
                    "issue_client_certificate": false
                  }
                ],
                "client_key": "",
                "cluster_ca_certificate": "LS0tLS1CRUdJTiBDRVJUSUZJQ0FURS0tLS0tCk1JSUVMVENDQXBXZ0F3SUJBZ0lSQU1waE05MzErNGJhQ29SZS81TXB6RTB3RFFZSktvWklodmNOQVFFTEJRQXcKTHpFdE1Dc0dBMVVFQXhNa05tRTVZMll4TkRBdE1XVmxaQzAwTkROaExXRm1NV1F0WldVNE5tRmlNRFprTWpjMApNQ0FYRFRJMk1ESXlNekEzTkRBeU9Gb1lEekl3TlRZd01qRTJNRGcwTURJNFdqQXZNUzB3S3dZRFZRUURFeVEyCllUbGpaakUwTUMweFpXVmtMVFEwTTJFdFlXWXhaQzFsWlRnMllXSXdObVF5TnpRd2dnR2lNQTBHQ1NxR1NJYjMKRFFFQkFRVUFBNElCandBd2dnR0tBb0lCZ1FDcC9TQkU5SmkzQUNZL0prbHUyeHVPNmQxalJqRzVkeXExaWdVcApDYW1oSm5EODRiSzBWR3V1eG9TeUFrekVpOUd2aVZUWldadTVMSnRDNktPOWU5VWMyWDhkYjNvRkVVK1V4RTNjCnZrVGM2czZIbnMzMU5vM0htL0NBOWF0WjZCTnh0TGJzVW83V09FWTBPR1NzS2FuS0hNbkxGek81ZkNoVWo1cDIKVEtQOGhLSWtLZHI1RWU2NW1kd2FucWVVQzNZVGRMc2VMMDFiU1FyUWp3ajlnRXJFcC9COWRDQU9UVkhPTWZIeApMTTdtKzYxSEt6WTVwRTQxTXd2Ukt6L2VwVUNRU0d3YlcxZTZvbjV2Si81M1ROSG5IaTdndGtBWCszVXFjQVNPCkw0cVk1T3JLcFQweGxJY2FYd2lvMThDYmNmODNIUHV2cm5ocmgyQ05KS2JVWFVxUWhCNWF6NFdtVlRmUkNabjYKV2RXc1VCeXFzWmJkbzhjNmtYelR0aWNZUEMrdFpuUzlVVGxTbU8zbDliV3AvT1RnS1hHMkcrWXZzRUt0RFdGQwpxWHZjMjZxRWRLRXBNeEVmSWtpZzBZdHpyREdWV2tqUzhTaVF3UXo0SjYzeTU3WVd0TkFLMmpMQ1dBb2MwL0RiCm1JNkgrZGMrZHZBcUtXUzl3WUlSWTJ1N3VHTUNBd0VBQWFOQ01FQXdEZ1lEVlIwUEFRSC9CQVFEQWdJRU1BOEcKQTFVZEV3RUIvd1FGTUFNQkFmOHdIUVlEVlIwT0JCWUVGUGFKdnY0WDZkV1R4cS9Cb3FobW5uamRDRG5JTUEwRwpDU3FHU0liM0RRRUJDd1VBQTRJQmdRQllYa3ZESnZ4RXhJZWdSbWxBejQyeTBIZkJQaGlLeG52ekxBU2dLa3AzCkQ5dWg5RHdTV2Ria1dtUVVLcmdtM3JLNDAzRjlpMkpCK1VIRXBWb1BudVRMMVpnWGRGYnhjWDVzS25LQ2xTU2oKajdsbjlQTHphMmxtVmw1K3FqYjVOaXduVVRRa3VHWXBUdE5VWm1STE8zQUxpZEQ3SU5HdXBxZ3cweTNEaWE3VQo0bWdoKytCOXJxZkFvSXRXT2hYYWR3MGJ5Y280dUw1dFlUUk5FcVlQUUxJNS9mSDR4QkgxNHlhb0xVQkR3WVIwClhCOUZ0aW1qOHRhVXFUMDlVT3ZUeEV1WlFCVDBzYVBKVU9XZktST2xSRGx3dU1CZEhBalJvNGhYTW0xWk03NUgKblRmTEV0azVVWmdadkVmUUhNWE1ERzRKeEgrKyt6cFZjNXJiTEtwajg1VHpQZ0tBM3Q2ZXprSFhjcjNRdVRLWgpXUmVTMlFzNmNWUGFiK3pEN3diLy91OEZqVHNGQTdpbXVaL2RISlNvbVNWQkdCa20vUExSVHBsdVo4dFVncHBsClRhUXp6WG5RSDFzTXJqVGNoeGp4dXFLWG51Ky9WMjZXWnY3NXhld3lxdFZ3aXhzUDV4ZTR4V3F3dnFFVUJGZHgKdEZSQ1E1dU5XMlV5b0Voais2VmlIdGc9Ci0tLS0tRU5EIENFUlRJRklDQVRFLS0tLS0K"
              }
            ],
            "master_authorized_networks_config": [],
            "master_version": "1.34.3-gke.1245000",
            "mesh_certificates": [
              {
                "enable_certificates": false
              }
            ],
            "min_master_version": null,
            "monitoring_config": [
              {
                "advanced_datapath_observability_config": [
                  {
                    "enable_metrics": false,
                    "enable_relay": false,
                    "relay_mode": "DISABLED"
                  }
                ],
                "enable_components": [
                  "SYSTEM_COMPONENTS",
                  "HPA",
                  "POD",
                  "DAEMONSET",
                  "DEPLOYMENT",
                  "STATEFULSET",
                  "JOBSET",
                  "STORAGE",
                  "CADVISOR",
                  "KUBELET",
                  "DCGM"
                ],
                "managed_prometheus": [
                  {
                    "enabled": true
                  }
                ]
              }
            ],
            "monitoring_service": "monitoring.googleapis.com/kubernetes",
            "name": "tap-prod-gke",
            "network": "projects/leander-test-471809/global/networks/tap-prod-vpc",
            "network_policy": [
              {
                "enabled": false,
                "provider": "PROVIDER_UNSPECIFIED"
              }
            ],
            "networking_mode": "VPC_NATIVE",
            "node_config": [],
            "node_locations": [
              "asia-south1-a",
              "asia-south1-b",
              "asia-south1-c"
            ],
            "node_pool": [],
            "node_pool_auto_config": [
              {
                "network_tags": [],
                "node_kubelet_config": [
                  {
                    "insecure_kubelet_readonly_port_enabled": "FALSE"
                  }
                ],
                "resource_manager_tags": {}
              }
            ],
            "node_pool_defaults": [
              {
                "node_config_defaults": [
                  {
                    "containerd_config": [],
                    "insecure_kubelet_readonly_port_enabled": "FALSE",
                    "logging_variant": "DEFAULT"
                  }
                ]
              }
            ],
            "node_version": "1.34.3-gke.1245000",
            "notification_config": [
              {
                "pubsub": [
                  {
                    "enabled": false,
                    "filter": [],
                    "topic": ""
                  }
                ]
              }
            ],
            "operation": null,
            "private_cluster_config": [
              {
                "enable_private_endpoint": false,
                "enable_private_nodes": false,
                "master_global_access_config": [
                  {
                    "enabled": false
                  }
                ],
                "master_ipv4_cidr_block": "",
                "peering_name": "",
                "private_endpoint": "10.0.0.2",
                "private_endpoint_subnetwork": "",
                "public_endpoint": "34.93.160.185"
              }
            ],
            "private_ipv6_google_access": "",
            "project": "leander-test-471809",
            "release_channel": [
              {
                "channel": "REGULAR"
              }
            ],
            "remove_default_node_pool": true,
            "resource_labels": null,
            "resource_usage_export_config": [],
            "security_posture_config": [
              {
                "mode": "DISABLED",
                "vulnerability_mode": "VULNERABILITY_DISABLED"
              }
            ],
            "self_link": "https://container.googleapis.com/v1/projects/leander-test-471809/locations/asia-south1/clusters/tap-prod-gke",
            "service_external_ips_config": [
              {
                "enabled": false
              }
            ],
            "services_ipv4_cidr": "10.8.0.0/20",
            "subnetwork": "projects/leander-test-471809/regions/asia-south1/subnetworks/tap-prod-subnet",
            "timeouts": {
              "create": "45m",
              "delete": "45m",
              "read": null,
              "update": "45m"
            },
            "tpu_ipv4_cidr_block": "",
            "vertical_pod_autoscaling": [
              {
                "enabled": false
              }
            ],
            "workload_identity_config": [
              {
                "workload_pool": "leander-test-471809.svc.id.goog"
              }
            ]
          },
          "sensitive_attributes": [],
          "private": "eyJlMmJmYjczMC1lY2FhLTExZTYtOGY4OC0zNDM2M2JjN2M0YzAiOnsiY3JlYXRlIjoyNzAwMDAwMDAwMDAwLCJkZWxldGUiOjI3MDAwMDAwMDAwMDAsInJlYWQiOjI0MDAwMDAwMDAwMDAsInVwZGF0ZSI6MjcwMDAwMDAwMDAwMH0sInNjaGVtYV92ZXJzaW9uIjoiMiJ9",
          "dependencies": [
            "google_service_account.gke_nodes",
            "google_service_account_iam_member.terraform_sa_use_gke_sa",
            "module.gke.module.cluster.data.google_compute_zones.available",
            "module.gke.module.cluster.data.google_container_engine_versions.region",
            "module.gke.module.cluster.data.google_container_engine_versions.zone",
            "module.gke.module.cluster.google_service_account.cluster_service_account",
            "module.gke.module.cluster.random_shuffle.available_zones",
            "module.network.data.google_compute_subnetwork.existing",
            "module.network.google_compute_network.main",
            "module.network.google_compute_subnetwork.main",
            "module.project_services.google_project_service.project_services"
          ]
        }
      ]
    },
    {
      "module": "module.gke.module.cluster",
      "mode": "managed",
      "type": "google_container_node_pool",
      "name": "pools",
      "provider": "provider[\"registry.terraform.io/hashicorp/google\"]",
      "instances": [
        {
          "index_key": "default-pool",
          "schema_version": 1,
          "attributes": {
            "autoscaling": [
              {
                "location_policy": "BALANCED",
                "max_node_count": 5,
                "min_node_count": 1,
                "total_max_node_count": 0,
                "total_min_node_count": 0
              }
            ],
            "cluster": "tap-prod-gke",
            "id": "projects/leander-test-471809/locations/asia-south1/clusters/tap-prod-gke/nodePools/default-pool",
            "initial_node_count": 1,
            "instance_group_urls": [
              "https://www.googleapis.com/compute/v1/projects/leander-test-471809/zones/asia-south1-a/instanceGroupManagers/gke-tap-prod-gke-default-pool-2ec789d2-grp",
              "https://www.googleapis.com/compute/v1/projects/leander-test-471809/zones/asia-south1-b/instanceGroupManagers/gke-tap-prod-gke-default-pool-8ebde4fd-grp",
              "https://www.googleapis.com/compute/v1/projects/leander-test-471809/zones/asia-south1-c/instanceGroupManagers/gke-tap-prod-gke-default-pool-c34c876e-grp"
            ],
            "location": "asia-south1",
            "managed_instance_group_urls": [
              "https://www.googleapis.com/compute/v1/projects/leander-test-471809/zones/asia-south1-a/instanceGroups/gke-tap-prod-gke-default-pool-2ec789d2-grp",
              "https://www.googleapis.com/compute/v1/projects/leander-test-471809/zones/asia-south1-b/instanceGroups/gke-tap-prod-gke-default-pool-8ebde4fd-grp",
              "https://www.googleapis.com/compute/v1/projects/leander-test-471809/zones/asia-south1-c/instanceGroups/gke-tap-prod-gke-default-pool-c34c876e-grp"
            ],
            "management": [
              {
                "auto_repair": true,
                "auto_upgrade": true
              }
            ],
            "max_pods_per_node": 110,
            "name": "default-pool",
            "name_prefix": "",
            "network_config": [
              {
                "additional_node_network_configs": [],
                "additional_pod_network_configs": [],
                "create_pod_range": false,
                "enable_private_nodes": false,
                "network_performance_config": [],
                "pod_cidr_overprovision_config": [],
                "pod_ipv4_cidr_block": "10.4.0.0/14",
                "pod_range": "pods"
              }
            ],
            "node_config": [
              {
                "advanced_machine_features": [],
                "boot_disk_kms_key": "",
                "confidential_nodes": [],
                "containerd_config": [],
                "disk_size_gb": 50,
                "disk_type": "pd-standard",
                "effective_taints": [],
                "enable_confidential_storage": false,
                "ephemeral_storage_local_ssd_config": [],
                "fast_socket": [],
                "gcfs_config": [],
                "guest_accelerator": [],
                "gvnic": [],
                "host_maintenance_policy": [],
                "image_type": "COS_CONTAINERD",
                "kubelet_config": [
                  {
                    "cpu_cfs_quota": false,
                    "cpu_cfs_quota_period": "",
                    "cpu_manager_policy": "",
                    "insecure_kubelet_readonly_port_enabled": "FALSE",
                    "pod_pids_limit": 0
                  }
                ],
                "labels": {
                  "app": "tap",
                  "cluster_name": "tap-prod-gke",
                  "env": "prod",
                  "managed-by": "stackgen",
                  "node_pool": "default-pool"
                },
                "linux_node_config": [],
                "local_nvme_ssd_block_config": [],
                "local_ssd_count": 0,
                "logging_variant": "DEFAULT",
                "machine_type": "e2-medium",
                "metadata": {
                  "cluster_name": "tap-prod-gke",
                  "disable-legacy-endpoints": "true",
                  "node_pool": "default-pool"
                },
                "min_cpu_platform": "",
                "node_group": "",
                "oauth_scopes": [
                  "https://www.googleapis.com/auth/cloud-platform"
                ],
                "preemptible": false,
                "reservation_affinity": [],
                "resource_labels": {
                  "goog-gke-node-pool-provisioning-model": "on-demand"
                },
                "resource_manager_tags": null,
                "secondary_boot_disks": [],
                "service_account": "tap-prod-gke-sa@leander-test-471809.iam.gserviceaccount.com",
                "shielded_instance_config": [
                  {
                    "enable_integrity_monitoring": true,
                    "enable_secure_boot": false
                  }
                ],
                "sole_tenant_config": [],
                "spot": false,
                "tags": [
                  "gke-tap-prod-gke",
                  "gke-tap-prod-gke-default-pool",
                  "tap",
                  "prod"
                ],
                "taint": [],
                "workload_metadata_config": [
                  {
                    "mode": "GKE_METADATA"
                  }
                ]
              }
            ],
            "node_count": 1,
            "node_locations": [
              "asia-south1-a",
              "asia-south1-b",
              "asia-south1-c"
            ],
            "operation": null,
            "placement_policy": [],
            "project": "leander-test-471809",
            "queued_provisioning": [],
            "timeouts": {
              "create": "45m",
              "delete": "45m",
              "update": "45m"
            },
            "upgrade_settings": [
              {
                "blue_green_settings": [],
                "max_surge": 1,
                "max_unavailable": 0,
                "strategy": "SURGE"
              }
            ],
            "version": "1.34.3-gke.1245000"
          },
          "sensitive_attributes": [],
          "private": "eyJlMmJmYjczMC1lY2FhLTExZTYtOGY4OC0zNDM2M2JjN2M0YzAiOnsiY3JlYXRlIjoyNzAwMDAwMDAwMDAwLCJkZWxldGUiOjI3MDAwMDAwMDAwMDAsInVwZGF0ZSI6MjcwMDAwMDAwMDAwMH0sInNjaGVtYV92ZXJzaW9uIjoiMSJ9",
          "dependencies": [
            "google_service_account.gke_nodes",
            "google_service_account_iam_member.terraform_sa_use_gke_sa",
            "module.gke.module.cluster.data.google_compute_zones.available",
            "module.gke.module.cluster.data.google_container_engine_versions.region",
            "module.gke.module.cluster.data.google_container_engine_versions.zone",
            "module.gke.module.cluster.google_container_cluster.primary",
            "module.gke.module.cluster.google_service_account.cluster_service_account",
            "module.gke.module.cluster.random_shuffle.available_zones",
            "module.network.data.google_compute_subnetwork.existing",
            "module.network.google_compute_network.main",
            "module.network.google_compute_subnetwork.main",
            "module.project_services.google_project_service.project_services"
          ]
        }
      ]
    },
    {
      "module": "module.gke.module.cluster",
      "mode": "managed",
      "type": "random_string",
      "name": "cluster_service_account_suffix",
      "provider": "provider[\"registry.terraform.io/hashicorp/random\"]",
      "instances": [
        {
          "schema_version": 2,
          "attributes": {
            "id": "3j2e",
            "keepers": null,
            "length": 4,
            "lower": true,
            "min_lower": 0,
            "min_numeric": 0,
            "min_special": 0,
            "min_upper": 0,
            "number": true,
            "numeric": true,
            "override_special": null,
            "result": "3j2e",
            "special": false,
            "upper": false
          },
          "sensitive_attributes": [],
          "dependencies": [
            "google_service_account.gke_nodes",
            "google_service_account_iam_member.terraform_sa_use_gke_sa"
          ]
        }
      ]
    },
    {
      "module": "module.network",
      "mode": "managed",
      "type": "google_compute_global_address",
      "name": "private_ip_range",
      "provider": "provider[\"registry.terraform.io/hashicorp/google\"]",
      "instances": [
        {
          "schema_version": 0,
          "attributes": {
            "address": "10.130.0.0",
            "address_type": "INTERNAL",
            "creation_timestamp": "2026-02-23T00:39:24.318-08:00",
            "description": "",
            "effective_labels": {},
            "id": "projects/leander-test-471809/global/addresses/tap-prod-private-ip",
            "ip_version": "",
            "label_fingerprint": "42WmSpB8rSM=",
            "labels": null,
            "name": "tap-prod-private-ip",
            "network": "https://www.googleapis.com/compute/v1/projects/leander-test-471809/global/networks/tap-prod-vpc",
            "prefix_length": 16,
            "project": "leander-test-471809",
            "purpose": "VPC_PEERING",
            "self_link": "https://www.googleapis.com/compute/v1/projects/leander-test-471809/global/addresses/tap-prod-private-ip",
            "terraform_labels": {},
            "timeouts": null
          },
          "sensitive_attributes": [],
          "private": "eyJlMmJmYjczMC1lY2FhLTExZTYtOGY4OC0zNDM2M2JjN2M0YzAiOnsiY3JlYXRlIjoxMjAwMDAwMDAwMDAwLCJkZWxldGUiOjEyMDAwMDAwMDAwMDAsInVwZGF0ZSI6MTIwMDAwMDAwMDAwMH19",
          "dependencies": [
            "module.network.google_compute_network.main",
            "module.project_services.google_project_service.project_services"
          ]
        }
      ]
    },
    {
      "module": "module.network",
      "mode": "managed",
      "type": "google_compute_network",
      "name": "main",
      "provider": "provider[\"registry.terraform.io/hashicorp/google\"]",
      "instances": [
        {
          "schema_version": 0,
          "attributes": {
            "auto_create_subnetworks": false,
            "delete_default_routes_on_create": false,
            "description": "",
            "enable_ula_internal_ipv6": false,
            "gateway_ipv4": "",
            "id": "projects/leander-test-471809/global/networks/tap-prod-vpc",
            "internal_ipv6_range": "",
            "mtu": 0,
            "name": "tap-prod-vpc",
            "network_firewall_policy_enforcement_order": "AFTER_CLASSIC_FIREWALL",
            "numeric_id": "8417370621665717450",
            "project": "leander-test-471809",
            "routing_mode": "GLOBAL",
            "self_link": "https://www.googleapis.com/compute/v1/projects/leander-test-471809/global/networks/tap-prod-vpc",
            "timeouts": null
          },
          "sensitive_attributes": [],
          "private": "eyJlMmJmYjczMC1lY2FhLTExZTYtOGY4OC0zNDM2M2JjN2M0YzAiOnsiY3JlYXRlIjoxMjAwMDAwMDAwMDAwLCJkZWxldGUiOjEyMDAwMDAwMDAwMDAsInVwZGF0ZSI6MTIwMDAwMDAwMDAwMH19",
          "dependencies": [
            "module.project_services.google_project_service.project_services"
          ]
        }
      ]
    },
    {
      "module": "module.network",
      "mode": "managed",
      "type": "google_compute_subnetwork",
      "name": "main",
      "provider": "provider[\"registry.terraform.io/hashicorp/google\"]",
      "instances": [
        {
          "index_key": 0,
          "schema_version": 0,
          "attributes": {
            "creation_timestamp": "2026-02-23T00:39:25.631-08:00",
            "description": "",
            "external_ipv6_prefix": "",
            "fingerprint": null,
            "gateway_address": "10.0.0.1",
            "id": "projects/leander-test-471809/regions/asia-south1/subnetworks/tap-prod-subnet",
            "internal_ipv6_prefix": "",
            "ip_cidr_range": "10.0.0.0/20",
            "ipv6_access_type": "",
            "ipv6_cidr_range": "",
            "log_config": [],
            "name": "tap-prod-subnet",
            "network": "https://www.googleapis.com/compute/v1/projects/leander-test-471809/global/networks/tap-prod-vpc",
            "private_ip_google_access": false,
            "private_ipv6_google_access": "DISABLE_GOOGLE_ACCESS",
            "project": "leander-test-471809",
            "purpose": "PRIVATE",
            "region": "asia-south1",
            "role": "",
            "secondary_ip_range": [
              {
                "ip_cidr_range": "10.4.0.0/14",
                "range_name": "pods"
              },
              {
                "ip_cidr_range": "10.8.0.0/20",
                "range_name": "services"
              }
            ],
            "self_link": "https://www.googleapis.com/compute/v1/projects/leander-test-471809/regions/asia-south1/subnetworks/tap-prod-subnet",
            "send_secondary_ip_range_if_empty": null,
            "stack_type": "IPV4_ONLY",
            "timeouts": null
          },
          "sensitive_attributes": [],
          "private": "eyJlMmJmYjczMC1lY2FhLTExZTYtOGY4OC0zNDM2M2JjN2M0YzAiOnsiY3JlYXRlIjoxMjAwMDAwMDAwMDAwLCJkZWxldGUiOjEyMDAwMDAwMDAwMDAsInVwZGF0ZSI6MTIwMDAwMDAwMDAwMH19",
          "dependencies": [
            "module.network.google_compute_network.main",
            "module.project_services.google_project_service.project_services"
          ]
        }
      ]
    },
    {
      "module": "module.network",
      "mode": "managed",
      "type": "google_service_networking_connection",
      "name": "private_vpc",
      "provider": "provider[\"registry.terraform.io/hashicorp/google\"]",
      "instances": [
        {
          "schema_version": 0,
          "attributes": {
            "deletion_policy": null,
            "id": "projects%2Fleander-test-471809%2Fglobal%2Fnetworks%2Ftap-prod-vpc:servicenetworking.googleapis.com",
            "network": "projects/leander-test-471809/global/networks/tap-prod-vpc",
            "peering": "servicenetworking-googleapis-com",
            "reserved_peering_ranges": [
              "tap-prod-private-ip"
            ],
            "service": "servicenetworking.googleapis.com",
            "timeouts": null,
            "update_on_creation_fail": null
          },
          "sensitive_attributes": [],
          "private": "eyJlMmJmYjczMC1lY2FhLTExZTYtOGY4OC0zNDM2M2JjN2M0YzAiOnsiY3JlYXRlIjo2MDAwMDAwMDAwMDAsImRlbGV0ZSI6NjAwMDAwMDAwMDAwLCJ1cGRhdGUiOjYwMDAwMDAwMDAwMH19",
          "dependencies": [
            "module.network.google_compute_global_address.private_ip_range",
            "module.network.google_compute_network.main",
            "module.project_services.google_project_service.project_services"
          ]
        }
      ]
    },
    {
      "module": "module.project_services",
      "mode": "managed",
      "type": "google_project_service",
      "name": "project_services",
      "provider": "provider[\"registry.terraform.io/hashicorp/google\"]",
      "instances": [
        {
          "index_key": "artifactregistry.googleapis.com",
          "schema_version": 0,
          "attributes": {
            "disable_dependent_services": false,
            "disable_on_destroy": false,
            "id": "leander-test-471809/artifactregistry.googleapis.com",
            "project": "leander-test-471809",
            "service": "artifactregistry.googleapis.com",
            "timeouts": null
          },
          "sensitive_attributes": [],
          "private": "eyJlMmJmYjczMC1lY2FhLTExZTYtOGY4OC0zNDM2M2JjN2M0YzAiOnsiY3JlYXRlIjoxMjAwMDAwMDAwMDAwLCJkZWxldGUiOjEyMDAwMDAwMDAwMDAsInJlYWQiOjYwMDAwMDAwMDAwMCwidXBkYXRlIjoxMjAwMDAwMDAwMDAwfX0="
        },
        {
          "index_key": "cloudbuild.googleapis.com",
          "schema_version": 0,
          "attributes": {
            "disable_dependent_services": false,
            "disable_on_destroy": false,
            "id": "leander-test-471809/cloudbuild.googleapis.com",
            "project": "leander-test-471809",
            "service": "cloudbuild.googleapis.com",
            "timeouts": null
          },
          "sensitive_attributes": [],
          "private": "eyJlMmJmYjczMC1lY2FhLTExZTYtOGY4OC0zNDM2M2JjN2M0YzAiOnsiY3JlYXRlIjoxMjAwMDAwMDAwMDAwLCJkZWxldGUiOjEyMDAwMDAwMDAwMDAsInJlYWQiOjYwMDAwMDAwMDAwMCwidXBkYXRlIjoxMjAwMDAwMDAwMDAwfX0="
        },
        {
          "index_key": "compute.googleapis.com",
          "schema_version": 0,
          "attributes": {
            "disable_dependent_services": false,
            "disable_on_destroy": false,
            "id": "leander-test-471809/compute.googleapis.com",
            "project": "leander-test-471809",
            "service": "compute.googleapis.com",
            "timeouts": null
          },
          "sensitive_attributes": [],
          "private": "eyJlMmJmYjczMC1lY2FhLTExZTYtOGY4OC0zNDM2M2JjN2M0YzAiOnsiY3JlYXRlIjoxMjAwMDAwMDAwMDAwLCJkZWxldGUiOjEyMDAwMDAwMDAwMDAsInJlYWQiOjYwMDAwMDAwMDAwMCwidXBkYXRlIjoxMjAwMDAwMDAwMDAwfX0="
        },
        {
          "index_key": "container.googleapis.com",
          "schema_version": 0,
          "attributes": {
            "disable_dependent_services": false,
            "disable_on_destroy": false,
            "id": "leander-test-471809/container.googleapis.com",
            "project": "leander-test-471809",
            "service": "container.googleapis.com",
            "timeouts": null
          },
          "sensitive_attributes": [],
          "private": "eyJlMmJmYjczMC1lY2FhLTExZTYtOGY4OC0zNDM2M2JjN2M0YzAiOnsiY3JlYXRlIjoxMjAwMDAwMDAwMDAwLCJkZWxldGUiOjEyMDAwMDAwMDAwMDAsInJlYWQiOjYwMDAwMDAwMDAwMCwidXBkYXRlIjoxMjAwMDAwMDAwMDAwfX0="
        },
        {
          "index_key": "iam.googleapis.com",
          "schema_version": 0,
          "attributes": {
            "disable_dependent_services": false,
            "disable_on_destroy": false,
            "id": "leander-test-471809/iam.googleapis.com",
            "project": "leander-test-471809",
            "service": "iam.googleapis.com",
            "timeouts": null
          },
          "sensitive_attributes": [],
          "private": "eyJlMmJmYjczMC1lY2FhLTExZTYtOGY4OC0zNDM2M2JjN2M0YzAiOnsiY3JlYXRlIjoxMjAwMDAwMDAwMDAwLCJkZWxldGUiOjEyMDAwMDAwMDAwMDAsInJlYWQiOjYwMDAwMDAwMDAwMCwidXBkYXRlIjoxMjAwMDAwMDAwMDAwfX0="
        },
        {
          "index_key": "iamcredentials.googleapis.com",
          "schema_version": 0,
          "attributes": {
            "disable_dependent_services": false,
            "disable_on_destroy": false,
            "id": "leander-test-471809/iamcredentials.googleapis.com",
            "project": "leander-test-471809",
            "service": "iamcredentials.googleapis.com",
            "timeouts": null
          },
          "sensitive_attributes": [],
          "private": "eyJlMmJmYjczMC1lY2FhLTExZTYtOGY4OC0zNDM2M2JjN2M0YzAiOnsiY3JlYXRlIjoxMjAwMDAwMDAwMDAwLCJkZWxldGUiOjEyMDAwMDAwMDAwMDAsInJlYWQiOjYwMDAwMDAwMDAwMCwidXBkYXRlIjoxMjAwMDAwMDAwMDAwfX0="
        },
        {
          "index_key": "pubsub.googleapis.com",
          "schema_version": 0,
          "attributes": {
            "disable_dependent_services": false,
            "disable_on_destroy": false,
            "id": "leander-test-471809/pubsub.googleapis.com",
            "project": "leander-test-471809",
            "service": "pubsub.googleapis.com",
            "timeouts": null
          },
          "sensitive_attributes": [],
          "private": "eyJlMmJmYjczMC1lY2FhLTExZTYtOGY4OC0zNDM2M2JjN2M0YzAiOnsiY3JlYXRlIjoxMjAwMDAwMDAwMDAwLCJkZWxldGUiOjEyMDAwMDAwMDAwMDAsInJlYWQiOjYwMDAwMDAwMDAwMCwidXBkYXRlIjoxMjAwMDAwMDAwMDAwfX0="
        },
        {
          "index_key": "redis.googleapis.com",
          "schema_version": 0,
          "attributes": {
            "disable_dependent_services": false,
            "disable_on_destroy": false,
            "id": "leander-test-471809/redis.googleapis.com",
            "project": "leander-test-471809",
            "service": "redis.googleapis.com",
            "timeouts": null
          },
          "sensitive_attributes": [],
          "private": "eyJlMmJmYjczMC1lY2FhLTExZTYtOGY4OC0zNDM2M2JjN2M0YzAiOnsiY3JlYXRlIjoxMjAwMDAwMDAwMDAwLCJkZWxldGUiOjEyMDAwMDAwMDAwMDAsInJlYWQiOjYwMDAwMDAwMDAwMCwidXBkYXRlIjoxMjAwMDAwMDAwMDAwfX0="
        },
        {
          "index_key": "servicenetworking.googleapis.com",
          "schema_version": 0,
          "attributes": {
            "disable_dependent_services": false,
            "disable_on_destroy": false,
            "id": "leander-test-471809/servicenetworking.googleapis.com",
            "project": "leander-test-471809",
            "service": "servicenetworking.googleapis.com",
            "timeouts": null
          },
          "sensitive_attributes": [],
          "private": "eyJlMmJmYjczMC1lY2FhLTExZTYtOGY4OC0zNDM2M2JjN2M0YzAiOnsiY3JlYXRlIjoxMjAwMDAwMDAwMDAwLCJkZWxldGUiOjEyMDAwMDAwMDAwMDAsInJlYWQiOjYwMDAwMDAwMDAwMCwidXBkYXRlIjoxMjAwMDAwMDAwMDAwfX0="
        },
        {
          "index_key": "sqladmin.googleapis.com",
          "schema_version": 0,
          "attributes": {
            "disable_dependent_services": false,
            "disable_on_destroy": false,
            "id": "leander-test-471809/sqladmin.googleapis.com",
            "project": "leander-test-471809",
            "service": "sqladmin.googleapis.com",
            "timeouts": null
          },
          "sensitive_attributes": [],
          "private": "eyJlMmJmYjczMC1lY2FhLTExZTYtOGY4OC0zNDM2M2JjN2M0YzAiOnsiY3JlYXRlIjoxMjAwMDAwMDAwMDAwLCJkZWxldGUiOjEyMDAwMDAwMDAwMDAsInJlYWQiOjYwMDAwMDAwMDAwMCwidXBkYXRlIjoxMjAwMDAwMDAwMDAwfX0="
        },
        {
          "index_key": "storage-api.googleapis.com",
          "schema_version": 0,
          "attributes": {
            "disable_dependent_services": false,
            "disable_on_destroy": false,
            "id": "leander-test-471809/storage-api.googleapis.com",
            "project": "leander-test-471809",
            "service": "storage-api.googleapis.com",
            "timeouts": null
          },
          "sensitive_attributes": [],
          "private": "eyJlMmJmYjczMC1lY2FhLTExZTYtOGY4OC0zNDM2M2JjN2M0YzAiOnsiY3JlYXRlIjoxMjAwMDAwMDAwMDAwLCJkZWxldGUiOjEyMDAwMDAwMDAwMDAsInJlYWQiOjYwMDAwMDAwMDAwMCwidXBkYXRlIjoxMjAwMDAwMDAwMDAwfX0="
        },
        {
          "index_key": "storage.googleapis.com",
          "schema_version": 0,
          "attributes": {
            "disable_dependent_services": false,
            "disable_on_destroy": false,
            "id": "leander-test-471809/storage.googleapis.com",
            "project": "leander-test-471809",
            "service": "storage.googleapis.com",
            "timeouts": null
          },
          "sensitive_attributes": [],
          "private": "eyJlMmJmYjczMC1lY2FhLTExZTYtOGY4OC0zNDM2M2JjN2M0YzAiOnsiY3JlYXRlIjoxMjAwMDAwMDAwMDAwLCJkZWxldGUiOjEyMDAwMDAwMDAwMDAsInJlYWQiOjYwMDAwMDAwMDAwMCwidXBkYXRlIjoxMjAwMDAwMDAwMDAwfX0="
        }
      ]
    },
    {
      "module": "module.pubsub",
      "mode": "managed",
      "type": "google_pubsub_subscription",
      "name": "subs",
      "provider": "provider[\"registry.terraform.io/hashicorp/google\"]",
      "instances": [
        {
          "index_key": "tap-events-tap-events-sub",
          "schema_version": 0,
          "attributes": {
            "ack_deadline_seconds": 10,
            "bigquery_config": [],
            "cloud_storage_config": [],
            "dead_letter_policy": [],
            "effective_labels": {
              "app": "tap",
              "env": "prod",
              "managed-by": "stackgen"
            },
            "enable_exactly_once_delivery": false,
            "enable_message_ordering": false,
            "expiration_policy": [
              {
                "ttl": "2678400s"
              }
            ],
            "filter": "",
            "id": "projects/leander-test-471809/subscriptions/tap-tap-events-sub",
            "labels": {
              "app": "tap",
              "env": "prod",
              "managed-by": "stackgen"
            },
            "message_retention_duration": "604800s",
            "name": "tap-tap-events-sub",
            "project": "leander-test-471809",
            "push_config": [],
            "retain_acked_messages": false,
            "retry_policy": [],
            "terraform_labels": {
              "app": "tap",
              "env": "prod",
              "managed-by": "stackgen"
            },
            "timeouts": null,
            "topic": "projects/leander-test-471809/topics/tap-tap-events"
          },
          "sensitive_attributes": [],
          "private": "eyJlMmJmYjczMC1lY2FhLTExZTYtOGY4OC0zNDM2M2JjN2M0YzAiOnsiY3JlYXRlIjoxMjAwMDAwMDAwMDAwLCJkZWxldGUiOjEyMDAwMDAwMDAwMDAsInVwZGF0ZSI6MTIwMDAwMDAwMDAwMH19",
          "dependencies": [
            "module.pubsub.google_pubsub_topic.topics"
          ]
        }
      ]
    },
    {
      "module": "module.pubsub",
      "mode": "managed",
      "type": "google_pubsub_topic",
      "name": "topics",
      "provider": "provider[\"registry.terraform.io/hashicorp/google\"]",
      "instances": [
        {
          "index_key": "tap-events",
          "schema_version": 0,
          "attributes": {
            "effective_labels": {
              "app": "tap",
              "env": "prod",
              "managed-by": "stackgen"
            },
            "id": "projects/leander-test-471809/topics/tap-tap-events",
            "ingestion_data_source_settings": [],
            "kms_key_name": "",
            "labels": {
              "app": "tap",
              "env": "prod",
              "managed-by": "stackgen"
            },
            "message_retention_duration": "",
            "message_storage_policy": [],
            "name": "tap-tap-events",
            "project": "leander-test-471809",
            "schema_settings": [],
            "terraform_labels": {
              "app": "tap",
              "env": "prod",
              "managed-by": "stackgen"
            },
            "timeouts": null
          },
          "sensitive_attributes": [],
          "private": "eyJlMmJmYjczMC1lY2FhLTExZTYtOGY4OC0zNDM2M2JjN2M0YzAiOnsiY3JlYXRlIjoxMjAwMDAwMDAwMDAwLCJkZWxldGUiOjEyMDAwMDAwMDAwMDAsInVwZGF0ZSI6MTIwMDAwMDAwMDAwMH19"
        }
      ]
    },
    {
      "module": "module.redis",
      "mode": "managed",
      "type": "google_redis_instance",
      "name": "main",
      "provider": "provider[\"registry.terraform.io/hashicorp/google\"]",
      "instances": [
        {
          "schema_version": 0,
          "attributes": {
            "alternative_location_id": "",
            "auth_enabled": false,
            "auth_string": "",
            "authorized_network": "projects/leander-test-471809/global/networks/tap-prod-vpc",
            "connect_mode": "DIRECT_PEERING",
            "create_time": "2026-02-23T08:39:25.655927204Z",
            "current_location_id": "asia-south1-a",
            "customer_managed_key": "",
            "display_name": "",
            "effective_labels": {
              "app": "tap",
              "env": "prod",
              "managed-by": "stackgen"
            },
            "host": "10.83.238.59",
            "id": "projects/leander-test-471809/locations/asia-south1/instances/tap-prod-redis",
            "labels": {
              "app": "tap",
              "env": "prod",
              "managed-by": "stackgen"
            },
            "location_id": "asia-south1-a",
            "maintenance_policy": [],
            "maintenance_schedule": [],
            "maintenance_version": "20251007_00_00",
            "memory_size_gb": 1,
            "name": "tap-prod-redis",
            "nodes": [
              {
                "id": "node-0",
                "zone": "asia-south1-a"
              }
            ],
            "persistence_config": [
              {
                "persistence_mode": "DISABLED",
                "rdb_next_snapshot_time": "",
                "rdb_snapshot_period": "",
                "rdb_snapshot_start_time": ""
              }
            ],
            "persistence_iam_identity": "serviceAccount:service-448654422581@cloud-redis.iam.gserviceaccount.com",
            "port": 6379,
            "project": "leander-test-471809",
            "read_endpoint": "",
            "read_endpoint_port": 0,
            "read_replicas_mode": "READ_REPLICAS_DISABLED",
            "redis_configs": null,
            "redis_version": "REDIS_7_0",
            "region": "asia-south1",
            "replica_count": 0,
            "reserved_ip_range": null,
            "secondary_ip_range": "",
            "server_ca_certs": [],
            "terraform_labels": {
              "app": "tap",
              "env": "prod",
              "managed-by": "stackgen"
            },
            "tier": "BASIC",
            "timeouts": null,
            "transit_encryption_mode": "DISABLED"
          },
          "sensitive_attributes": [],
          "private": "eyJlMmJmYjczMC1lY2FhLTExZTYtOGY4OC0zNDM2M2JjN2M0YzAiOnsiY3JlYXRlIjoxMjAwMDAwMDAwMDAwLCJkZWxldGUiOjEyMDAwMDAwMDAwMDAsInVwZGF0ZSI6MTIwMDAwMDAwMDAwMH19",
          "dependencies": [
            "module.network.google_compute_network.main",
            "module.project_services.google_project_service.project_services"
          ]
        }
      ]
    }
  ],
  "check_results": null
}
